PODS:
  - AFNetworking (4.0.0):
    - AFNetworking/NSURLSession (= 4.0.0)
    - AFNetworking/Reachability (= 4.0.0)
    - AFNetworking/Security (= 4.0.0)
    - AFNetworking/Serialization (= 4.0.0)
    - AFNetworking/UIKit (= 4.0.0)
  - AFNetworking/NSURLSession (4.0.0):
    - AFNetworking/Reachability
    - AFNetworking/Security
    - AFNetworking/Serialization
  - AFNetworking/Reachability (4.0.0)
  - AFNetworking/Security (4.0.0)
  - AFNetworking/Serialization (4.0.0)
  - AFNetworking/UIKit (4.0.0):
    - AFNetworking/NSURLSession
  - GZIP (1.2.3)
  - libbase58 (0.1.4)
  - OHHTTPStubs (9.0.0):
    - OHHTTPStubs/Default (= 9.0.0)
  - OHHTTPStubs/Core (9.0.0)
  - OHHTTPStubs/Default (9.0.0):
    - OHHTTPStubs/Core
    - OHHTTPStubs/JSON
    - OHHTTPStubs/NSURLSession
    - OHHTTPStubs/OHPathHelpers
  - OHHTTPStubs/JSON (9.0.0):
    - OHHTTPStubs/Core
  - OHHTTPStubs/NSURLSession (9.0.0):
    - OHHTTPStubs/Core
  - OHHTTPStubs/OHPathHelpers (9.0.0)
  - OLMKit (3.1.0):
    - OLMKit/olmc (= 3.1.0)
    - OLMKit/olmcpp (= 3.1.0)
  - OLMKit/olmc (3.1.0)
  - OLMKit/olmcpp (3.1.0)
  - Realm (3.17.3):
    - Realm/Headers (= 3.17.3)
  - Realm/Headers (3.17.3)

DEPENDENCIES:
  - AFNetworking (~> 4.0.0)
  - GZIP (~> 1.2.2)
  - libbase58 (~> 0.1.4)
  - OHHTTPStubs (~> 9.0.0)
  - OLMKit (~> 3.1.0)
  - Realm (~> 3.17.3)

SPEC REPOS:
  trunk:
    - AFNetworking
    - GZIP
    - libbase58
    - OHHTTPStubs
    - OLMKit
    - Realm

SPEC CHECKSUMS:
  AFNetworking: d9fdf484a3c723ec3c558a41cc5754c7e845ee77
  GZIP: af5c90ef903776a7e9afe6ebebd794a84a2929d4
  libbase58: 7c040313537b8c44b6e2d15586af8e21f7354efd
  OHHTTPStubs: cb29d2a9d09a828ecb93349a2b0c64f99e0db89f
  OLMKit: 4ee0159d63feeb86d836fdcfefe418e163511639
  Realm: 5a1d9d47bfc101dd597668b1a8af4288a2557f6d

PODFILE CHECKSUM: 02b5de65abfb35760758f35a057c3532759483b8

COCOAPODS: 1.8.4
