// !$*UTF8*$!
{
	archiveVersion = 1;
	classes = {
	};
	objectVersion = 46;
	objects = {

/* Begin PBXBuildFile section */
		320BBF2C1D672EEC0079890E /* MXStoreEventsEnumerator.h in Headers */ = {isa = PBXBuildFile; fileRef = 320BBF2B1D672EEC0079890E /* MXStoreEventsEnumerator.h */; };
		320BBF2F1D6738420079890E /* MXMemoryRoomStoreEventsEnumerator.h in Headers */ = {isa = PBXBuildFile; fileRef = 320BBF2D1D6738420079890E /* MXMemoryRoomStoreEventsEnumerator.h */; };
		320BBF301D6738420079890E /* MXMemoryRoomStoreEventsEnumerator.m in Sources */ = {isa = PBXBuildFile; fileRef = 320BBF2E1D6738420079890E /* MXMemoryRoomStoreEventsEnumerator.m */; };
		320DFDDB19DD99B60068622A /* MXRoom.h in Headers */ = {isa = PBXBuildFile; fileRef = 320DFDCA19DD99B60068622A /* MXRoom.h */; };
		320DFDDC19DD99B60068622A /* MXRoom.m in Sources */ = {isa = PBXBuildFile; fileRef = 320DFDCB19DD99B60068622A /* MXRoom.m */; };
		320DFDE019DD99B60068622A /* MXSession.h in Headers */ = {isa = PBXBuildFile; fileRef = 320DFDD019DD99B60068622A /* MXSession.h */; };
		320DFDE119DD99B60068622A /* MXSession.m in Sources */ = {isa = PBXBuildFile; fileRef = 320DFDD119DD99B60068622A /* MXSession.m */; };
		320DFDE219DD99B60068622A /* MXError.h in Headers */ = {isa = PBXBuildFile; fileRef = 320DFDD219DD99B60068622A /* MXError.h */; };
		320DFDE319DD99B60068622A /* MXError.m in Sources */ = {isa = PBXBuildFile; fileRef = 320DFDD319DD99B60068622A /* MXError.m */; };
		320DFDE419DD99B60068622A /* MXRestClient.h in Headers */ = {isa = PBXBuildFile; fileRef = 320DFDD419DD99B60068622A /* MXRestClient.h */; };
		320DFDE519DD99B60068622A /* MXRestClient.m in Sources */ = {isa = PBXBuildFile; fileRef = 320DFDD519DD99B60068622A /* MXRestClient.m */; };
		320DFDE619DD99B60068622A /* MXHTTPClient.h in Headers */ = {isa = PBXBuildFile; fileRef = 320DFDD719DD99B60068622A /* MXHTTPClient.h */; };
		320DFDE719DD99B60068622A /* MXHTTPClient.m in Sources */ = {isa = PBXBuildFile; fileRef = 320DFDD819DD99B60068622A /* MXHTTPClient.m */; };
		32114A7F1A24E15500FF2EC4 /* MXMyUserTests.m in Sources */ = {isa = PBXBuildFile; fileRef = 32114A7E1A24E15500FF2EC4 /* MXMyUserTests.m */; };
		32114A851A262CE000FF2EC4 /* MXStore.h in Headers */ = {isa = PBXBuildFile; fileRef = 32114A841A262CE000FF2EC4 /* MXStore.h */; };
		32114A8F1A262ECB00FF2EC4 /* MXNoStore.h in Headers */ = {isa = PBXBuildFile; fileRef = 32114A8D1A262ECB00FF2EC4 /* MXNoStore.h */; };
		32114A901A262ECB00FF2EC4 /* MXNoStore.m in Sources */ = {isa = PBXBuildFile; fileRef = 32114A8E1A262ECB00FF2EC4 /* MXNoStore.m */; };
		32169AA11BD4D0E30077868B /* MXCoreDataStore.xcdatamodeld in Sources */ = {isa = PBXBuildFile; fileRef = 32169A9F1BD4D0E30077868B /* MXCoreDataStore.xcdatamodeld */; };
		32169AA21BD4D1B00077868B /* MXCoreDataStore.xcdatamodeld in Sources */ = {isa = PBXBuildFile; fileRef = 32169A9F1BD4D0E30077868B /* MXCoreDataStore.xcdatamodeld */; };
		321809B919EEBF3000377451 /* MXEventTests.m in Sources */ = {isa = PBXBuildFile; fileRef = 321809B819EEBF3000377451 /* MXEventTests.m */; };
		3220093819EFA4C9008DE41D /* MXEventListener.h in Headers */ = {isa = PBXBuildFile; fileRef = 3220093619EFA4C9008DE41D /* MXEventListener.h */; };
		3220093919EFA4C9008DE41D /* MXEventListener.m in Sources */ = {isa = PBXBuildFile; fileRef = 3220093719EFA4C9008DE41D /* MXEventListener.m */; };
		3220094519EFBF30008DE41D /* MXSessionEventListener.h in Headers */ = {isa = PBXBuildFile; fileRef = 3220094319EFBF30008DE41D /* MXSessionEventListener.h */; };
		3220094619EFBF30008DE41D /* MXSessionEventListener.m in Sources */ = {isa = PBXBuildFile; fileRef = 3220094419EFBF30008DE41D /* MXSessionEventListener.m */; };
		322360521A8E610500A3CA81 /* MXPushRuleDisplayNameCondtionChecker.h in Headers */ = {isa = PBXBuildFile; fileRef = 322360501A8E610500A3CA81 /* MXPushRuleDisplayNameCondtionChecker.h */; };
		322360531A8E610500A3CA81 /* MXPushRuleDisplayNameCondtionChecker.m in Sources */ = {isa = PBXBuildFile; fileRef = 322360511A8E610500A3CA81 /* MXPushRuleDisplayNameCondtionChecker.m */; };
		3226DC3819DEED3B00866530 /* MatrixSDK.framework in Frameworks */ = {isa = PBXBuildFile; fileRef = 32C6F92D19DD814400EA4E9C /* MatrixSDK.framework */; };
		3233606F1A403A0D0071A488 /* MXFileStore.h in Headers */ = {isa = PBXBuildFile; fileRef = 3233606D1A403A0D0071A488 /* MXFileStore.h */; };
		323360701A403A0D0071A488 /* MXFileStore.m in Sources */ = {isa = PBXBuildFile; fileRef = 3233606E1A403A0D0071A488 /* MXFileStore.m */; };
		323B2ACF1BCD3EF000B11F34 /* MXCoreDataStore.h in Headers */ = {isa = PBXBuildFile; fileRef = 323B2ACB1BCD3EF000B11F34 /* MXCoreDataStore.h */; };
		323B2AD01BCD3EF000B11F34 /* MXCoreDataStore.m in Sources */ = {isa = PBXBuildFile; fileRef = 323B2ACC1BCD3EF000B11F34 /* MXCoreDataStore.m */; };
		323B2AD31BCD3F1400B11F34 /* MXStoreCoreDataStoreTests.m in Sources */ = {isa = PBXBuildFile; fileRef = 323B2AD21BCD3F1400B11F34 /* MXStoreCoreDataStoreTests.m */; };
		323B2ADF1BCD4CB600B11F34 /* MXCoreDataAccount+CoreDataProperties.h in Headers */ = {isa = PBXBuildFile; fileRef = 323B2ADB1BCD4CB600B11F34 /* MXCoreDataAccount+CoreDataProperties.h */; };
		323B2AE01BCD4CB600B11F34 /* MXCoreDataAccount+CoreDataProperties.m in Sources */ = {isa = PBXBuildFile; fileRef = 323B2ADC1BCD4CB600B11F34 /* MXCoreDataAccount+CoreDataProperties.m */; };
		323B2AE11BCD4CB600B11F34 /* MXCoreDataAccount.h in Headers */ = {isa = PBXBuildFile; fileRef = 323B2ADD1BCD4CB600B11F34 /* MXCoreDataAccount.h */; };
		323B2AE21BCD4CB600B11F34 /* MXCoreDataAccount.m in Sources */ = {isa = PBXBuildFile; fileRef = 323B2ADE1BCD4CB600B11F34 /* MXCoreDataAccount.m */; };
		323B2AF61BCE8AC800B11F34 /* MXCoreDataRoom+CoreDataProperties.h in Headers */ = {isa = PBXBuildFile; fileRef = 323B2AF21BCE8AC800B11F34 /* MXCoreDataRoom+CoreDataProperties.h */; };
		323B2AF71BCE8AC800B11F34 /* MXCoreDataRoom+CoreDataProperties.m in Sources */ = {isa = PBXBuildFile; fileRef = 323B2AF31BCE8AC800B11F34 /* MXCoreDataRoom+CoreDataProperties.m */; };
		323B2AF81BCE8AC800B11F34 /* MXCoreDataRoom.h in Headers */ = {isa = PBXBuildFile; fileRef = 323B2AF41BCE8AC800B11F34 /* MXCoreDataRoom.h */; };
		323B2AF91BCE8AC900B11F34 /* MXCoreDataRoom.m in Sources */ = {isa = PBXBuildFile; fileRef = 323B2AF51BCE8AC800B11F34 /* MXCoreDataRoom.m */; };
		323B2AFE1BCE9B6700B11F34 /* MXCoreDataEvent+CoreDataProperties.h in Headers */ = {isa = PBXBuildFile; fileRef = 323B2AFA1BCE9B6700B11F34 /* MXCoreDataEvent+CoreDataProperties.h */; };
		323B2AFF1BCE9B6700B11F34 /* MXCoreDataEvent+CoreDataProperties.m in Sources */ = {isa = PBXBuildFile; fileRef = 323B2AFB1BCE9B6700B11F34 /* MXCoreDataEvent+CoreDataProperties.m */; };
		323B2B001BCE9B6700B11F34 /* MXCoreDataEvent.h in Headers */ = {isa = PBXBuildFile; fileRef = 323B2AFC1BCE9B6700B11F34 /* MXCoreDataEvent.h */; };
		323B2B011BCE9B6700B11F34 /* MXCoreDataEvent.m in Sources */ = {isa = PBXBuildFile; fileRef = 323B2AFD1BCE9B6700B11F34 /* MXCoreDataEvent.m */; };
		323C5A081A70E53500FB0549 /* MXToolsTests.m in Sources */ = {isa = PBXBuildFile; fileRef = 323C5A071A70E53500FB0549 /* MXToolsTests.m */; };
		323D299A1D426F7000A80BE4 /* MXJingleVideoView.h in Headers */ = {isa = PBXBuildFile; fileRef = 323D29981D426F7000A80BE4 /* MXJingleVideoView.h */; };
		323D299B1D426F7000A80BE4 /* MXJingleVideoView.m in Sources */ = {isa = PBXBuildFile; fileRef = 323D29991D426F7000A80BE4 /* MXJingleVideoView.m */; };
		323E0C571A2F6E7D00A31D73 /* MXRoomPowerLevels.h in Headers */ = {isa = PBXBuildFile; fileRef = 323E0C551A2F6E7D00A31D73 /* MXRoomPowerLevels.h */; };
		323E0C581A2F6E7D00A31D73 /* MXRoomPowerLevels.m in Sources */ = {isa = PBXBuildFile; fileRef = 323E0C561A2F6E7D00A31D73 /* MXRoomPowerLevels.m */; };
		323E0C5B1A306D7A00A31D73 /* MXEvent.h in Headers */ = {isa = PBXBuildFile; fileRef = 323E0C591A306D7A00A31D73 /* MXEvent.h */; };
		323E0C5C1A306D7A00A31D73 /* MXEvent.m in Sources */ = {isa = PBXBuildFile; fileRef = 323E0C5A1A306D7A00A31D73 /* MXEvent.m */; };
		323EF7471C7CB4C7000DC98C /* MXEventTimelineTests.m in Sources */ = {isa = PBXBuildFile; fileRef = 323EF7461C7CB4C7000DC98C /* MXEventTimelineTests.m */; };
		324095221AFA432F00D81C97 /* MXCallStackCall.h in Headers */ = {isa = PBXBuildFile; fileRef = 3240951E1AFA432F00D81C97 /* MXCallStackCall.h */; };
		3245A7501AF7B2930001D8A7 /* MXCall.h in Headers */ = {isa = PBXBuildFile; fileRef = 3245A74C1AF7B2930001D8A7 /* MXCall.h */; };
		3245A7511AF7B2930001D8A7 /* MXCall.m in Sources */ = {isa = PBXBuildFile; fileRef = 3245A74D1AF7B2930001D8A7 /* MXCall.m */; };
		3245A7521AF7B2930001D8A7 /* MXCallManager.h in Headers */ = {isa = PBXBuildFile; fileRef = 3245A74E1AF7B2930001D8A7 /* MXCallManager.h */; };
		3245A7531AF7B2930001D8A7 /* MXCallManager.m in Sources */ = {isa = PBXBuildFile; fileRef = 3245A74F1AF7B2930001D8A7 /* MXCallManager.m */; };
		3246BDC51A1A0789000A7D62 /* MXRoomStateDynamicTests.m in Sources */ = {isa = PBXBuildFile; fileRef = 3246BDC41A1A0789000A7D62 /* MXRoomStateDynamicTests.m */; };
		32481A841C03572900782AD3 /* MXRoomAccountData.h in Headers */ = {isa = PBXBuildFile; fileRef = 32481A821C03572900782AD3 /* MXRoomAccountData.h */; };
		32481A851C03572900782AD3 /* MXRoomAccountData.m in Sources */ = {isa = PBXBuildFile; fileRef = 32481A831C03572900782AD3 /* MXRoomAccountData.m */; };
		325653831A2E14ED00CC0423 /* MXStoreTests.m in Sources */ = {isa = PBXBuildFile; fileRef = 325653821A2E14ED00CC0423 /* MXStoreTests.m */; };
		326056851C76FDF2009D44AD /* MXEventTimeline.h in Headers */ = {isa = PBXBuildFile; fileRef = 326056831C76FDF1009D44AD /* MXEventTimeline.h */; };
		326056861C76FDF2009D44AD /* MXEventTimeline.m in Sources */ = {isa = PBXBuildFile; fileRef = 326056841C76FDF1009D44AD /* MXEventTimeline.m */; };
		3264DB911CEC528D00B99881 /* MXAccountData.h in Headers */ = {isa = PBXBuildFile; fileRef = 3264DB8F1CEC528D00B99881 /* MXAccountData.h */; };
		3264DB921CEC528D00B99881 /* MXAccountData.m in Sources */ = {isa = PBXBuildFile; fileRef = 3264DB901CEC528D00B99881 /* MXAccountData.m */; };
		3264DB941CECA72900B99881 /* MXAccountDataTests.m in Sources */ = {isa = PBXBuildFile; fileRef = 3264DB931CECA72900B99881 /* MXAccountDataTests.m */; };
		3264E2A21BDF8D1500F89A86 /* MXCoreDataRoomState.h in Headers */ = {isa = PBXBuildFile; fileRef = 3264E29E1BDF8D1500F89A86 /* MXCoreDataRoomState.h */; };
		3264E2A31BDF8D1500F89A86 /* MXCoreDataRoomState.m in Sources */ = {isa = PBXBuildFile; fileRef = 3264E29F1BDF8D1500F89A86 /* MXCoreDataRoomState.m */; };
		3264E2A41BDF8D1500F89A86 /* MXCoreDataRoomState+CoreDataProperties.h in Headers */ = {isa = PBXBuildFile; fileRef = 3264E2A01BDF8D1500F89A86 /* MXCoreDataRoomState+CoreDataProperties.h */; };
		3264E2A51BDF8D1500F89A86 /* MXCoreDataRoomState+CoreDataProperties.m in Sources */ = {isa = PBXBuildFile; fileRef = 3264E2A11BDF8D1500F89A86 /* MXCoreDataRoomState+CoreDataProperties.m */; };
		3265CB381A14C43E00E24B2F /* MXRoomState.h in Headers */ = {isa = PBXBuildFile; fileRef = 3265CB361A14C43E00E24B2F /* MXRoomState.h */; };
		3265CB391A14C43E00E24B2F /* MXRoomState.m in Sources */ = {isa = PBXBuildFile; fileRef = 3265CB371A14C43E00E24B2F /* MXRoomState.m */; };
		3265CB3B1A151C3800E24B2F /* MXRoomStateTests.m in Sources */ = {isa = PBXBuildFile; fileRef = 3265CB3A1A151C3800E24B2F /* MXRoomStateTests.m */; };
		326D1EF51BFC79300030947B /* MXPushRuleTests.m in Sources */ = {isa = PBXBuildFile; fileRef = 326D1EF41BFC79300030947B /* MXPushRuleTests.m */; };
		327137241A24BDDE00DB6757 /* MXUserTests.m in Sources */ = {isa = PBXBuildFile; fileRef = 327137231A24BDDE00DB6757 /* MXUserTests.m */; };
		327137271A24D50A00DB6757 /* MXMyUser.h in Headers */ = {isa = PBXBuildFile; fileRef = 327137251A24D50A00DB6757 /* MXMyUser.h */; };
		327137281A24D50A00DB6757 /* MXMyUser.m in Sources */ = {isa = PBXBuildFile; fileRef = 327137261A24D50A00DB6757 /* MXMyUser.m */; };
		327E37B61A974F75007F026F /* MXLogger.h in Headers */ = {isa = PBXBuildFile; fileRef = 327E37B41A974F75007F026F /* MXLogger.h */; };
		327E37B71A974F75007F026F /* MXLogger.m in Sources */ = {isa = PBXBuildFile; fileRef = 327E37B51A974F75007F026F /* MXLogger.m */; };
		327E37B91A977810007F026F /* MXLoggerTests.m in Sources */ = {isa = PBXBuildFile; fileRef = 327E37B81A977810007F026F /* MXLoggerTests.m */; };
		327F8DB21C6112BA00581CA3 /* MXRoomThirdPartyInvite.h in Headers */ = {isa = PBXBuildFile; fileRef = 327F8DB01C6112BA00581CA3 /* MXRoomThirdPartyInvite.h */; };
		327F8DB31C6112BA00581CA3 /* MXRoomThirdPartyInvite.m in Sources */ = {isa = PBXBuildFile; fileRef = 327F8DB11C6112BA00581CA3 /* MXRoomThirdPartyInvite.m */; };
		3281E89E19E299C000976E1A /* MXErrorTests.m in Sources */ = {isa = PBXBuildFile; fileRef = 3281E89D19E299C000976E1A /* MXErrorTests.m */; };
		3281E8A019E2CC1200976E1A /* MXHTTPClientTests.m in Sources */ = {isa = PBXBuildFile; fileRef = 3281E89F19E2CC1200976E1A /* MXHTTPClientTests.m */; };
		3281E8A219E2DE4300976E1A /* MXSessionTests.m in Sources */ = {isa = PBXBuildFile; fileRef = 3281E8A119E2DE4300976E1A /* MXSessionTests.m */; };
		3281E8A819E41A2000976E1A /* MatrixSDKTestsData.m in Sources */ = {isa = PBXBuildFile; fileRef = 3281E8A719E41A2000976E1A /* MatrixSDKTestsData.m */; };
		3281E8B719E42DFE00976E1A /* MXJSONModel.h in Headers */ = {isa = PBXBuildFile; fileRef = 3281E8B319E42DFE00976E1A /* MXJSONModel.h */; };
		3281E8B819E42DFE00976E1A /* MXJSONModel.m in Sources */ = {isa = PBXBuildFile; fileRef = 3281E8B419E42DFE00976E1A /* MXJSONModel.m */; };
		3281E8B919E42DFE00976E1A /* MXJSONModels.h in Headers */ = {isa = PBXBuildFile; fileRef = 3281E8B519E42DFE00976E1A /* MXJSONModels.h */; };
		3281E8BA19E42DFE00976E1A /* MXJSONModels.m in Sources */ = {isa = PBXBuildFile; fileRef = 3281E8B619E42DFE00976E1A /* MXJSONModels.m */; };
		32832B5C1BCC048300241108 /* MXStoreFileStoreTests.m in Sources */ = {isa = PBXBuildFile; fileRef = 32832B581BCC048300241108 /* MXStoreFileStoreTests.m */; };
		32832B5D1BCC048300241108 /* MXStoreMemoryStoreTests.m in Sources */ = {isa = PBXBuildFile; fileRef = 32832B591BCC048300241108 /* MXStoreMemoryStoreTests.m */; };
		32832B5E1BCC048300241108 /* MXStoreNoStoreTests.m in Sources */ = {isa = PBXBuildFile; fileRef = 32832B5A1BCC048300241108 /* MXStoreNoStoreTests.m */; };
		328DDEC11A07E57E008C7DC8 /* MXJSONModelTests.m in Sources */ = {isa = PBXBuildFile; fileRef = 328DDEC01A07E57E008C7DC8 /* MXJSONModelTests.m */; };
		3291D4D41A68FFEB00C3BA41 /* MXFileRoomStore.h in Headers */ = {isa = PBXBuildFile; fileRef = 3291D4D21A68FFEB00C3BA41 /* MXFileRoomStore.h */; };
		3291D4D51A68FFEB00C3BA41 /* MXFileRoomStore.m in Sources */ = {isa = PBXBuildFile; fileRef = 3291D4D31A68FFEB00C3BA41 /* MXFileRoomStore.m */; };
		329571931B0240CE00ABB3BA /* MXVoIPTests.m in Sources */ = {isa = PBXBuildFile; fileRef = 329571921B0240CE00ABB3BA /* MXVoIPTests.m */; };
		329571991B024D2B00ABB3BA /* MXMockCallStack.m in Sources */ = {isa = PBXBuildFile; fileRef = 329571961B024D2B00ABB3BA /* MXMockCallStack.m */; };
		3295719A1B024D2B00ABB3BA /* MXMockCallStackCall.m in Sources */ = {isa = PBXBuildFile; fileRef = 329571981B024D2B00ABB3BA /* MXMockCallStackCall.m */; };
		329B2ABF1D3FB01D002D546F /* MXJingleCallStack.h in Headers */ = {isa = PBXBuildFile; fileRef = 329B2ABB1D3FB01D002D546F /* MXJingleCallStack.h */; };
		329B2AC01D3FB01D002D546F /* MXJingleCallStack.m in Sources */ = {isa = PBXBuildFile; fileRef = 329B2ABC1D3FB01D002D546F /* MXJingleCallStack.m */; };
		329B2AC11D3FB01D002D546F /* MXJingleCallStackCall.h in Headers */ = {isa = PBXBuildFile; fileRef = 329B2ABD1D3FB01D002D546F /* MXJingleCallStackCall.h */; };
		329B2AC21D3FB01D002D546F /* MXJingleCallStackCall.m in Sources */ = {isa = PBXBuildFile; fileRef = 329B2ABE1D3FB01D002D546F /* MXJingleCallStackCall.m */; };
		329FB1751A0A3A1600A5E88E /* MXRoomMember.h in Headers */ = {isa = PBXBuildFile; fileRef = 329FB1731A0A3A1600A5E88E /* MXRoomMember.h */; };
		329FB1761A0A3A1600A5E88E /* MXRoomMember.m in Sources */ = {isa = PBXBuildFile; fileRef = 329FB1741A0A3A1600A5E88E /* MXRoomMember.m */; };
		329FB1791A0A74B100A5E88E /* MXTools.h in Headers */ = {isa = PBXBuildFile; fileRef = 329FB1771A0A74B100A5E88E /* MXTools.h */; };
		329FB17A1A0A74B100A5E88E /* MXTools.m in Sources */ = {isa = PBXBuildFile; fileRef = 329FB1781A0A74B100A5E88E /* MXTools.m */; };
		329FB17C1A0A963700A5E88E /* MXRoomMemberTests.m in Sources */ = {isa = PBXBuildFile; fileRef = 329FB17B1A0A963700A5E88E /* MXRoomMemberTests.m */; };
		329FB17F1A0B665800A5E88E /* MXUser.h in Headers */ = {isa = PBXBuildFile; fileRef = 329FB17D1A0B665800A5E88E /* MXUser.h */; };
		329FB1801A0B665800A5E88E /* MXUser.m in Sources */ = {isa = PBXBuildFile; fileRef = 329FB17E1A0B665800A5E88E /* MXUser.m */; };
		32A27D1F19EC335300BAFADE /* MXRoomTests.m in Sources */ = {isa = PBXBuildFile; fileRef = 32A27D1E19EC335300BAFADE /* MXRoomTests.m */; };
		32BED28F1B00A23F00E668FE /* MXCallStack.h in Headers */ = {isa = PBXBuildFile; fileRef = 32BED28E1B00A23F00E668FE /* MXCallStack.h */; };
		32C6F93319DD814400EA4E9C /* MatrixSDK.h in Headers */ = {isa = PBXBuildFile; fileRef = 32C6F93219DD814400EA4E9C /* MatrixSDK.h */; settings = {ATTRIBUTES = (Public, ); }; };
		32CAB1071A91EA34008C5BB9 /* MXPushRuleRoomMemberCountConditionChecker.h in Headers */ = {isa = PBXBuildFile; fileRef = 32CAB1051A91EA34008C5BB9 /* MXPushRuleRoomMemberCountConditionChecker.h */; };
		32CAB1081A91EA34008C5BB9 /* MXPushRuleRoomMemberCountConditionChecker.m in Sources */ = {isa = PBXBuildFile; fileRef = 32CAB1061A91EA34008C5BB9 /* MXPushRuleRoomMemberCountConditionChecker.m */; };
		32CAB10B1A925B41008C5BB9 /* MXHTTPOperation.h in Headers */ = {isa = PBXBuildFile; fileRef = 32CAB1091A925B41008C5BB9 /* MXHTTPOperation.h */; };
		32CAB10C1A925B41008C5BB9 /* MXHTTPOperation.m in Sources */ = {isa = PBXBuildFile; fileRef = 32CAB10A1A925B41008C5BB9 /* MXHTTPOperation.m */; };
		32CE6FB81A409B1F00317F1E /* MXFileStoreMetaData.h in Headers */ = {isa = PBXBuildFile; fileRef = 32CE6FB61A409B1F00317F1E /* MXFileStoreMetaData.h */; };
		32CE6FB91A409B1F00317F1E /* MXFileStoreMetaData.m in Sources */ = {isa = PBXBuildFile; fileRef = 32CE6FB71A409B1F00317F1E /* MXFileStoreMetaData.m */; };
		32D7767D1A27860600FC4AA2 /* MXMemoryStore.h in Headers */ = {isa = PBXBuildFile; fileRef = 32D7767B1A27860600FC4AA2 /* MXMemoryStore.h */; };
		32D7767E1A27860600FC4AA2 /* MXMemoryStore.m in Sources */ = {isa = PBXBuildFile; fileRef = 32D7767C1A27860600FC4AA2 /* MXMemoryStore.m */; };
		32D776811A27877300FC4AA2 /* MXMemoryRoomStore.h in Headers */ = {isa = PBXBuildFile; fileRef = 32D7767F1A27877300FC4AA2 /* MXMemoryRoomStore.h */; };
		32D776821A27877300FC4AA2 /* MXMemoryRoomStore.m in Sources */ = {isa = PBXBuildFile; fileRef = 32D776801A27877300FC4AA2 /* MXMemoryRoomStore.m */; };
		32D8CAC219DEE6ED002AF8A0 /* MXRestClientNoAuthAPITests.m in Sources */ = {isa = PBXBuildFile; fileRef = 32D8CAC119DEE6ED002AF8A0 /* MXRestClientNoAuthAPITests.m */; };
		32DC15CF1A8CF7AE006F9AD3 /* MXPushRuleConditionChecker.h in Headers */ = {isa = PBXBuildFile; fileRef = 32DC15CC1A8CF7AE006F9AD3 /* MXPushRuleConditionChecker.h */; };
		32DC15D01A8CF7AE006F9AD3 /* MXNotificationCenter.h in Headers */ = {isa = PBXBuildFile; fileRef = 32DC15CD1A8CF7AE006F9AD3 /* MXNotificationCenter.h */; };
		32DC15D11A8CF7AE006F9AD3 /* MXNotificationCenter.m in Sources */ = {isa = PBXBuildFile; fileRef = 32DC15CE1A8CF7AE006F9AD3 /* MXNotificationCenter.m */; };
		32DC15D41A8CF874006F9AD3 /* MXPushRuleEventMatchConditionChecker.h in Headers */ = {isa = PBXBuildFile; fileRef = 32DC15D21A8CF874006F9AD3 /* MXPushRuleEventMatchConditionChecker.h */; };
		32DC15D51A8CF874006F9AD3 /* MXPushRuleEventMatchConditionChecker.m in Sources */ = {isa = PBXBuildFile; fileRef = 32DC15D31A8CF874006F9AD3 /* MXPushRuleEventMatchConditionChecker.m */; };
		32DC15D71A8DFF0D006F9AD3 /* MXNotificationCenterTests.m in Sources */ = {isa = PBXBuildFile; fileRef = 32DC15D61A8DFF0D006F9AD3 /* MXNotificationCenterTests.m */; };
		32E226A61D06AC9F00E6CA54 /* MXPeekingRoom.h in Headers */ = {isa = PBXBuildFile; fileRef = 32E226A41D06AC9F00E6CA54 /* MXPeekingRoom.h */; };
		32E226A71D06AC9F00E6CA54 /* MXPeekingRoom.m in Sources */ = {isa = PBXBuildFile; fileRef = 32E226A51D06AC9F00E6CA54 /* MXPeekingRoom.m */; };
		32E226A91D081CE200E6CA54 /* MXPeekingRoomTests.m in Sources */ = {isa = PBXBuildFile; fileRef = 32E226A81D081CE200E6CA54 /* MXPeekingRoomTests.m */; };
		32FCAB4D19E578860049C555 /* MXRestClientTests.m in Sources */ = {isa = PBXBuildFile; fileRef = 32FCAB4C19E578860049C555 /* MXRestClientTests.m */; };
		32FE41361D0AB7070060835E /* MXEnumConstants.h in Headers */ = {isa = PBXBuildFile; fileRef = 32FE41341D0AB7070060835E /* MXEnumConstants.h */; };
		32FE41371D0AB7070060835E /* MXEnumConstants.m in Sources */ = {isa = PBXBuildFile; fileRef = 32FE41351D0AB7070060835E /* MXEnumConstants.m */; };
		71DE22E01BC7C51200284153 /* MXReceiptData.m in Sources */ = {isa = PBXBuildFile; fileRef = 71DE22DC1BC7C51200284153 /* MXReceiptData.m */; };
		71DE22E11BC7C51200284153 /* MXReceiptData.h in Headers */ = {isa = PBXBuildFile; fileRef = 71DE22DD1BC7C51200284153 /* MXReceiptData.h */; };
		A23A8594855481FEFA0E9A22 /* libPods-MatrixSDK.a in Frameworks */ = {isa = PBXBuildFile; fileRef = E1674C6FF8BBF074E7F76059 /* libPods-MatrixSDK.a */; };
		D123DC2791F0EAF08F70C207 /* libPods-MatrixSDKTests.a in Frameworks */ = {isa = PBXBuildFile; fileRef = 3ABDD5D65684E6B7F52FB94E /* libPods-MatrixSDKTests.a */; };
		F0C34CBB1C18C93700C36F09 /* MXSDKOptions.m in Sources */ = {isa = PBXBuildFile; fileRef = F0C34CBA1C18C93700C36F09 /* MXSDKOptions.m */; };
/* End PBXBuildFile section */

/* Begin PBXContainerItemProxy section */
		3226DC3619DEED2100866530 /* PBXContainerItemProxy */ = {
			isa = PBXContainerItemProxy;
			containerPortal = 32C6F92419DD814400EA4E9C /* Project object */;
			proxyType = 1;
			remoteGlobalIDString = 32C6F92C19DD814400EA4E9C;
			remoteInfo = MatrixSDK;
		};
/* End PBXContainerItemProxy section */

/* Begin PBXCopyFilesBuildPhase section */
		323B2ADA1BCD47F000B11F34 /* CopyFiles */ = {
			isa = PBXCopyFilesBuildPhase;
			buildActionMask = 2147483647;
			dstPath = "";
			dstSubfolderSpec = 7;
			files = (
			);
			runOnlyForDeploymentPostprocessing = 0;
		};
/* End PBXCopyFilesBuildPhase section */

/* Begin PBXFileReference section */
		0BCFBADF157F3C8C43112BD6 /* Pods-MatrixSDKTests.release.xcconfig */ = {isa = PBXFileReference; includeInIndex = 1; lastKnownFileType = text.xcconfig; name = "Pods-MatrixSDKTests.release.xcconfig"; path = "Pods/Target Support Files/Pods-MatrixSDKTests/Pods-MatrixSDKTests.release.xcconfig"; sourceTree = "<group>"; };
		2BF02FACC417CA3368671024 /* Pods-MatrixSDK.debug.xcconfig */ = {isa = PBXFileReference; includeInIndex = 1; lastKnownFileType = text.xcconfig; name = "Pods-MatrixSDK.debug.xcconfig"; path = "Pods/Target Support Files/Pods-MatrixSDK/Pods-MatrixSDK.debug.xcconfig"; sourceTree = "<group>"; };
		320BBF2B1D672EEC0079890E /* MXStoreEventsEnumerator.h */ = {isa = PBXFileReference; fileEncoding = 4; lastKnownFileType = sourcecode.c.h; path = MXStoreEventsEnumerator.h; sourceTree = "<group>"; };
		320BBF2D1D6738420079890E /* MXMemoryRoomStoreEventsEnumerator.h */ = {isa = PBXFileReference; fileEncoding = 4; lastKnownFileType = sourcecode.c.h; path = MXMemoryRoomStoreEventsEnumerator.h; sourceTree = "<group>"; };
		320BBF2E1D6738420079890E /* MXMemoryRoomStoreEventsEnumerator.m */ = {isa = PBXFileReference; fileEncoding = 4; lastKnownFileType = sourcecode.c.objc; path = MXMemoryRoomStoreEventsEnumerator.m; sourceTree = "<group>"; };
		320DFDCA19DD99B60068622A /* MXRoom.h */ = {isa = PBXFileReference; fileEncoding = 4; lastKnownFileType = sourcecode.c.h; path = MXRoom.h; sourceTree = "<group>"; };
		320DFDCB19DD99B60068622A /* MXRoom.m */ = {isa = PBXFileReference; fileEncoding = 4; lastKnownFileType = sourcecode.c.objc; lineEnding = 0; path = MXRoom.m; sourceTree = "<group>"; };
		320DFDD019DD99B60068622A /* MXSession.h */ = {isa = PBXFileReference; fileEncoding = 4; lastKnownFileType = sourcecode.c.h; lineEnding = 0; path = MXSession.h; sourceTree = "<group>"; };
		320DFDD119DD99B60068622A /* MXSession.m */ = {isa = PBXFileReference; fileEncoding = 4; lastKnownFileType = sourcecode.c.objc; path = MXSession.m; sourceTree = "<group>"; };
		320DFDD219DD99B60068622A /* MXError.h */ = {isa = PBXFileReference; fileEncoding = 4; lastKnownFileType = sourcecode.c.h; path = MXError.h; sourceTree = "<group>"; };
		320DFDD319DD99B60068622A /* MXError.m */ = {isa = PBXFileReference; fileEncoding = 4; lastKnownFileType = sourcecode.c.objc; path = MXError.m; sourceTree = "<group>"; };
		320DFDD419DD99B60068622A /* MXRestClient.h */ = {isa = PBXFileReference; fileEncoding = 4; lastKnownFileType = sourcecode.c.h; path = MXRestClient.h; sourceTree = "<group>"; };
		320DFDD519DD99B60068622A /* MXRestClient.m */ = {isa = PBXFileReference; fileEncoding = 4; lastKnownFileType = sourcecode.c.objc; lineEnding = 0; path = MXRestClient.m; sourceTree = "<group>"; };
		320DFDD719DD99B60068622A /* MXHTTPClient.h */ = {isa = PBXFileReference; fileEncoding = 4; lastKnownFileType = sourcecode.c.h; path = MXHTTPClient.h; sourceTree = "<group>"; };
		320DFDD819DD99B60068622A /* MXHTTPClient.m */ = {isa = PBXFileReference; fileEncoding = 4; lastKnownFileType = sourcecode.c.objc; path = MXHTTPClient.m; sourceTree = "<group>"; };
		32114A7E1A24E15500FF2EC4 /* MXMyUserTests.m */ = {isa = PBXFileReference; fileEncoding = 4; lastKnownFileType = sourcecode.c.objc; path = MXMyUserTests.m; sourceTree = "<group>"; };
		32114A841A262CE000FF2EC4 /* MXStore.h */ = {isa = PBXFileReference; fileEncoding = 4; lastKnownFileType = sourcecode.c.h; path = MXStore.h; sourceTree = "<group>"; };
		32114A8D1A262ECB00FF2EC4 /* MXNoStore.h */ = {isa = PBXFileReference; fileEncoding = 4; lastKnownFileType = sourcecode.c.h; path = MXNoStore.h; sourceTree = "<group>"; };
		32114A8E1A262ECB00FF2EC4 /* MXNoStore.m */ = {isa = PBXFileReference; fileEncoding = 4; lastKnownFileType = sourcecode.c.objc; path = MXNoStore.m; sourceTree = "<group>"; };
		32169AA01BD4D0E30077868B /* MXCoreDataStore.xcdatamodel */ = {isa = PBXFileReference; lastKnownFileType = wrapper.xcdatamodel; path = MXCoreDataStore.xcdatamodel; sourceTree = "<group>"; };
		321809B819EEBF3000377451 /* MXEventTests.m */ = {isa = PBXFileReference; fileEncoding = 4; lastKnownFileType = sourcecode.c.objc; lineEnding = 0; path = MXEventTests.m; sourceTree = "<group>"; xcLanguageSpecificationIdentifier = xcode.lang.objc; };
		3220093619EFA4C9008DE41D /* MXEventListener.h */ = {isa = PBXFileReference; fileEncoding = 4; lastKnownFileType = sourcecode.c.h; path = MXEventListener.h; sourceTree = "<group>"; };
		3220093719EFA4C9008DE41D /* MXEventListener.m */ = {isa = PBXFileReference; fileEncoding = 4; lastKnownFileType = sourcecode.c.objc; path = MXEventListener.m; sourceTree = "<group>"; };
		3220094319EFBF30008DE41D /* MXSessionEventListener.h */ = {isa = PBXFileReference; fileEncoding = 4; lastKnownFileType = sourcecode.c.h; path = MXSessionEventListener.h; sourceTree = "<group>"; };
		3220094419EFBF30008DE41D /* MXSessionEventListener.m */ = {isa = PBXFileReference; fileEncoding = 4; lastKnownFileType = sourcecode.c.objc; path = MXSessionEventListener.m; sourceTree = "<group>"; };
		322360501A8E610500A3CA81 /* MXPushRuleDisplayNameCondtionChecker.h */ = {isa = PBXFileReference; fileEncoding = 4; lastKnownFileType = sourcecode.c.h; path = MXPushRuleDisplayNameCondtionChecker.h; sourceTree = "<group>"; };
		322360511A8E610500A3CA81 /* MXPushRuleDisplayNameCondtionChecker.m */ = {isa = PBXFileReference; fileEncoding = 4; lastKnownFileType = sourcecode.c.objc; path = MXPushRuleDisplayNameCondtionChecker.m; sourceTree = "<group>"; };
		3233606D1A403A0D0071A488 /* MXFileStore.h */ = {isa = PBXFileReference; fileEncoding = 4; lastKnownFileType = sourcecode.c.h; path = MXFileStore.h; sourceTree = "<group>"; };
		3233606E1A403A0D0071A488 /* MXFileStore.m */ = {isa = PBXFileReference; fileEncoding = 4; lastKnownFileType = sourcecode.c.objc; path = MXFileStore.m; sourceTree = "<group>"; };
		323B2ACB1BCD3EF000B11F34 /* MXCoreDataStore.h */ = {isa = PBXFileReference; fileEncoding = 4; lastKnownFileType = sourcecode.c.h; path = MXCoreDataStore.h; sourceTree = "<group>"; };
		323B2ACC1BCD3EF000B11F34 /* MXCoreDataStore.m */ = {isa = PBXFileReference; fileEncoding = 4; lastKnownFileType = sourcecode.c.objc; path = MXCoreDataStore.m; sourceTree = "<group>"; };
		323B2AD21BCD3F1400B11F34 /* MXStoreCoreDataStoreTests.m */ = {isa = PBXFileReference; fileEncoding = 4; lastKnownFileType = sourcecode.c.objc; path = MXStoreCoreDataStoreTests.m; sourceTree = "<group>"; };
		323B2ADB1BCD4CB600B11F34 /* MXCoreDataAccount+CoreDataProperties.h */ = {isa = PBXFileReference; fileEncoding = 4; lastKnownFileType = sourcecode.c.h; path = "MXCoreDataAccount+CoreDataProperties.h"; sourceTree = "<group>"; };
		323B2ADC1BCD4CB600B11F34 /* MXCoreDataAccount+CoreDataProperties.m */ = {isa = PBXFileReference; fileEncoding = 4; lastKnownFileType = sourcecode.c.objc; path = "MXCoreDataAccount+CoreDataProperties.m"; sourceTree = "<group>"; };
		323B2ADD1BCD4CB600B11F34 /* MXCoreDataAccount.h */ = {isa = PBXFileReference; fileEncoding = 4; lastKnownFileType = sourcecode.c.h; path = MXCoreDataAccount.h; sourceTree = "<group>"; };
		323B2ADE1BCD4CB600B11F34 /* MXCoreDataAccount.m */ = {isa = PBXFileReference; fileEncoding = 4; lastKnownFileType = sourcecode.c.objc; path = MXCoreDataAccount.m; sourceTree = "<group>"; };
		323B2AEE1BCD5CDE00B11F34 /* CoreData.framework */ = {isa = PBXFileReference; lastKnownFileType = wrapper.framework; name = CoreData.framework; path = System/Library/Frameworks/CoreData.framework; sourceTree = SDKROOT; };
		323B2AF21BCE8AC800B11F34 /* MXCoreDataRoom+CoreDataProperties.h */ = {isa = PBXFileReference; fileEncoding = 4; lastKnownFileType = sourcecode.c.h; path = "MXCoreDataRoom+CoreDataProperties.h"; sourceTree = "<group>"; };
		323B2AF31BCE8AC800B11F34 /* MXCoreDataRoom+CoreDataProperties.m */ = {isa = PBXFileReference; fileEncoding = 4; lastKnownFileType = sourcecode.c.objc; path = "MXCoreDataRoom+CoreDataProperties.m"; sourceTree = "<group>"; };
		323B2AF41BCE8AC800B11F34 /* MXCoreDataRoom.h */ = {isa = PBXFileReference; fileEncoding = 4; lastKnownFileType = sourcecode.c.h; path = MXCoreDataRoom.h; sourceTree = "<group>"; };
		323B2AF51BCE8AC800B11F34 /* MXCoreDataRoom.m */ = {isa = PBXFileReference; fileEncoding = 4; lastKnownFileType = sourcecode.c.objc; path = MXCoreDataRoom.m; sourceTree = "<group>"; };
		323B2AFA1BCE9B6700B11F34 /* MXCoreDataEvent+CoreDataProperties.h */ = {isa = PBXFileReference; fileEncoding = 4; lastKnownFileType = sourcecode.c.h; name = "MXCoreDataEvent+CoreDataProperties.h"; path = "MatrixSDK/Data/Store/MXCoreDataStore/MXCoreDataEvent+CoreDataProperties.h"; sourceTree = SOURCE_ROOT; };
		323B2AFB1BCE9B6700B11F34 /* MXCoreDataEvent+CoreDataProperties.m */ = {isa = PBXFileReference; fileEncoding = 4; lastKnownFileType = sourcecode.c.objc; name = "MXCoreDataEvent+CoreDataProperties.m"; path = "MatrixSDK/Data/Store/MXCoreDataStore/MXCoreDataEvent+CoreDataProperties.m"; sourceTree = SOURCE_ROOT; };
		323B2AFC1BCE9B6700B11F34 /* MXCoreDataEvent.h */ = {isa = PBXFileReference; fileEncoding = 4; lastKnownFileType = sourcecode.c.h; name = MXCoreDataEvent.h; path = MatrixSDK/Data/Store/MXCoreDataStore/MXCoreDataEvent.h; sourceTree = SOURCE_ROOT; };
		323B2AFD1BCE9B6700B11F34 /* MXCoreDataEvent.m */ = {isa = PBXFileReference; fileEncoding = 4; lastKnownFileType = sourcecode.c.objc; name = MXCoreDataEvent.m; path = MatrixSDK/Data/Store/MXCoreDataStore/MXCoreDataEvent.m; sourceTree = SOURCE_ROOT; };
		323C5A071A70E53500FB0549 /* MXToolsTests.m */ = {isa = PBXFileReference; fileEncoding = 4; lastKnownFileType = sourcecode.c.objc; path = MXToolsTests.m; sourceTree = "<group>"; };
		323D29981D426F7000A80BE4 /* MXJingleVideoView.h */ = {isa = PBXFileReference; fileEncoding = 4; lastKnownFileType = sourcecode.c.h; path = MXJingleVideoView.h; sourceTree = "<group>"; };
		323D29991D426F7000A80BE4 /* MXJingleVideoView.m */ = {isa = PBXFileReference; fileEncoding = 4; lastKnownFileType = sourcecode.c.objc; path = MXJingleVideoView.m; sourceTree = "<group>"; };
		323E0C551A2F6E7D00A31D73 /* MXRoomPowerLevels.h */ = {isa = PBXFileReference; fileEncoding = 4; lastKnownFileType = sourcecode.c.h; path = MXRoomPowerLevels.h; sourceTree = "<group>"; };
		323E0C561A2F6E7D00A31D73 /* MXRoomPowerLevels.m */ = {isa = PBXFileReference; fileEncoding = 4; lastKnownFileType = sourcecode.c.objc; path = MXRoomPowerLevels.m; sourceTree = "<group>"; };
		323E0C591A306D7A00A31D73 /* MXEvent.h */ = {isa = PBXFileReference; fileEncoding = 4; lastKnownFileType = sourcecode.c.h; path = MXEvent.h; sourceTree = "<group>"; };
		323E0C5A1A306D7A00A31D73 /* MXEvent.m */ = {isa = PBXFileReference; fileEncoding = 4; lastKnownFileType = sourcecode.c.objc; path = MXEvent.m; sourceTree = "<group>"; };
		323EF7461C7CB4C7000DC98C /* MXEventTimelineTests.m */ = {isa = PBXFileReference; fileEncoding = 4; lastKnownFileType = sourcecode.c.objc; path = MXEventTimelineTests.m; sourceTree = "<group>"; };
		3240951E1AFA432F00D81C97 /* MXCallStackCall.h */ = {isa = PBXFileReference; fileEncoding = 4; lastKnownFileType = sourcecode.c.h; path = MXCallStackCall.h; sourceTree = "<group>"; };
		3245A74C1AF7B2930001D8A7 /* MXCall.h */ = {isa = PBXFileReference; fileEncoding = 4; lastKnownFileType = sourcecode.c.h; path = MXCall.h; sourceTree = "<group>"; };
		3245A74D1AF7B2930001D8A7 /* MXCall.m */ = {isa = PBXFileReference; fileEncoding = 4; lastKnownFileType = sourcecode.c.objc; path = MXCall.m; sourceTree = "<group>"; };
		3245A74E1AF7B2930001D8A7 /* MXCallManager.h */ = {isa = PBXFileReference; fileEncoding = 4; lastKnownFileType = sourcecode.c.h; path = MXCallManager.h; sourceTree = "<group>"; };
		3245A74F1AF7B2930001D8A7 /* MXCallManager.m */ = {isa = PBXFileReference; fileEncoding = 4; lastKnownFileType = sourcecode.c.objc; path = MXCallManager.m; sourceTree = "<group>"; };
		3246BDC41A1A0789000A7D62 /* MXRoomStateDynamicTests.m */ = {isa = PBXFileReference; fileEncoding = 4; lastKnownFileType = sourcecode.c.objc; path = MXRoomStateDynamicTests.m; sourceTree = "<group>"; };
		32481A821C03572900782AD3 /* MXRoomAccountData.h */ = {isa = PBXFileReference; fileEncoding = 4; lastKnownFileType = sourcecode.c.h; path = MXRoomAccountData.h; sourceTree = "<group>"; };
		32481A831C03572900782AD3 /* MXRoomAccountData.m */ = {isa = PBXFileReference; fileEncoding = 4; lastKnownFileType = sourcecode.c.objc; path = MXRoomAccountData.m; sourceTree = "<group>"; };
		325653821A2E14ED00CC0423 /* MXStoreTests.m */ = {isa = PBXFileReference; fileEncoding = 4; lastKnownFileType = sourcecode.c.objc; path = MXStoreTests.m; sourceTree = "<group>"; };
		326056831C76FDF1009D44AD /* MXEventTimeline.h */ = {isa = PBXFileReference; fileEncoding = 4; lastKnownFileType = sourcecode.c.h; path = MXEventTimeline.h; sourceTree = "<group>"; };
		326056841C76FDF1009D44AD /* MXEventTimeline.m */ = {isa = PBXFileReference; fileEncoding = 4; lastKnownFileType = sourcecode.c.objc; path = MXEventTimeline.m; sourceTree = "<group>"; };
		3264DB8F1CEC528D00B99881 /* MXAccountData.h */ = {isa = PBXFileReference; fileEncoding = 4; lastKnownFileType = sourcecode.c.h; path = MXAccountData.h; sourceTree = "<group>"; };
		3264DB901CEC528D00B99881 /* MXAccountData.m */ = {isa = PBXFileReference; fileEncoding = 4; lastKnownFileType = sourcecode.c.objc; path = MXAccountData.m; sourceTree = "<group>"; };
		3264DB931CECA72900B99881 /* MXAccountDataTests.m */ = {isa = PBXFileReference; fileEncoding = 4; lastKnownFileType = sourcecode.c.objc; path = MXAccountDataTests.m; sourceTree = "<group>"; };
		3264E29E1BDF8D1500F89A86 /* MXCoreDataRoomState.h */ = {isa = PBXFileReference; fileEncoding = 4; lastKnownFileType = sourcecode.c.h; path = MXCoreDataRoomState.h; sourceTree = "<group>"; };
		3264E29F1BDF8D1500F89A86 /* MXCoreDataRoomState.m */ = {isa = PBXFileReference; fileEncoding = 4; lastKnownFileType = sourcecode.c.objc; path = MXCoreDataRoomState.m; sourceTree = "<group>"; };
		3264E2A01BDF8D1500F89A86 /* MXCoreDataRoomState+CoreDataProperties.h */ = {isa = PBXFileReference; fileEncoding = 4; lastKnownFileType = sourcecode.c.h; path = "MXCoreDataRoomState+CoreDataProperties.h"; sourceTree = "<group>"; };
		3264E2A11BDF8D1500F89A86 /* MXCoreDataRoomState+CoreDataProperties.m */ = {isa = PBXFileReference; fileEncoding = 4; lastKnownFileType = sourcecode.c.objc; path = "MXCoreDataRoomState+CoreDataProperties.m"; sourceTree = "<group>"; };
		3265CB361A14C43E00E24B2F /* MXRoomState.h */ = {isa = PBXFileReference; fileEncoding = 4; lastKnownFileType = sourcecode.c.h; path = MXRoomState.h; sourceTree = "<group>"; };
		3265CB371A14C43E00E24B2F /* MXRoomState.m */ = {isa = PBXFileReference; fileEncoding = 4; lastKnownFileType = sourcecode.c.objc; path = MXRoomState.m; sourceTree = "<group>"; };
		3265CB3A1A151C3800E24B2F /* MXRoomStateTests.m */ = {isa = PBXFileReference; fileEncoding = 4; lastKnownFileType = sourcecode.c.objc; path = MXRoomStateTests.m; sourceTree = "<group>"; };
		326D1EF41BFC79300030947B /* MXPushRuleTests.m */ = {isa = PBXFileReference; fileEncoding = 4; lastKnownFileType = sourcecode.c.objc; path = MXPushRuleTests.m; sourceTree = "<group>"; };
		327137231A24BDDE00DB6757 /* MXUserTests.m */ = {isa = PBXFileReference; fileEncoding = 4; lastKnownFileType = sourcecode.c.objc; path = MXUserTests.m; sourceTree = "<group>"; };
		327137251A24D50A00DB6757 /* MXMyUser.h */ = {isa = PBXFileReference; fileEncoding = 4; lastKnownFileType = sourcecode.c.h; path = MXMyUser.h; sourceTree = "<group>"; };
		327137261A24D50A00DB6757 /* MXMyUser.m */ = {isa = PBXFileReference; fileEncoding = 4; lastKnownFileType = sourcecode.c.objc; path = MXMyUser.m; sourceTree = "<group>"; };
		327E37B41A974F75007F026F /* MXLogger.h */ = {isa = PBXFileReference; fileEncoding = 4; lastKnownFileType = sourcecode.c.h; path = MXLogger.h; sourceTree = "<group>"; };
		327E37B51A974F75007F026F /* MXLogger.m */ = {isa = PBXFileReference; fileEncoding = 4; lastKnownFileType = sourcecode.c.objc; path = MXLogger.m; sourceTree = "<group>"; };
		327E37B81A977810007F026F /* MXLoggerTests.m */ = {isa = PBXFileReference; fileEncoding = 4; lastKnownFileType = sourcecode.c.objc; path = MXLoggerTests.m; sourceTree = "<group>"; };
		327F8DB01C6112BA00581CA3 /* MXRoomThirdPartyInvite.h */ = {isa = PBXFileReference; fileEncoding = 4; lastKnownFileType = sourcecode.c.h; path = MXRoomThirdPartyInvite.h; sourceTree = "<group>"; };
		327F8DB11C6112BA00581CA3 /* MXRoomThirdPartyInvite.m */ = {isa = PBXFileReference; fileEncoding = 4; lastKnownFileType = sourcecode.c.objc; path = MXRoomThirdPartyInvite.m; sourceTree = "<group>"; };
		3281E89D19E299C000976E1A /* MXErrorTests.m */ = {isa = PBXFileReference; fileEncoding = 4; lastKnownFileType = sourcecode.c.objc; path = MXErrorTests.m; sourceTree = "<group>"; };
		3281E89F19E2CC1200976E1A /* MXHTTPClientTests.m */ = {isa = PBXFileReference; fileEncoding = 4; lastKnownFileType = sourcecode.c.objc; path = MXHTTPClientTests.m; sourceTree = "<group>"; };
		3281E8A119E2DE4300976E1A /* MXSessionTests.m */ = {isa = PBXFileReference; fileEncoding = 4; lastKnownFileType = sourcecode.c.objc; lineEnding = 0; path = MXSessionTests.m; sourceTree = "<group>"; xcLanguageSpecificationIdentifier = xcode.lang.objc; };
		3281E8A619E41A2000976E1A /* MatrixSDKTestsData.h */ = {isa = PBXFileReference; fileEncoding = 4; lastKnownFileType = sourcecode.c.h; lineEnding = 0; path = MatrixSDKTestsData.h; sourceTree = "<group>"; xcLanguageSpecificationIdentifier = xcode.lang.objcpp; };
		3281E8A719E41A2000976E1A /* MatrixSDKTestsData.m */ = {isa = PBXFileReference; fileEncoding = 4; lastKnownFileType = sourcecode.c.objc; lineEnding = 0; path = MatrixSDKTestsData.m; sourceTree = "<group>"; xcLanguageSpecificationIdentifier = xcode.lang.objc; };
		3281E8B319E42DFE00976E1A /* MXJSONModel.h */ = {isa = PBXFileReference; fileEncoding = 4; lastKnownFileType = sourcecode.c.h; path = MXJSONModel.h; sourceTree = "<group>"; };
		3281E8B419E42DFE00976E1A /* MXJSONModel.m */ = {isa = PBXFileReference; fileEncoding = 4; lastKnownFileType = sourcecode.c.objc; path = MXJSONModel.m; sourceTree = "<group>"; };
		3281E8B519E42DFE00976E1A /* MXJSONModels.h */ = {isa = PBXFileReference; fileEncoding = 4; lastKnownFileType = sourcecode.c.h; lineEnding = 0; path = MXJSONModels.h; sourceTree = "<group>"; };
		3281E8B619E42DFE00976E1A /* MXJSONModels.m */ = {isa = PBXFileReference; fileEncoding = 4; lastKnownFileType = sourcecode.c.objc; path = MXJSONModels.m; sourceTree = "<group>"; };
		32832B581BCC048300241108 /* MXStoreFileStoreTests.m */ = {isa = PBXFileReference; fileEncoding = 4; lastKnownFileType = sourcecode.c.objc; path = MXStoreFileStoreTests.m; sourceTree = "<group>"; };
		32832B591BCC048300241108 /* MXStoreMemoryStoreTests.m */ = {isa = PBXFileReference; fileEncoding = 4; lastKnownFileType = sourcecode.c.objc; path = MXStoreMemoryStoreTests.m; sourceTree = "<group>"; };
		32832B5A1BCC048300241108 /* MXStoreNoStoreTests.m */ = {isa = PBXFileReference; fileEncoding = 4; lastKnownFileType = sourcecode.c.objc; path = MXStoreNoStoreTests.m; sourceTree = "<group>"; };
		32832B5B1BCC048300241108 /* MXStoreTests.h */ = {isa = PBXFileReference; fileEncoding = 4; lastKnownFileType = sourcecode.c.h; path = MXStoreTests.h; sourceTree = "<group>"; };
		328DDEC01A07E57E008C7DC8 /* MXJSONModelTests.m */ = {isa = PBXFileReference; fileEncoding = 4; lastKnownFileType = sourcecode.c.objc; path = MXJSONModelTests.m; sourceTree = "<group>"; };
		3291D4D21A68FFEB00C3BA41 /* MXFileRoomStore.h */ = {isa = PBXFileReference; fileEncoding = 4; lastKnownFileType = sourcecode.c.h; path = MXFileRoomStore.h; sourceTree = "<group>"; };
		3291D4D31A68FFEB00C3BA41 /* MXFileRoomStore.m */ = {isa = PBXFileReference; fileEncoding = 4; lastKnownFileType = sourcecode.c.objc; path = MXFileRoomStore.m; sourceTree = "<group>"; };
		329571921B0240CE00ABB3BA /* MXVoIPTests.m */ = {isa = PBXFileReference; fileEncoding = 4; lastKnownFileType = sourcecode.c.objc; path = MXVoIPTests.m; sourceTree = "<group>"; };
		329571951B024D2B00ABB3BA /* MXMockCallStack.h */ = {isa = PBXFileReference; fileEncoding = 4; lastKnownFileType = sourcecode.c.h; path = MXMockCallStack.h; sourceTree = "<group>"; };
		329571961B024D2B00ABB3BA /* MXMockCallStack.m */ = {isa = PBXFileReference; fileEncoding = 4; lastKnownFileType = sourcecode.c.objc; path = MXMockCallStack.m; sourceTree = "<group>"; };
		329571971B024D2B00ABB3BA /* MXMockCallStackCall.h */ = {isa = PBXFileReference; fileEncoding = 4; lastKnownFileType = sourcecode.c.h; path = MXMockCallStackCall.h; sourceTree = "<group>"; };
		329571981B024D2B00ABB3BA /* MXMockCallStackCall.m */ = {isa = PBXFileReference; fileEncoding = 4; lastKnownFileType = sourcecode.c.objc; path = MXMockCallStackCall.m; sourceTree = "<group>"; };
		329B2ABB1D3FB01D002D546F /* MXJingleCallStack.h */ = {isa = PBXFileReference; fileEncoding = 4; lastKnownFileType = sourcecode.c.h; path = MXJingleCallStack.h; sourceTree = "<group>"; };
		329B2ABC1D3FB01D002D546F /* MXJingleCallStack.m */ = {isa = PBXFileReference; fileEncoding = 4; lastKnownFileType = sourcecode.c.objc; path = MXJingleCallStack.m; sourceTree = "<group>"; };
		329B2ABD1D3FB01D002D546F /* MXJingleCallStackCall.h */ = {isa = PBXFileReference; fileEncoding = 4; lastKnownFileType = sourcecode.c.h; path = MXJingleCallStackCall.h; sourceTree = "<group>"; };
		329B2ABE1D3FB01D002D546F /* MXJingleCallStackCall.m */ = {isa = PBXFileReference; fileEncoding = 4; lastKnownFileType = sourcecode.c.objc; path = MXJingleCallStackCall.m; sourceTree = "<group>"; };
		329FB1731A0A3A1600A5E88E /* MXRoomMember.h */ = {isa = PBXFileReference; fileEncoding = 4; lastKnownFileType = sourcecode.c.h; path = MXRoomMember.h; sourceTree = "<group>"; };
		329FB1741A0A3A1600A5E88E /* MXRoomMember.m */ = {isa = PBXFileReference; fileEncoding = 4; lastKnownFileType = sourcecode.c.objc; path = MXRoomMember.m; sourceTree = "<group>"; };
		329FB1771A0A74B100A5E88E /* MXTools.h */ = {isa = PBXFileReference; fileEncoding = 4; lastKnownFileType = sourcecode.c.h; path = MXTools.h; sourceTree = "<group>"; };
		329FB1781A0A74B100A5E88E /* MXTools.m */ = {isa = PBXFileReference; fileEncoding = 4; lastKnownFileType = sourcecode.c.objc; path = MXTools.m; sourceTree = "<group>"; };
		329FB17B1A0A963700A5E88E /* MXRoomMemberTests.m */ = {isa = PBXFileReference; fileEncoding = 4; lastKnownFileType = sourcecode.c.objc; path = MXRoomMemberTests.m; sourceTree = "<group>"; };
		329FB17D1A0B665800A5E88E /* MXUser.h */ = {isa = PBXFileReference; fileEncoding = 4; lastKnownFileType = sourcecode.c.h; path = MXUser.h; sourceTree = "<group>"; };
		329FB17E1A0B665800A5E88E /* MXUser.m */ = {isa = PBXFileReference; fileEncoding = 4; lastKnownFileType = sourcecode.c.objc; path = MXUser.m; sourceTree = "<group>"; };
		32A27D1E19EC335300BAFADE /* MXRoomTests.m */ = {isa = PBXFileReference; fileEncoding = 4; lastKnownFileType = sourcecode.c.objc; lineEnding = 0; path = MXRoomTests.m; sourceTree = "<group>"; xcLanguageSpecificationIdentifier = xcode.lang.objc; };
		32BED28E1B00A23F00E668FE /* MXCallStack.h */ = {isa = PBXFileReference; fileEncoding = 4; lastKnownFileType = sourcecode.c.h; path = MXCallStack.h; sourceTree = "<group>"; };
		32C6F92D19DD814400EA4E9C /* MatrixSDK.framework */ = {isa = PBXFileReference; explicitFileType = wrapper.framework; includeInIndex = 0; path = MatrixSDK.framework; sourceTree = BUILT_PRODUCTS_DIR; };
		32C6F93119DD814400EA4E9C /* Info.plist */ = {isa = PBXFileReference; lastKnownFileType = text.plist.xml; path = Info.plist; sourceTree = "<group>"; };
		32C6F93219DD814400EA4E9C /* MatrixSDK.h */ = {isa = PBXFileReference; lastKnownFileType = sourcecode.c.h; path = MatrixSDK.h; sourceTree = "<group>"; };
		32C6F93819DD814400EA4E9C /* MatrixSDKTests.xctest */ = {isa = PBXFileReference; explicitFileType = wrapper.cfbundle; includeInIndex = 0; path = MatrixSDKTests.xctest; sourceTree = BUILT_PRODUCTS_DIR; };
		32C6F93B19DD814400EA4E9C /* Info.plist */ = {isa = PBXFileReference; lastKnownFileType = text.plist.xml; path = Info.plist; sourceTree = "<group>"; };
		32CAB1051A91EA34008C5BB9 /* MXPushRuleRoomMemberCountConditionChecker.h */ = {isa = PBXFileReference; fileEncoding = 4; lastKnownFileType = sourcecode.c.h; path = MXPushRuleRoomMemberCountConditionChecker.h; sourceTree = "<group>"; };
		32CAB1061A91EA34008C5BB9 /* MXPushRuleRoomMemberCountConditionChecker.m */ = {isa = PBXFileReference; fileEncoding = 4; lastKnownFileType = sourcecode.c.objc; path = MXPushRuleRoomMemberCountConditionChecker.m; sourceTree = "<group>"; };
		32CAB1091A925B41008C5BB9 /* MXHTTPOperation.h */ = {isa = PBXFileReference; fileEncoding = 4; lastKnownFileType = sourcecode.c.h; path = MXHTTPOperation.h; sourceTree = "<group>"; };
		32CAB10A1A925B41008C5BB9 /* MXHTTPOperation.m */ = {isa = PBXFileReference; fileEncoding = 4; lastKnownFileType = sourcecode.c.objc; path = MXHTTPOperation.m; sourceTree = "<group>"; };
		32CE6FB61A409B1F00317F1E /* MXFileStoreMetaData.h */ = {isa = PBXFileReference; fileEncoding = 4; lastKnownFileType = sourcecode.c.h; path = MXFileStoreMetaData.h; sourceTree = "<group>"; };
		32CE6FB71A409B1F00317F1E /* MXFileStoreMetaData.m */ = {isa = PBXFileReference; fileEncoding = 4; lastKnownFileType = sourcecode.c.objc; path = MXFileStoreMetaData.m; sourceTree = "<group>"; };
		32D7767B1A27860600FC4AA2 /* MXMemoryStore.h */ = {isa = PBXFileReference; fileEncoding = 4; lastKnownFileType = sourcecode.c.h; path = MXMemoryStore.h; sourceTree = "<group>"; };
		32D7767C1A27860600FC4AA2 /* MXMemoryStore.m */ = {isa = PBXFileReference; fileEncoding = 4; lastKnownFileType = sourcecode.c.objc; path = MXMemoryStore.m; sourceTree = "<group>"; };
		32D7767F1A27877300FC4AA2 /* MXMemoryRoomStore.h */ = {isa = PBXFileReference; fileEncoding = 4; lastKnownFileType = sourcecode.c.h; path = MXMemoryRoomStore.h; sourceTree = "<group>"; };
		32D776801A27877300FC4AA2 /* MXMemoryRoomStore.m */ = {isa = PBXFileReference; fileEncoding = 4; lastKnownFileType = sourcecode.c.objc; path = MXMemoryRoomStore.m; sourceTree = "<group>"; };
		32D8CAC119DEE6ED002AF8A0 /* MXRestClientNoAuthAPITests.m */ = {isa = PBXFileReference; fileEncoding = 4; lastKnownFileType = sourcecode.c.objc; lineEnding = 0; path = MXRestClientNoAuthAPITests.m; sourceTree = "<group>"; xcLanguageSpecificationIdentifier = xcode.lang.objc; };
		32DC15CC1A8CF7AE006F9AD3 /* MXPushRuleConditionChecker.h */ = {isa = PBXFileReference; fileEncoding = 4; lastKnownFileType = sourcecode.c.h; path = MXPushRuleConditionChecker.h; sourceTree = "<group>"; };
		32DC15CD1A8CF7AE006F9AD3 /* MXNotificationCenter.h */ = {isa = PBXFileReference; fileEncoding = 4; lastKnownFileType = sourcecode.c.h; path = MXNotificationCenter.h; sourceTree = "<group>"; };
		32DC15CE1A8CF7AE006F9AD3 /* MXNotificationCenter.m */ = {isa = PBXFileReference; fileEncoding = 4; lastKnownFileType = sourcecode.c.objc; path = MXNotificationCenter.m; sourceTree = "<group>"; };
		32DC15D21A8CF874006F9AD3 /* MXPushRuleEventMatchConditionChecker.h */ = {isa = PBXFileReference; fileEncoding = 4; lastKnownFileType = sourcecode.c.h; path = MXPushRuleEventMatchConditionChecker.h; sourceTree = "<group>"; };
		32DC15D31A8CF874006F9AD3 /* MXPushRuleEventMatchConditionChecker.m */ = {isa = PBXFileReference; fileEncoding = 4; lastKnownFileType = sourcecode.c.objc; path = MXPushRuleEventMatchConditionChecker.m; sourceTree = "<group>"; };
		32DC15D61A8DFF0D006F9AD3 /* MXNotificationCenterTests.m */ = {isa = PBXFileReference; fileEncoding = 4; lastKnownFileType = sourcecode.c.objc; path = MXNotificationCenterTests.m; sourceTree = "<group>"; };
		32E226A41D06AC9F00E6CA54 /* MXPeekingRoom.h */ = {isa = PBXFileReference; fileEncoding = 4; lastKnownFileType = sourcecode.c.h; path = MXPeekingRoom.h; sourceTree = "<group>"; };
		32E226A51D06AC9F00E6CA54 /* MXPeekingRoom.m */ = {isa = PBXFileReference; fileEncoding = 4; lastKnownFileType = sourcecode.c.objc; path = MXPeekingRoom.m; sourceTree = "<group>"; };
		32E226A81D081CE200E6CA54 /* MXPeekingRoomTests.m */ = {isa = PBXFileReference; fileEncoding = 4; lastKnownFileType = sourcecode.c.objc; path = MXPeekingRoomTests.m; sourceTree = "<group>"; };
		32F1FE9AF82A426C2EAED587 /* Pods-MatrixSDK.release.xcconfig */ = {isa = PBXFileReference; includeInIndex = 1; lastKnownFileType = text.xcconfig; name = "Pods-MatrixSDK.release.xcconfig"; path = "Pods/Target Support Files/Pods-MatrixSDK/Pods-MatrixSDK.release.xcconfig"; sourceTree = "<group>"; };
		32FCAB4C19E578860049C555 /* MXRestClientTests.m */ = {isa = PBXFileReference; fileEncoding = 4; lastKnownFileType = sourcecode.c.objc; lineEnding = 0; path = MXRestClientTests.m; sourceTree = "<group>"; xcLanguageSpecificationIdentifier = xcode.lang.objc; };
		32FE41341D0AB7070060835E /* MXEnumConstants.h */ = {isa = PBXFileReference; fileEncoding = 4; lastKnownFileType = sourcecode.c.h; path = MXEnumConstants.h; sourceTree = "<group>"; };
		32FE41351D0AB7070060835E /* MXEnumConstants.m */ = {isa = PBXFileReference; fileEncoding = 4; lastKnownFileType = sourcecode.c.objc; path = MXEnumConstants.m; sourceTree = "<group>"; };
		3ABDD5D65684E6B7F52FB94E /* libPods-MatrixSDKTests.a */ = {isa = PBXFileReference; explicitFileType = archive.ar; includeInIndex = 0; path = "libPods-MatrixSDKTests.a"; sourceTree = BUILT_PRODUCTS_DIR; };
		71DE22DC1BC7C51200284153 /* MXReceiptData.m */ = {isa = PBXFileReference; fileEncoding = 4; lastKnownFileType = sourcecode.c.objc; path = MXReceiptData.m; sourceTree = "<group>"; };
		71DE22DD1BC7C51200284153 /* MXReceiptData.h */ = {isa = PBXFileReference; fileEncoding = 4; lastKnownFileType = sourcecode.c.h; path = MXReceiptData.h; sourceTree = "<group>"; };
		B1F1AE550CF4C15B653DDE6E /* Pods-MatrixSDKTests.debug.xcconfig */ = {isa = PBXFileReference; includeInIndex = 1; lastKnownFileType = text.xcconfig; name = "Pods-MatrixSDKTests.debug.xcconfig"; path = "Pods/Target Support Files/Pods-MatrixSDKTests/Pods-MatrixSDKTests.debug.xcconfig"; sourceTree = "<group>"; };
		E1674C6FF8BBF074E7F76059 /* libPods-MatrixSDK.a */ = {isa = PBXFileReference; explicitFileType = archive.ar; includeInIndex = 0; path = "libPods-MatrixSDK.a"; sourceTree = BUILT_PRODUCTS_DIR; };
		F0C34CB91C18C80000C36F09 /* MXSDKOptions.h */ = {isa = PBXFileReference; lastKnownFileType = sourcecode.c.h; path = MXSDKOptions.h; sourceTree = "<group>"; };
		F0C34CBA1C18C93700C36F09 /* MXSDKOptions.m */ = {isa = PBXFileReference; fileEncoding = 4; lastKnownFileType = sourcecode.c.objc; path = MXSDKOptions.m; sourceTree = "<group>"; };
/* End PBXFileReference section */

/* Begin PBXFrameworksBuildPhase section */
		32C6F92919DD814400EA4E9C /* Frameworks */ = {
			isa = PBXFrameworksBuildPhase;
			buildActionMask = 2147483647;
			files = (
				A23A8594855481FEFA0E9A22 /* libPods-MatrixSDK.a in Frameworks */,
			);
			runOnlyForDeploymentPostprocessing = 0;
		};
		32C6F93519DD814400EA4E9C /* Frameworks */ = {
			isa = PBXFrameworksBuildPhase;
			buildActionMask = 2147483647;
			files = (
				3226DC3819DEED3B00866530 /* MatrixSDK.framework in Frameworks */,
				D123DC2791F0EAF08F70C207 /* libPods-MatrixSDKTests.a in Frameworks */,
			);
			runOnlyForDeploymentPostprocessing = 0;
		};
/* End PBXFrameworksBuildPhase section */

/* Begin PBXGroup section */
		238F35931D935D88B55C4FBC /* Pods */ = {
			isa = PBXGroup;
			children = (
				2BF02FACC417CA3368671024 /* Pods-MatrixSDK.debug.xcconfig */,
				32F1FE9AF82A426C2EAED587 /* Pods-MatrixSDK.release.xcconfig */,
				B1F1AE550CF4C15B653DDE6E /* Pods-MatrixSDKTests.debug.xcconfig */,
				0BCFBADF157F3C8C43112BD6 /* Pods-MatrixSDKTests.release.xcconfig */,
			);
			name = Pods;
			sourceTree = "<group>";
		};
		320DFDC719DD99B60068622A /* Data */ = {
			isa = PBXGroup;
			children = (
				32114A831A262CE000FF2EC4 /* Store */,
				320DFDCA19DD99B60068622A /* MXRoom.h */,
				320DFDCB19DD99B60068622A /* MXRoom.m */,
				32E226A41D06AC9F00E6CA54 /* MXPeekingRoom.h */,
				32E226A51D06AC9F00E6CA54 /* MXPeekingRoom.m */,
				3265CB361A14C43E00E24B2F /* MXRoomState.h */,
				3265CB371A14C43E00E24B2F /* MXRoomState.m */,
				32481A821C03572900782AD3 /* MXRoomAccountData.h */,
				32481A831C03572900782AD3 /* MXRoomAccountData.m */,
				3220093619EFA4C9008DE41D /* MXEventListener.h */,
				3220093719EFA4C9008DE41D /* MXEventListener.m */,
				326056831C76FDF1009D44AD /* MXEventTimeline.h */,
				326056841C76FDF1009D44AD /* MXEventTimeline.m */,
				3220094319EFBF30008DE41D /* MXSessionEventListener.h */,
				3220094419EFBF30008DE41D /* MXSessionEventListener.m */,
				329FB1731A0A3A1600A5E88E /* MXRoomMember.h */,
				329FB1741A0A3A1600A5E88E /* MXRoomMember.m */,
				327F8DB01C6112BA00581CA3 /* MXRoomThirdPartyInvite.h */,
				327F8DB11C6112BA00581CA3 /* MXRoomThirdPartyInvite.m */,
				3264DB8F1CEC528D00B99881 /* MXAccountData.h */,
				3264DB901CEC528D00B99881 /* MXAccountData.m */,
				329FB17D1A0B665800A5E88E /* MXUser.h */,
				329FB17E1A0B665800A5E88E /* MXUser.m */,
				327137251A24D50A00DB6757 /* MXMyUser.h */,
				327137261A24D50A00DB6757 /* MXMyUser.m */,
			);
			path = Data;
			sourceTree = "<group>";
		};
		320DFDD619DD99B60068622A /* Utils */ = {
			isa = PBXGroup;
			children = (
				320DFDD719DD99B60068622A /* MXHTTPClient.h */,
				320DFDD819DD99B60068622A /* MXHTTPClient.m */,
				32CAB1091A925B41008C5BB9 /* MXHTTPOperation.h */,
				32CAB10A1A925B41008C5BB9 /* MXHTTPOperation.m */,
				329FB1771A0A74B100A5E88E /* MXTools.h */,
				329FB1781A0A74B100A5E88E /* MXTools.m */,
				327E37B41A974F75007F026F /* MXLogger.h */,
				327E37B51A974F75007F026F /* MXLogger.m */,
			);
			path = Utils;
			sourceTree = "<group>";
		};
		32114A831A262CE000FF2EC4 /* Store */ = {
			isa = PBXGroup;
			children = (
				32114A841A262CE000FF2EC4 /* MXStore.h */,
				320BBF2B1D672EEC0079890E /* MXStoreEventsEnumerator.h */,
				32114A861A262E5200FF2EC4 /* MXNoStore */,
				32D7767A1A2785CE00FC4AA2 /* MXMemoryStore */,
				3233606C1A403A0D0071A488 /* MXFileStore */,
				323B2ACA1BCD3EF000B11F34 /* MXCoreDataStore */,
			);
			path = Store;
			sourceTree = "<group>";
		};
		32114A861A262E5200FF2EC4 /* MXNoStore */ = {
			isa = PBXGroup;
			children = (
				32114A8D1A262ECB00FF2EC4 /* MXNoStore.h */,
				32114A8E1A262ECB00FF2EC4 /* MXNoStore.m */,
			);
			path = MXNoStore;
			sourceTree = "<group>";
		};
		3233606C1A403A0D0071A488 /* MXFileStore */ = {
			isa = PBXGroup;
			children = (
				3233606D1A403A0D0071A488 /* MXFileStore.h */,
				3233606E1A403A0D0071A488 /* MXFileStore.m */,
				3291D4D21A68FFEB00C3BA41 /* MXFileRoomStore.h */,
				3291D4D31A68FFEB00C3BA41 /* MXFileRoomStore.m */,
				32CE6FB61A409B1F00317F1E /* MXFileStoreMetaData.h */,
				32CE6FB71A409B1F00317F1E /* MXFileStoreMetaData.m */,
			);
			path = MXFileStore;
			sourceTree = "<group>";
		};
		323B2ACA1BCD3EF000B11F34 /* MXCoreDataStore */ = {
			isa = PBXGroup;
			children = (
				32169A9F1BD4D0E30077868B /* MXCoreDataStore.xcdatamodeld */,
				323B2ACB1BCD3EF000B11F34 /* MXCoreDataStore.h */,
				323B2ACC1BCD3EF000B11F34 /* MXCoreDataStore.m */,
				323B2AF21BCE8AC800B11F34 /* MXCoreDataRoom+CoreDataProperties.h */,
				323B2AF31BCE8AC800B11F34 /* MXCoreDataRoom+CoreDataProperties.m */,
				323B2AF41BCE8AC800B11F34 /* MXCoreDataRoom.h */,
				323B2AF51BCE8AC800B11F34 /* MXCoreDataRoom.m */,
				3264E29E1BDF8D1500F89A86 /* MXCoreDataRoomState.h */,
				3264E29F1BDF8D1500F89A86 /* MXCoreDataRoomState.m */,
				3264E2A01BDF8D1500F89A86 /* MXCoreDataRoomState+CoreDataProperties.h */,
				3264E2A11BDF8D1500F89A86 /* MXCoreDataRoomState+CoreDataProperties.m */,
				323B2ADB1BCD4CB600B11F34 /* MXCoreDataAccount+CoreDataProperties.h */,
				323B2ADC1BCD4CB600B11F34 /* MXCoreDataAccount+CoreDataProperties.m */,
				323B2ADD1BCD4CB600B11F34 /* MXCoreDataAccount.h */,
				323B2ADE1BCD4CB600B11F34 /* MXCoreDataAccount.m */,
				323B2AFA1BCE9B6700B11F34 /* MXCoreDataEvent+CoreDataProperties.h */,
				323B2AFB1BCE9B6700B11F34 /* MXCoreDataEvent+CoreDataProperties.m */,
				323B2AFC1BCE9B6700B11F34 /* MXCoreDataEvent.h */,
				323B2AFD1BCE9B6700B11F34 /* MXCoreDataEvent.m */,
			);
			path = MXCoreDataStore;
			sourceTree = "<group>";
		};
		3240951D1AFA432F00D81C97 /* CallStack */ = {
			isa = PBXGroup;
			children = (
				32BED28E1B00A23F00E668FE /* MXCallStack.h */,
				3240951E1AFA432F00D81C97 /* MXCallStackCall.h */,
				329B2ABA1D3FB01D002D546F /* Jingle */,
			);
			path = CallStack;
			sourceTree = "<group>";
		};
		3245A74B1AF7B2930001D8A7 /* VoIP */ = {
			isa = PBXGroup;
			children = (
				3240951D1AFA432F00D81C97 /* CallStack */,
				3245A74C1AF7B2930001D8A7 /* MXCall.h */,
				3245A74D1AF7B2930001D8A7 /* MXCall.m */,
				3245A74E1AF7B2930001D8A7 /* MXCallManager.h */,
				3245A74F1AF7B2930001D8A7 /* MXCallManager.m */,
			);
			path = VoIP;
			sourceTree = "<group>";
		};
		3281E8B219E42DFE00976E1A /* JSONModels */ = {
			isa = PBXGroup;
			children = (
				3281E8B319E42DFE00976E1A /* MXJSONModel.h */,
				3281E8B419E42DFE00976E1A /* MXJSONModel.m */,
				3281E8B519E42DFE00976E1A /* MXJSONModels.h */,
				3281E8B619E42DFE00976E1A /* MXJSONModels.m */,
				323E0C591A306D7A00A31D73 /* MXEvent.h */,
				323E0C5A1A306D7A00A31D73 /* MXEvent.m */,
				323E0C551A2F6E7D00A31D73 /* MXRoomPowerLevels.h */,
				323E0C561A2F6E7D00A31D73 /* MXRoomPowerLevels.m */,
			);
			path = JSONModels;
			sourceTree = "<group>";
		};
		329571941B024D2B00ABB3BA /* Mocks */ = {
			isa = PBXGroup;
			children = (
				329571951B024D2B00ABB3BA /* MXMockCallStack.h */,
				329571961B024D2B00ABB3BA /* MXMockCallStack.m */,
				329571971B024D2B00ABB3BA /* MXMockCallStackCall.h */,
				329571981B024D2B00ABB3BA /* MXMockCallStackCall.m */,
			);
			path = Mocks;
			sourceTree = "<group>";
		};
		329B2ABA1D3FB01D002D546F /* Jingle */ = {
			isa = PBXGroup;
			children = (
				329B2ABB1D3FB01D002D546F /* MXJingleCallStack.h */,
				329B2ABC1D3FB01D002D546F /* MXJingleCallStack.m */,
				329B2ABD1D3FB01D002D546F /* MXJingleCallStackCall.h */,
				329B2ABE1D3FB01D002D546F /* MXJingleCallStackCall.m */,
				323D29981D426F7000A80BE4 /* MXJingleVideoView.h */,
				323D29991D426F7000A80BE4 /* MXJingleVideoView.m */,
			);
			path = Jingle;
			sourceTree = "<group>";
		};
		32C6F92319DD814400EA4E9C = {
			isa = PBXGroup;
			children = (
				32C6F92F19DD814400EA4E9C /* MatrixSDK */,
				32C6F93919DD814400EA4E9C /* MatrixSDKTests */,
				32C6F92E19DD814400EA4E9C /* Products */,
				238F35931D935D88B55C4FBC /* Pods */,
				9F1F634E8B36B1ED6D163B04 /* Frameworks */,
			);
			sourceTree = "<group>";
		};
		32C6F92E19DD814400EA4E9C /* Products */ = {
			isa = PBXGroup;
			children = (
				32C6F92D19DD814400EA4E9C /* MatrixSDK.framework */,
				32C6F93819DD814400EA4E9C /* MatrixSDKTests.xctest */,
			);
			name = Products;
			sourceTree = "<group>";
		};
		32C6F92F19DD814400EA4E9C /* MatrixSDK */ = {
			isa = PBXGroup;
			children = (
				320DFDC719DD99B60068622A /* Data */,
				3281E8B219E42DFE00976E1A /* JSONModels */,
				32DC15CA1A8CF7AE006F9AD3 /* NotificationCenter */,
				320DFDD619DD99B60068622A /* Utils */,
				3245A74B1AF7B2930001D8A7 /* VoIP */,
				32C6F93219DD814400EA4E9C /* MatrixSDK.h */,
				320DFDD419DD99B60068622A /* MXRestClient.h */,
				320DFDD519DD99B60068622A /* MXRestClient.m */,
				320DFDD019DD99B60068622A /* MXSession.h */,
				320DFDD119DD99B60068622A /* MXSession.m */,
				320DFDD219DD99B60068622A /* MXError.h */,
				320DFDD319DD99B60068622A /* MXError.m */,
				32FE41341D0AB7070060835E /* MXEnumConstants.h */,
				32FE41351D0AB7070060835E /* MXEnumConstants.m */,
				F0C34CB91C18C80000C36F09 /* MXSDKOptions.h */,
				F0C34CBA1C18C93700C36F09 /* MXSDKOptions.m */,
				32C6F93019DD814400EA4E9C /* Supporting Files */,
			);
			path = MatrixSDK;
			sourceTree = "<group>";
		};
		32C6F93019DD814400EA4E9C /* Supporting Files */ = {
			isa = PBXGroup;
			children = (
				32C6F93119DD814400EA4E9C /* Info.plist */,
			);
			name = "Supporting Files";
			sourceTree = "<group>";
		};
		32C6F93919DD814400EA4E9C /* MatrixSDKTests */ = {
			isa = PBXGroup;
			children = (
				32E226A81D081CE200E6CA54 /* MXPeekingRoomTests.m */,
				323EF7461C7CB4C7000DC98C /* MXEventTimelineTests.m */,
				326D1EF41BFC79300030947B /* MXPushRuleTests.m */,
				329571941B024D2B00ABB3BA /* Mocks */,
				327E37B81A977810007F026F /* MXLoggerTests.m */,
				32C6F93A19DD814400EA4E9C /* Supporting Files */,
				3281E8A619E41A2000976E1A /* MatrixSDKTestsData.h */,
				3281E8A719E41A2000976E1A /* MatrixSDKTestsData.m */,
				32D8CAC119DEE6ED002AF8A0 /* MXRestClientNoAuthAPITests.m */,
				32FCAB4C19E578860049C555 /* MXRestClientTests.m */,
				3281E89D19E299C000976E1A /* MXErrorTests.m */,
				3281E89F19E2CC1200976E1A /* MXHTTPClientTests.m */,
				3281E8A119E2DE4300976E1A /* MXSessionTests.m */,
				32A27D1E19EC335300BAFADE /* MXRoomTests.m */,
				3265CB3A1A151C3800E24B2F /* MXRoomStateTests.m */,
				3246BDC41A1A0789000A7D62 /* MXRoomStateDynamicTests.m */,
				321809B819EEBF3000377451 /* MXEventTests.m */,
				328DDEC01A07E57E008C7DC8 /* MXJSONModelTests.m */,
				329FB17B1A0A963700A5E88E /* MXRoomMemberTests.m */,
				327137231A24BDDE00DB6757 /* MXUserTests.m */,
				32114A7E1A24E15500FF2EC4 /* MXMyUserTests.m */,
				32832B5B1BCC048300241108 /* MXStoreTests.h */,
				325653821A2E14ED00CC0423 /* MXStoreTests.m */,
				32832B5A1BCC048300241108 /* MXStoreNoStoreTests.m */,
				32832B591BCC048300241108 /* MXStoreMemoryStoreTests.m */,
				32832B581BCC048300241108 /* MXStoreFileStoreTests.m */,
				323B2AD21BCD3F1400B11F34 /* MXStoreCoreDataStoreTests.m */,
				323C5A071A70E53500FB0549 /* MXToolsTests.m */,
				32DC15D61A8DFF0D006F9AD3 /* MXNotificationCenterTests.m */,
				329571921B0240CE00ABB3BA /* MXVoIPTests.m */,
				3264DB931CECA72900B99881 /* MXAccountDataTests.m */,
			);
			path = MatrixSDKTests;
			sourceTree = "<group>";
		};
		32C6F93A19DD814400EA4E9C /* Supporting Files */ = {
			isa = PBXGroup;
			children = (
				32C6F93B19DD814400EA4E9C /* Info.plist */,
			);
			name = "Supporting Files";
			sourceTree = "<group>";
		};
		32D7767A1A2785CE00FC4AA2 /* MXMemoryStore */ = {
			isa = PBXGroup;
			children = (
				32D7767B1A27860600FC4AA2 /* MXMemoryStore.h */,
				32D7767C1A27860600FC4AA2 /* MXMemoryStore.m */,
				32D7767F1A27877300FC4AA2 /* MXMemoryRoomStore.h */,
				32D776801A27877300FC4AA2 /* MXMemoryRoomStore.m */,
				71DE22DD1BC7C51200284153 /* MXReceiptData.h */,
				71DE22DC1BC7C51200284153 /* MXReceiptData.m */,
				320BBF2D1D6738420079890E /* MXMemoryRoomStoreEventsEnumerator.h */,
				320BBF2E1D6738420079890E /* MXMemoryRoomStoreEventsEnumerator.m */,
			);
			path = MXMemoryStore;
			sourceTree = "<group>";
		};
		32DC15CA1A8CF7AE006F9AD3 /* NotificationCenter */ = {
			isa = PBXGroup;
			children = (
				32DC15CB1A8CF7AE006F9AD3 /* Checker */,
				32DC15CD1A8CF7AE006F9AD3 /* MXNotificationCenter.h */,
				32DC15CE1A8CF7AE006F9AD3 /* MXNotificationCenter.m */,
			);
			path = NotificationCenter;
			sourceTree = "<group>";
		};
		32DC15CB1A8CF7AE006F9AD3 /* Checker */ = {
			isa = PBXGroup;
			children = (
				32DC15CC1A8CF7AE006F9AD3 /* MXPushRuleConditionChecker.h */,
				32DC15D21A8CF874006F9AD3 /* MXPushRuleEventMatchConditionChecker.h */,
				32DC15D31A8CF874006F9AD3 /* MXPushRuleEventMatchConditionChecker.m */,
				322360501A8E610500A3CA81 /* MXPushRuleDisplayNameCondtionChecker.h */,
				322360511A8E610500A3CA81 /* MXPushRuleDisplayNameCondtionChecker.m */,
				32CAB1051A91EA34008C5BB9 /* MXPushRuleRoomMemberCountConditionChecker.h */,
				32CAB1061A91EA34008C5BB9 /* MXPushRuleRoomMemberCountConditionChecker.m */,
			);
			path = Checker;
			sourceTree = "<group>";
		};
		9F1F634E8B36B1ED6D163B04 /* Frameworks */ = {
			isa = PBXGroup;
			children = (
				323B2AEE1BCD5CDE00B11F34 /* CoreData.framework */,
				E1674C6FF8BBF074E7F76059 /* libPods-MatrixSDK.a */,
				3ABDD5D65684E6B7F52FB94E /* libPods-MatrixSDKTests.a */,
			);
			name = Frameworks;
			sourceTree = "<group>";
		};
/* End PBXGroup section */

/* Begin PBXHeadersBuildPhase section */
		32C6F92A19DD814400EA4E9C /* Headers */ = {
			isa = PBXHeadersBuildPhase;
			buildActionMask = 2147483647;
			files = (
				32114A8F1A262ECB00FF2EC4 /* MXNoStore.h in Headers */,
				32D776811A27877300FC4AA2 /* MXMemoryRoomStore.h in Headers */,
				32DC15CF1A8CF7AE006F9AD3 /* MXPushRuleConditionChecker.h in Headers */,
				32D7767D1A27860600FC4AA2 /* MXMemoryStore.h in Headers */,
				32CE6FB81A409B1F00317F1E /* MXFileStoreMetaData.h in Headers */,
				3281E8B719E42DFE00976E1A /* MXJSONModel.h in Headers */,
				323E0C5B1A306D7A00A31D73 /* MXEvent.h in Headers */,
				327F8DB21C6112BA00581CA3 /* MXRoomThirdPartyInvite.h in Headers */,
				322360521A8E610500A3CA81 /* MXPushRuleDisplayNameCondtionChecker.h in Headers */,
				3245A7521AF7B2930001D8A7 /* MXCallManager.h in Headers */,
				3264E2A21BDF8D1500F89A86 /* MXCoreDataRoomState.h in Headers */,
				3291D4D41A68FFEB00C3BA41 /* MXFileRoomStore.h in Headers */,
				32C6F93319DD814400EA4E9C /* MatrixSDK.h in Headers */,
				323D299A1D426F7000A80BE4 /* MXJingleVideoView.h in Headers */,
				323E0C571A2F6E7D00A31D73 /* MXRoomPowerLevels.h in Headers */,
				3245A7501AF7B2930001D8A7 /* MXCall.h in Headers */,
				32114A851A262CE000FF2EC4 /* MXStore.h in Headers */,
				3264E2A41BDF8D1500F89A86 /* MXCoreDataRoomState+CoreDataProperties.h in Headers */,
				329FB1791A0A74B100A5E88E /* MXTools.h in Headers */,
				323B2B001BCE9B6700B11F34 /* MXCoreDataEvent.h in Headers */,
				32481A841C03572900782AD3 /* MXRoomAccountData.h in Headers */,
				3281E8B919E42DFE00976E1A /* MXJSONModels.h in Headers */,
				323B2AFE1BCE9B6700B11F34 /* MXCoreDataEvent+CoreDataProperties.h in Headers */,
				323B2ADF1BCD4CB600B11F34 /* MXCoreDataAccount+CoreDataProperties.h in Headers */,
				32CAB1071A91EA34008C5BB9 /* MXPushRuleRoomMemberCountConditionChecker.h in Headers */,
				32CAB10B1A925B41008C5BB9 /* MXHTTPOperation.h in Headers */,
				320DFDE419DD99B60068622A /* MXRestClient.h in Headers */,
				3265CB381A14C43E00E24B2F /* MXRoomState.h in Headers */,
				32DC15D41A8CF874006F9AD3 /* MXPushRuleEventMatchConditionChecker.h in Headers */,
				323B2AE11BCD4CB600B11F34 /* MXCoreDataAccount.h in Headers */,
				3220094519EFBF30008DE41D /* MXSessionEventListener.h in Headers */,
				32BED28F1B00A23F00E668FE /* MXCallStack.h in Headers */,
				3264DB911CEC528D00B99881 /* MXAccountData.h in Headers */,
				32FE41361D0AB7070060835E /* MXEnumConstants.h in Headers */,
				32E226A61D06AC9F00E6CA54 /* MXPeekingRoom.h in Headers */,
				323B2AF81BCE8AC800B11F34 /* MXCoreDataRoom.h in Headers */,
				329FB1751A0A3A1600A5E88E /* MXRoomMember.h in Headers */,
				323B2ACF1BCD3EF000B11F34 /* MXCoreDataStore.h in Headers */,
				329B2ABF1D3FB01D002D546F /* MXJingleCallStack.h in Headers */,
				320DFDE019DD99B60068622A /* MXSession.h in Headers */,
				320BBF2F1D6738420079890E /* MXMemoryRoomStoreEventsEnumerator.h in Headers */,
				324095221AFA432F00D81C97 /* MXCallStackCall.h in Headers */,
				3233606F1A403A0D0071A488 /* MXFileStore.h in Headers */,
				326056851C76FDF2009D44AD /* MXEventTimeline.h in Headers */,
				329B2AC11D3FB01D002D546F /* MXJingleCallStackCall.h in Headers */,
				327137271A24D50A00DB6757 /* MXMyUser.h in Headers */,
				3220093819EFA4C9008DE41D /* MXEventListener.h in Headers */,
				71DE22E11BC7C51200284153 /* MXReceiptData.h in Headers */,
				32DC15D01A8CF7AE006F9AD3 /* MXNotificationCenter.h in Headers */,
				329FB17F1A0B665800A5E88E /* MXUser.h in Headers */,
				320DFDE219DD99B60068622A /* MXError.h in Headers */,
				327E37B61A974F75007F026F /* MXLogger.h in Headers */,
				323B2AF61BCE8AC800B11F34 /* MXCoreDataRoom+CoreDataProperties.h in Headers */,
				320DFDE619DD99B60068622A /* MXHTTPClient.h in Headers */,
				320BBF2C1D672EEC0079890E /* MXStoreEventsEnumerator.h in Headers */,
				320DFDDB19DD99B60068622A /* MXRoom.h in Headers */,
			);
			runOnlyForDeploymentPostprocessing = 0;
		};
/* End PBXHeadersBuildPhase section */

/* Begin PBXNativeTarget section */
		32C6F92C19DD814400EA4E9C /* MatrixSDK */ = {
			isa = PBXNativeTarget;
			buildConfigurationList = 32C6F94019DD814400EA4E9C /* Build configuration list for PBXNativeTarget "MatrixSDK" */;
			buildPhases = (
				977E3F228F61BF8765F90684 /* [CP] Check Pods Manifest.lock */,
				32C6F92819DD814400EA4E9C /* Sources */,
				32C6F92919DD814400EA4E9C /* Frameworks */,
				32C6F92A19DD814400EA4E9C /* Headers */,
				32C6F92B19DD814400EA4E9C /* Resources */,
				FDD4B60A568A908CBDAC1A26 /* [CP] Copy Pods Resources */,
				323B2ADA1BCD47F000B11F34 /* CopyFiles */,
			);
			buildRules = (
			);
			dependencies = (
			);
			name = MatrixSDK;
			productName = MatrixSDK;
			productReference = 32C6F92D19DD814400EA4E9C /* MatrixSDK.framework */;
			productType = "com.apple.product-type.framework";
		};
		32C6F93719DD814400EA4E9C /* MatrixSDKTests */ = {
			isa = PBXNativeTarget;
			buildConfigurationList = 32C6F94319DD814400EA4E9C /* Build configuration list for PBXNativeTarget "MatrixSDKTests" */;
			buildPhases = (
				0046CFEC21150E4740E02225 /* [CP] Check Pods Manifest.lock */,
				32C6F93419DD814400EA4E9C /* Sources */,
				32C6F93519DD814400EA4E9C /* Frameworks */,
				32C6F93619DD814400EA4E9C /* Resources */,
				7114C42CA45A805993B08914 /* [CP] Embed Pods Frameworks */,
				DDF735E488DE4C03C22D5A36 /* [CP] Copy Pods Resources */,
			);
			buildRules = (
			);
			dependencies = (
				3226DC3719DEED2100866530 /* PBXTargetDependency */,
			);
			name = MatrixSDKTests;
			productName = MatrixSDKTests;
			productReference = 32C6F93819DD814400EA4E9C /* MatrixSDKTests.xctest */;
			productType = "com.apple.product-type.bundle.unit-test";
		};
/* End PBXNativeTarget section */

/* Begin PBXProject section */
		32C6F92419DD814400EA4E9C /* Project object */ = {
			isa = PBXProject;
			attributes = {
				LastUpgradeCheck = 0600;
				ORGANIZATIONNAME = matrix.org;
				TargetAttributes = {
					32C6F92C19DD814400EA4E9C = {
						CreatedOnToolsVersion = 6.0;
					};
					32C6F93719DD814400EA4E9C = {
						CreatedOnToolsVersion = 6.0;
					};
				};
			};
			buildConfigurationList = 32C6F92719DD814400EA4E9C /* Build configuration list for PBXProject "MatrixSDK" */;
			compatibilityVersion = "Xcode 3.2";
			developmentRegion = English;
			hasScannedForEncodings = 0;
			knownRegions = (
				en,
			);
			mainGroup = 32C6F92319DD814400EA4E9C;
			productRefGroup = 32C6F92E19DD814400EA4E9C /* Products */;
			projectDirPath = "";
			projectRoot = "";
			targets = (
				32C6F92C19DD814400EA4E9C /* MatrixSDK */,
				32C6F93719DD814400EA4E9C /* MatrixSDKTests */,
			);
		};
/* End PBXProject section */

/* Begin PBXResourcesBuildPhase section */
		32C6F92B19DD814400EA4E9C /* Resources */ = {
			isa = PBXResourcesBuildPhase;
			buildActionMask = 2147483647;
			files = (
			);
			runOnlyForDeploymentPostprocessing = 0;
		};
		32C6F93619DD814400EA4E9C /* Resources */ = {
			isa = PBXResourcesBuildPhase;
			buildActionMask = 2147483647;
			files = (
			);
			runOnlyForDeploymentPostprocessing = 0;
		};
/* End PBXResourcesBuildPhase section */

/* Begin PBXShellScriptBuildPhase section */
		0046CFEC21150E4740E02225 /* [CP] Check Pods Manifest.lock */ = {
			isa = PBXShellScriptBuildPhase;
			buildActionMask = 2147483647;
			files = (
			);
			inputPaths = (
			);
			name = "[CP] Check Pods Manifest.lock";
			outputPaths = (
			);
			runOnlyForDeploymentPostprocessing = 0;
			shellPath = /bin/sh;
			shellScript = "diff \"${PODS_ROOT}/../Podfile.lock\" \"${PODS_ROOT}/Manifest.lock\" > /dev/null\nif [[ $? != 0 ]] ; then\n    cat << EOM\nerror: The sandbox is not in sync with the Podfile.lock. Run 'pod install' or update your CocoaPods installation.\nEOM\n    exit 1\nfi\n";
			showEnvVarsInLog = 0;
		};
		7114C42CA45A805993B08914 /* [CP] Embed Pods Frameworks */ = {
			isa = PBXShellScriptBuildPhase;
			buildActionMask = 2147483647;
			files = (
			);
			inputPaths = (
			);
			name = "[CP] Embed Pods Frameworks";
			outputPaths = (
			);
			runOnlyForDeploymentPostprocessing = 0;
			shellPath = /bin/sh;
			shellScript = "\"${SRCROOT}/Pods/Target Support Files/Pods-MatrixSDKTests/Pods-MatrixSDKTests-frameworks.sh\"\n";
			showEnvVarsInLog = 0;
		};
		977E3F228F61BF8765F90684 /* [CP] Check Pods Manifest.lock */ = {
			isa = PBXShellScriptBuildPhase;
			buildActionMask = 2147483647;
			files = (
			);
			inputPaths = (
			);
			name = "[CP] Check Pods Manifest.lock";
			outputPaths = (
			);
			runOnlyForDeploymentPostprocessing = 0;
			shellPath = /bin/sh;
			shellScript = "diff \"${PODS_ROOT}/../Podfile.lock\" \"${PODS_ROOT}/Manifest.lock\" > /dev/null\nif [[ $? != 0 ]] ; then\n    cat << EOM\nerror: The sandbox is not in sync with the Podfile.lock. Run 'pod install' or update your CocoaPods installation.\nEOM\n    exit 1\nfi\n";
			showEnvVarsInLog = 0;
		};
		DDF735E488DE4C03C22D5A36 /* [CP] Copy Pods Resources */ = {
			isa = PBXShellScriptBuildPhase;
			buildActionMask = 2147483647;
			files = (
			);
			inputPaths = (
			);
			name = "[CP] Copy Pods Resources";
			outputPaths = (
			);
			runOnlyForDeploymentPostprocessing = 0;
			shellPath = /bin/sh;
			shellScript = "\"${SRCROOT}/Pods/Target Support Files/Pods-MatrixSDKTests/Pods-MatrixSDKTests-resources.sh\"\n";
			showEnvVarsInLog = 0;
		};
		FDD4B60A568A908CBDAC1A26 /* [CP] Copy Pods Resources */ = {
			isa = PBXShellScriptBuildPhase;
			buildActionMask = 2147483647;
			files = (
			);
			inputPaths = (
			);
			name = "[CP] Copy Pods Resources";
			outputPaths = (
			);
			runOnlyForDeploymentPostprocessing = 0;
			shellPath = /bin/sh;
			shellScript = "\"${SRCROOT}/Pods/Target Support Files/Pods-MatrixSDK/Pods-MatrixSDK-resources.sh\"\n";
			showEnvVarsInLog = 0;
		};
/* End PBXShellScriptBuildPhase section */

/* Begin PBXSourcesBuildPhase section */
		32C6F92819DD814400EA4E9C /* Sources */ = {
			isa = PBXSourcesBuildPhase;
			buildActionMask = 2147483647;
			files = (
				323B2AF71BCE8AC800B11F34 /* MXCoreDataRoom+CoreDataProperties.m in Sources */,
				320BBF301D6738420079890E /* MXMemoryRoomStoreEventsEnumerator.m in Sources */,
				32481A851C03572900782AD3 /* MXRoomAccountData.m in Sources */,
				322360531A8E610500A3CA81 /* MXPushRuleDisplayNameCondtionChecker.m in Sources */,
				323E0C581A2F6E7D00A31D73 /* MXRoomPowerLevels.m in Sources */,
				32DC15D51A8CF874006F9AD3 /* MXPushRuleEventMatchConditionChecker.m in Sources */,
				32CAB1081A91EA34008C5BB9 /* MXPushRuleRoomMemberCountConditionChecker.m in Sources */,
				3245A7511AF7B2930001D8A7 /* MXCall.m in Sources */,
				327F8DB31C6112BA00581CA3 /* MXRoomThirdPartyInvite.m in Sources */,
				323B2AE21BCD4CB600B11F34 /* MXCoreDataAccount.m in Sources */,
				3264E2A51BDF8D1500F89A86 /* MXCoreDataRoomState+CoreDataProperties.m in Sources */,
				329FB1761A0A3A1600A5E88E /* MXRoomMember.m in Sources */,
				323360701A403A0D0071A488 /* MXFileStore.m in Sources */,
				32D7767E1A27860600FC4AA2 /* MXMemoryStore.m in Sources */,
				326056861C76FDF2009D44AD /* MXEventTimeline.m in Sources */,
				323B2B011BCE9B6700B11F34 /* MXCoreDataEvent.m in Sources */,
				3265CB391A14C43E00E24B2F /* MXRoomState.m in Sources */,
				323B2AD01BCD3EF000B11F34 /* MXCoreDataStore.m in Sources */,
				3281E8B819E42DFE00976E1A /* MXJSONModel.m in Sources */,
				3264E2A31BDF8D1500F89A86 /* MXCoreDataRoomState.m in Sources */,
				32D776821A27877300FC4AA2 /* MXMemoryRoomStore.m in Sources */,
				329B2AC01D3FB01D002D546F /* MXJingleCallStack.m in Sources */,
				320DFDE319DD99B60068622A /* MXError.m in Sources */,
				327137281A24D50A00DB6757 /* MXMyUser.m in Sources */,
				32114A901A262ECB00FF2EC4 /* MXNoStore.m in Sources */,
				32CE6FB91A409B1F00317F1E /* MXFileStoreMetaData.m in Sources */,
				3264DB921CEC528D00B99881 /* MXAccountData.m in Sources */,
				329B2AC21D3FB01D002D546F /* MXJingleCallStackCall.m in Sources */,
				323E0C5C1A306D7A00A31D73 /* MXEvent.m in Sources */,
				323B2AFF1BCE9B6700B11F34 /* MXCoreDataEvent+CoreDataProperties.m in Sources */,
				32CAB10C1A925B41008C5BB9 /* MXHTTPOperation.m in Sources */,
				3281E8BA19E42DFE00976E1A /* MXJSONModels.m in Sources */,
				3245A7531AF7B2930001D8A7 /* MXCallManager.m in Sources */,
				32E226A71D06AC9F00E6CA54 /* MXPeekingRoom.m in Sources */,
				3220094619EFBF30008DE41D /* MXSessionEventListener.m in Sources */,
				71DE22E01BC7C51200284153 /* MXReceiptData.m in Sources */,
				327E37B71A974F75007F026F /* MXLogger.m in Sources */,
				320DFDE719DD99B60068622A /* MXHTTPClient.m in Sources */,
				32FE41371D0AB7070060835E /* MXEnumConstants.m in Sources */,
				320DFDE119DD99B60068622A /* MXSession.m in Sources */,
				F0C34CBB1C18C93700C36F09 /* MXSDKOptions.m in Sources */,
				320DFDDC19DD99B60068622A /* MXRoom.m in Sources */,
				3291D4D51A68FFEB00C3BA41 /* MXFileRoomStore.m in Sources */,
				329FB1801A0B665800A5E88E /* MXUser.m in Sources */,
				32169AA11BD4D0E30077868B /* MXCoreDataStore.xcdatamodeld in Sources */,
				323B2AF91BCE8AC900B11F34 /* MXCoreDataRoom.m in Sources */,
				3220093919EFA4C9008DE41D /* MXEventListener.m in Sources */,
				323D299B1D426F7000A80BE4 /* MXJingleVideoView.m in Sources */,
				32DC15D11A8CF7AE006F9AD3 /* MXNotificationCenter.m in Sources */,
				329FB17A1A0A74B100A5E88E /* MXTools.m in Sources */,
				323B2AE01BCD4CB600B11F34 /* MXCoreDataAccount+CoreDataProperties.m in Sources */,
				320DFDE519DD99B60068622A /* MXRestClient.m in Sources */,
			);
			runOnlyForDeploymentPostprocessing = 0;
		};
		32C6F93419DD814400EA4E9C /* Sources */ = {
			isa = PBXSourcesBuildPhase;
			buildActionMask = 2147483647;
			files = (
				32DC15D71A8DFF0D006F9AD3 /* MXNotificationCenterTests.m in Sources */,
				329571991B024D2B00ABB3BA /* MXMockCallStack.m in Sources */,
				3281E8A819E41A2000976E1A /* MatrixSDKTestsData.m in Sources */,
				323B2AD31BCD3F1400B11F34 /* MXStoreCoreDataStoreTests.m in Sources */,
				32832B5D1BCC048300241108 /* MXStoreMemoryStoreTests.m in Sources */,
				32114A7F1A24E15500FF2EC4 /* MXMyUserTests.m in Sources */,
				32832B5E1BCC048300241108 /* MXStoreNoStoreTests.m in Sources */,
				323C5A081A70E53500FB0549 /* MXToolsTests.m in Sources */,
				3281E89E19E299C000976E1A /* MXErrorTests.m in Sources */,
				3265CB3B1A151C3800E24B2F /* MXRoomStateTests.m in Sources */,
				326D1EF51BFC79300030947B /* MXPushRuleTests.m in Sources */,
				325653831A2E14ED00CC0423 /* MXStoreTests.m in Sources */,
				3295719A1B024D2B00ABB3BA /* MXMockCallStackCall.m in Sources */,
				3281E8A019E2CC1200976E1A /* MXHTTPClientTests.m in Sources */,
				321809B919EEBF3000377451 /* MXEventTests.m in Sources */,
				328DDEC11A07E57E008C7DC8 /* MXJSONModelTests.m in Sources */,
				32832B5C1BCC048300241108 /* MXStoreFileStoreTests.m in Sources */,
				3281E8A219E2DE4300976E1A /* MXSessionTests.m in Sources */,
				327137241A24BDDE00DB6757 /* MXUserTests.m in Sources */,
				327E37B91A977810007F026F /* MXLoggerTests.m in Sources */,
				329571931B0240CE00ABB3BA /* MXVoIPTests.m in Sources */,
				32A27D1F19EC335300BAFADE /* MXRoomTests.m in Sources */,
				32D8CAC219DEE6ED002AF8A0 /* MXRestClientNoAuthAPITests.m in Sources */,
				32FCAB4D19E578860049C555 /* MXRestClientTests.m in Sources */,
				329FB17C1A0A963700A5E88E /* MXRoomMemberTests.m in Sources */,
				3246BDC51A1A0789000A7D62 /* MXRoomStateDynamicTests.m in Sources */,
				3264DB941CECA72900B99881 /* MXAccountDataTests.m in Sources */,
				323EF7471C7CB4C7000DC98C /* MXEventTimelineTests.m in Sources */,
				32E226A91D081CE200E6CA54 /* MXPeekingRoomTests.m in Sources */,
				32169AA21BD4D1B00077868B /* MXCoreDataStore.xcdatamodeld in Sources */,
			);
			runOnlyForDeploymentPostprocessing = 0;
		};
/* End PBXSourcesBuildPhase section */

/* Begin PBXTargetDependency section */
		3226DC3719DEED2100866530 /* PBXTargetDependency */ = {
			isa = PBXTargetDependency;
			target = 32C6F92C19DD814400EA4E9C /* MatrixSDK */;
			targetProxy = 3226DC3619DEED2100866530 /* PBXContainerItemProxy */;
		};
/* End PBXTargetDependency section */

/* Begin XCBuildConfiguration section */
		32C6F93E19DD814400EA4E9C /* Debug */ = {
			isa = XCBuildConfiguration;
			buildSettings = {
				ALWAYS_SEARCH_USER_PATHS = NO;
				CLANG_CXX_LANGUAGE_STANDARD = "gnu++0x";
				CLANG_CXX_LIBRARY = "libc++";
				CLANG_ENABLE_MODULES = YES;
				CLANG_ENABLE_OBJC_ARC = YES;
				CLANG_WARN_BOOL_CONVERSION = YES;
				CLANG_WARN_CONSTANT_CONVERSION = YES;
				CLANG_WARN_DIRECT_OBJC_ISA_USAGE = YES_ERROR;
				CLANG_WARN_EMPTY_BODY = YES;
				CLANG_WARN_ENUM_CONVERSION = YES;
				CLANG_WARN_INT_CONVERSION = YES;
				CLANG_WARN_OBJC_ROOT_CLASS = YES_ERROR;
				CLANG_WARN_UNREACHABLE_CODE = YES;
				CLANG_WARN__DUPLICATE_METHOD_MATCH = YES;
				"CODE_SIGN_IDENTITY[sdk=iphoneos*]" = "iPhone Developer";
				COPY_PHASE_STRIP = NO;
				CURRENT_PROJECT_VERSION = "";
				ENABLE_STRICT_OBJC_MSGSEND = YES;
				GCC_C_LANGUAGE_STANDARD = gnu99;
				GCC_DYNAMIC_NO_PIC = NO;
				GCC_OPTIMIZATION_LEVEL = 0;
				GCC_PREPROCESSOR_DEFINITIONS = (
					"DEBUG=1",
					"$(inherited)",
				);
				GCC_SYMBOLS_PRIVATE_EXTERN = NO;
				GCC_WARN_64_TO_32_BIT_CONVERSION = YES;
				GCC_WARN_ABOUT_RETURN_TYPE = YES_ERROR;
				GCC_WARN_UNDECLARED_SELECTOR = YES;
				GCC_WARN_UNINITIALIZED_AUTOS = YES_AGGRESSIVE;
				GCC_WARN_UNUSED_FUNCTION = YES;
				GCC_WARN_UNUSED_VARIABLE = YES;
				IPHONEOS_DEPLOYMENT_TARGET = 8.0;
				MTL_ENABLE_DEBUG_INFO = YES;
				ONLY_ACTIVE_ARCH = YES;
				SDKROOT = iphoneos;
				TARGETED_DEVICE_FAMILY = "1,2";
				VERSIONING_SYSTEM = "";
				VERSION_INFO_PREFIX = "";
			};
			name = Debug;
		};
		32C6F93F19DD814400EA4E9C /* Release */ = {
			isa = XCBuildConfiguration;
			buildSettings = {
				ALWAYS_SEARCH_USER_PATHS = NO;
				CLANG_CXX_LANGUAGE_STANDARD = "gnu++0x";
				CLANG_CXX_LIBRARY = "libc++";
				CLANG_ENABLE_MODULES = YES;
				CLANG_ENABLE_OBJC_ARC = YES;
				CLANG_WARN_BOOL_CONVERSION = YES;
				CLANG_WARN_CONSTANT_CONVERSION = YES;
				CLANG_WARN_DIRECT_OBJC_ISA_USAGE = YES_ERROR;
				CLANG_WARN_EMPTY_BODY = YES;
				CLANG_WARN_ENUM_CONVERSION = YES;
				CLANG_WARN_INT_CONVERSION = YES;
				CLANG_WARN_OBJC_ROOT_CLASS = YES_ERROR;
				CLANG_WARN_UNREACHABLE_CODE = YES;
				CLANG_WARN__DUPLICATE_METHOD_MATCH = YES;
				"CODE_SIGN_IDENTITY[sdk=iphoneos*]" = "iPhone Developer";
				COPY_PHASE_STRIP = YES;
				CURRENT_PROJECT_VERSION = "";
				ENABLE_NS_ASSERTIONS = NO;
				ENABLE_STRICT_OBJC_MSGSEND = YES;
				GCC_C_LANGUAGE_STANDARD = gnu99;
				GCC_PREPROCESSOR_DEFINITIONS = "";
				GCC_WARN_64_TO_32_BIT_CONVERSION = YES;
				GCC_WARN_ABOUT_RETURN_TYPE = YES_ERROR;
				GCC_WARN_UNDECLARED_SELECTOR = YES;
				GCC_WARN_UNINITIALIZED_AUTOS = YES_AGGRESSIVE;
				GCC_WARN_UNUSED_FUNCTION = YES;
				GCC_WARN_UNUSED_VARIABLE = YES;
				IPHONEOS_DEPLOYMENT_TARGET = 8.0;
				MTL_ENABLE_DEBUG_INFO = NO;
				SDKROOT = iphoneos;
				TARGETED_DEVICE_FAMILY = "1,2";
				VALIDATE_PRODUCT = YES;
				VERSIONING_SYSTEM = "";
				VERSION_INFO_PREFIX = "";
			};
			name = Release;
		};
		32C6F94119DD814400EA4E9C /* Debug */ = {
			isa = XCBuildConfiguration;
			baseConfigurationReference = 2BF02FACC417CA3368671024 /* Pods-MatrixSDK.debug.xcconfig */;
			buildSettings = {
				DEFINES_MODULE = YES;
				DYLIB_COMPATIBILITY_VERSION = 1;
				DYLIB_CURRENT_VERSION = 1;
				DYLIB_INSTALL_NAME_BASE = "@rpath";
				GCC_PREPROCESSOR_DEFINITIONS = (
					"$(inherited)",
					"COCOAPODS=1",
					"DISABLE_OPENWEBRTC_TO_BUID_TESTS=1",
				);
				INFOPLIST_FILE = MatrixSDK/Info.plist;
				INSTALL_PATH = "$(LOCAL_LIBRARY_DIR)/Frameworks";
				IPHONEOS_DEPLOYMENT_TARGET = 7.0;
				LD_RUNPATH_SEARCH_PATHS = "$(inherited) @executable_path/Frameworks @loader_path/Frameworks";
				PRODUCT_NAME = "$(TARGET_NAME)";
				SKIP_INSTALL = YES;
			};
			name = Debug;
		};
		32C6F94219DD814400EA4E9C /* Release */ = {
			isa = XCBuildConfiguration;
			baseConfigurationReference = 32F1FE9AF82A426C2EAED587 /* Pods-MatrixSDK.release.xcconfig */;
			buildSettings = {
				DEFINES_MODULE = YES;
				DYLIB_COMPATIBILITY_VERSION = 1;
				DYLIB_CURRENT_VERSION = 1;
				DYLIB_INSTALL_NAME_BASE = "@rpath";
				GCC_PREPROCESSOR_DEFINITIONS = (
					"$(inherited)",
					"COCOAPODS=1",
					"DISABLE_OPENWEBRTC_TO_BUID_TESTS=1",
				);
				INFOPLIST_FILE = MatrixSDK/Info.plist;
				INSTALL_PATH = "$(LOCAL_LIBRARY_DIR)/Frameworks";
				IPHONEOS_DEPLOYMENT_TARGET = 7.0;
				LD_RUNPATH_SEARCH_PATHS = "$(inherited) @executable_path/Frameworks @loader_path/Frameworks";
				PRODUCT_NAME = "$(TARGET_NAME)";
				SKIP_INSTALL = YES;
			};
			name = Release;
		};
		32C6F94419DD814400EA4E9C /* Debug */ = {
			isa = XCBuildConfiguration;
			baseConfigurationReference = B1F1AE550CF4C15B653DDE6E /* Pods-MatrixSDKTests.debug.xcconfig */;
			buildSettings = {
				FRAMEWORK_SEARCH_PATHS = (
					"$(SDKROOT)/Developer/Library/Frameworks",
					"$(inherited)",
				);
				GCC_PREPROCESSOR_DEFINITIONS = (
					"$(inherited)",
					"DEBUG=1",
				);
				HEADER_SEARCH_PATHS = (
					"$(inherited)",
					/Applications/Xcode.app/Contents/Developer/Toolchains/XcodeDefault.xctoolchain/usr/include,
					"\"${PODS_ROOT}/Headers/Public\"",
					"\"${PODS_ROOT}/Headers/Public/Mantle\"",
				);
				INFOPLIST_FILE = MatrixSDKTests/Info.plist;
				LD_RUNPATH_SEARCH_PATHS = "$(inherited) @executable_path/Frameworks @loader_path/Frameworks";
				PRODUCT_NAME = "$(TARGET_NAME)";
			};
			name = Debug;
		};
		32C6F94519DD814400EA4E9C /* Release */ = {
			isa = XCBuildConfiguration;
			baseConfigurationReference = 0BCFBADF157F3C8C43112BD6 /* Pods-MatrixSDKTests.release.xcconfig */;
			buildSettings = {
				FRAMEWORK_SEARCH_PATHS = (
					"$(SDKROOT)/Developer/Library/Frameworks",
					"$(inherited)",
				);
				GCC_PREPROCESSOR_DEFINITIONS = "$(inherited)";
				HEADER_SEARCH_PATHS = (
					"$(inherited)",
					/Applications/Xcode.app/Contents/Developer/Toolchains/XcodeDefault.xctoolchain/usr/include,
					"\"${PODS_ROOT}/Headers/Public\"",
					"\"${PODS_ROOT}/Headers/Public/Mantle\"",
				);
				INFOPLIST_FILE = MatrixSDKTests/Info.plist;
				LD_RUNPATH_SEARCH_PATHS = "$(inherited) @executable_path/Frameworks @loader_path/Frameworks";
				PRODUCT_NAME = "$(TARGET_NAME)";
			};
			name = Release;
		};
/* End XCBuildConfiguration section */

/* Begin XCConfigurationList section */
		32C6F92719DD814400EA4E9C /* Build configuration list for PBXProject "MatrixSDK" */ = {
			isa = XCConfigurationList;
			buildConfigurations = (
				32C6F93E19DD814400EA4E9C /* Debug */,
				32C6F93F19DD814400EA4E9C /* Release */,
			);
			defaultConfigurationIsVisible = 0;
			defaultConfigurationName = Release;
		};
		32C6F94019DD814400EA4E9C /* Build configuration list for PBXNativeTarget "MatrixSDK" */ = {
			isa = XCConfigurationList;
			buildConfigurations = (
				32C6F94119DD814400EA4E9C /* Debug */,
				32C6F94219DD814400EA4E9C /* Release */,
			);
			defaultConfigurationIsVisible = 0;
			defaultConfigurationName = Release;
		};
		32C6F94319DD814400EA4E9C /* Build configuration list for PBXNativeTarget "MatrixSDKTests" */ = {
			isa = XCConfigurationList;
			buildConfigurations = (
				32C6F94419DD814400EA4E9C /* Debug */,
				32C6F94519DD814400EA4E9C /* Release */,
			);
			defaultConfigurationIsVisible = 0;
			defaultConfigurationName = Release;
		};
/* End XCConfigurationList section */

/* Begin XCVersionGroup section */
		32169A9F1BD4D0E30077868B /* MXCoreDataStore.xcdatamodeld */ = {
			isa = XCVersionGroup;
			children = (
				32169AA01BD4D0E30077868B /* MXCoreDataStore.xcdatamodel */,
			);
			currentVersion = 32169AA01BD4D0E30077868B /* MXCoreDataStore.xcdatamodel */;
			path = MXCoreDataStore.xcdatamodeld;
			sourceTree = "<group>";
			versionGroupType = wrapper.xcdatamodel;
		};
/* End XCVersionGroup section */
	};
	rootObject = 32C6F92419DD814400EA4E9C /* Project object */;
}
