// !$*UTF8*$!
{
	archiveVersion = 1;
	classes = {
	};
	objectVersion = 46;
	objects = {

/* Begin PBXBuildFile section */
		3219CB8B1AA6F2780027D7E2 /* MatrixKitTests.m in Sources */ = {isa = PBXBuildFile; fileRef = 3219CB8A1AA6F2780027D7E2 /* MatrixKitTests.m */; };
		3219CBB41AA6FA7A0027D7E2 /* AppDelegate.m in Sources */ = {isa = PBXBuildFile; fileRef = 3219CBAA1AA6FA7A0027D7E2 /* AppDelegate.m */; };
		3219CBB51AA6FA7A0027D7E2 /* LaunchScreen.xib in Resources */ = {isa = PBXBuildFile; fileRef = 3219CBAB1AA6FA7A0027D7E2 /* LaunchScreen.xib */; };
		3219CBB61AA6FA7A0027D7E2 /* Main.storyboard in Resources */ = {isa = PBXBuildFile; fileRef = 3219CBAD1AA6FA7A0027D7E2 /* Main.storyboard */; };
		3219CBB71AA6FA7A0027D7E2 /* Images.xcassets in Resources */ = {isa = PBXBuildFile; fileRef = 3219CBAF1AA6FA7A0027D7E2 /* Images.xcassets */; };
		3219CBB91AA6FA7A0027D7E2 /* main.m in Sources */ = {isa = PBXBuildFile; fileRef = 3219CBB11AA6FA7A0027D7E2 /* main.m */; };
		3219CBBA1AA6FA7A0027D7E2 /* MXKSampleRoomViewController.m in Sources */ = {isa = PBXBuildFile; fileRef = 3219CBB31AA6FA7A0027D7E2 /* MXKSampleRoomViewController.m */; };
		3219CBC01AA6FB470027D7E2 /* MXKRoomViewController.m in Sources */ = {isa = PBXBuildFile; fileRef = 3219CBBF1AA6FB470027D7E2 /* MXKRoomViewController.m */; };
		3219CBC41AA6FF490027D7E2 /* MXKRoomDataSource.m in Sources */ = {isa = PBXBuildFile; fileRef = 3219CBC31AA6FF490027D7E2 /* MXKRoomDataSource.m */; };
		328AC4861AA75E000044A6FB /* MXKRoomBubbleTableViewCell.m in Sources */ = {isa = PBXBuildFile; fileRef = 328AC4851AA75E000044A6FB /* MXKRoomBubbleTableViewCell.m */; };
		328AC4891AA75EDD0044A6FB /* MXKRoomIncomingBubbleTableViewCell.m in Sources */ = {isa = PBXBuildFile; fileRef = 328AC4881AA75EDD0044A6FB /* MXKRoomIncomingBubbleTableViewCell.m */; };
		328AC48C1AA760520044A6FB /* MXKRoomOutgoingBubbleTableViewCell.m in Sources */ = {isa = PBXBuildFile; fileRef = 328AC48B1AA760520044A6FB /* MXKRoomOutgoingBubbleTableViewCell.m */; };
		32CE6EE01AA737F300C71389 /* MXKQueuedEvent.m in Sources */ = {isa = PBXBuildFile; fileRef = 32CE6EDF1AA737F300C71389 /* MXKQueuedEvent.m */; };
		32CE6EE31AA744AE00C71389 /* MXKRoomBubble.m in Sources */ = {isa = PBXBuildFile; fileRef = 32CE6EE21AA744AE00C71389 /* MXKRoomBubble.m */; };
		DCA1844D18A75FDEAC153B9E /* libPods-MatrixKit.a in Frameworks */ = {isa = PBXBuildFile; fileRef = 36209DA7732B7B4511C8821C /* libPods-MatrixKit.a */; };
/* End PBXBuildFile section */

/* Begin PBXContainerItemProxy section */
		3219CB851AA6F2780027D7E2 /* PBXContainerItemProxy */ = {
			isa = PBXContainerItemProxy;
			containerPortal = 3219CB601AA6F2780027D7E2 /* Project object */;
			proxyType = 1;
			remoteGlobalIDString = 3219CB671AA6F2780027D7E2;
			remoteInfo = MatrixKit;
		};
/* End PBXContainerItemProxy section */

/* Begin PBXFileReference section */
		250379BB09138CD37E02157B /* Pods-MatrixKit.debug.xcconfig */ = {isa = PBXFileReference; includeInIndex = 1; lastKnownFileType = text.xcconfig; name = "Pods-MatrixKit.debug.xcconfig"; path = "Pods/Target Support Files/Pods-MatrixKit/Pods-MatrixKit.debug.xcconfig"; sourceTree = "<group>"; };
		2CBF0F2A1E68D6AE74D84C27 /* Pods-MatrixKit.release.xcconfig */ = {isa = PBXFileReference; includeInIndex = 1; lastKnownFileType = text.xcconfig; name = "Pods-MatrixKit.release.xcconfig"; path = "Pods/Target Support Files/Pods-MatrixKit/Pods-MatrixKit.release.xcconfig"; sourceTree = "<group>"; };
		3219CB681AA6F2780027D7E2 /* MatrixKit.app */ = {isa = PBXFileReference; explicitFileType = wrapper.application; includeInIndex = 0; path = MatrixKit.app; sourceTree = BUILT_PRODUCTS_DIR; };
		3219CB841AA6F2780027D7E2 /* MatrixKitTests.xctest */ = {isa = PBXFileReference; explicitFileType = wrapper.cfbundle; includeInIndex = 0; path = MatrixKitTests.xctest; sourceTree = BUILT_PRODUCTS_DIR; };
		3219CB891AA6F2780027D7E2 /* Info.plist */ = {isa = PBXFileReference; lastKnownFileType = text.plist.xml; path = Info.plist; sourceTree = "<group>"; };
		3219CB8A1AA6F2780027D7E2 /* MatrixKitTests.m */ = {isa = PBXFileReference; lastKnownFileType = sourcecode.c.objc; path = MatrixKitTests.m; sourceTree = "<group>"; };
		3219CBA91AA6FA7A0027D7E2 /* AppDelegate.h */ = {isa = PBXFileReference; fileEncoding = 4; lastKnownFileType = sourcecode.c.h; path = AppDelegate.h; sourceTree = "<group>"; };
		3219CBAA1AA6FA7A0027D7E2 /* AppDelegate.m */ = {isa = PBXFileReference; fileEncoding = 4; lastKnownFileType = sourcecode.c.objc; path = AppDelegate.m; sourceTree = "<group>"; };
		3219CBAC1AA6FA7A0027D7E2 /* Base */ = {isa = PBXFileReference; lastKnownFileType = file.xib; name = Base; path = Base.lproj/LaunchScreen.xib; sourceTree = "<group>"; };
		3219CBAE1AA6FA7A0027D7E2 /* Base */ = {isa = PBXFileReference; lastKnownFileType = file.storyboard; name = Base; path = Base.lproj/Main.storyboard; sourceTree = "<group>"; };
		3219CBAF1AA6FA7A0027D7E2 /* Images.xcassets */ = {isa = PBXFileReference; lastKnownFileType = folder.assetcatalog; path = Images.xcassets; sourceTree = "<group>"; };
		3219CBB01AA6FA7A0027D7E2 /* Info.plist */ = {isa = PBXFileReference; fileEncoding = 4; lastKnownFileType = text.plist.xml; path = Info.plist; sourceTree = "<group>"; };
		3219CBB11AA6FA7A0027D7E2 /* main.m */ = {isa = PBXFileReference; fileEncoding = 4; lastKnownFileType = sourcecode.c.objc; path = main.m; sourceTree = "<group>"; };
		3219CBB21AA6FA7A0027D7E2 /* MXKSampleRoomViewController.h */ = {isa = PBXFileReference; fileEncoding = 4; lastKnownFileType = sourcecode.c.h; path = MXKSampleRoomViewController.h; sourceTree = "<group>"; };
		3219CBB31AA6FA7A0027D7E2 /* MXKSampleRoomViewController.m */ = {isa = PBXFileReference; fileEncoding = 4; lastKnownFileType = sourcecode.c.objc; path = MXKSampleRoomViewController.m; sourceTree = "<group>"; };
		3219CBBE1AA6FB470027D7E2 /* MXKRoomViewController.h */ = {isa = PBXFileReference; fileEncoding = 4; lastKnownFileType = sourcecode.c.h; path = MXKRoomViewController.h; sourceTree = "<group>"; };
		3219CBBF1AA6FB470027D7E2 /* MXKRoomViewController.m */ = {isa = PBXFileReference; fileEncoding = 4; lastKnownFileType = sourcecode.c.objc; path = MXKRoomViewController.m; sourceTree = "<group>"; };
		3219CBC11AA6FB6B0027D7E2 /* MatrixKit.h */ = {isa = PBXFileReference; fileEncoding = 4; lastKnownFileType = sourcecode.c.h; path = MatrixKit.h; sourceTree = "<group>"; };
		3219CBC21AA6FF490027D7E2 /* MXKRoomDataSource.h */ = {isa = PBXFileReference; fileEncoding = 4; lastKnownFileType = sourcecode.c.h; path = MXKRoomDataSource.h; sourceTree = "<group>"; };
		3219CBC31AA6FF490027D7E2 /* MXKRoomDataSource.m */ = {isa = PBXFileReference; fileEncoding = 4; lastKnownFileType = sourcecode.c.objc; path = MXKRoomDataSource.m; sourceTree = "<group>"; };
		328AC4841AA75E000044A6FB /* MXKRoomBubbleTableViewCell.h */ = {isa = PBXFileReference; fileEncoding = 4; lastKnownFileType = sourcecode.c.h; path = MXKRoomBubbleTableViewCell.h; sourceTree = "<group>"; };
		328AC4851AA75E000044A6FB /* MXKRoomBubbleTableViewCell.m */ = {isa = PBXFileReference; fileEncoding = 4; lastKnownFileType = sourcecode.c.objc; path = MXKRoomBubbleTableViewCell.m; sourceTree = "<group>"; };
		328AC4871AA75EDD0044A6FB /* MXKRoomIncomingBubbleTableViewCell.h */ = {isa = PBXFileReference; fileEncoding = 4; lastKnownFileType = sourcecode.c.h; path = MXKRoomIncomingBubbleTableViewCell.h; sourceTree = "<group>"; };
		328AC4881AA75EDD0044A6FB /* MXKRoomIncomingBubbleTableViewCell.m */ = {isa = PBXFileReference; fileEncoding = 4; lastKnownFileType = sourcecode.c.objc; path = MXKRoomIncomingBubbleTableViewCell.m; sourceTree = "<group>"; };
		328AC48A1AA760520044A6FB /* MXKRoomOutgoingBubbleTableViewCell.h */ = {isa = PBXFileReference; fileEncoding = 4; lastKnownFileType = sourcecode.c.h; path = MXKRoomOutgoingBubbleTableViewCell.h; sourceTree = "<group>"; };
		328AC48B1AA760520044A6FB /* MXKRoomOutgoingBubbleTableViewCell.m */ = {isa = PBXFileReference; fileEncoding = 4; lastKnownFileType = sourcecode.c.objc; path = MXKRoomOutgoingBubbleTableViewCell.m; sourceTree = "<group>"; };
		32CE6EDE1AA737F300C71389 /* MXKQueuedEvent.h */ = {isa = PBXFileReference; fileEncoding = 4; lastKnownFileType = sourcecode.c.h; path = MXKQueuedEvent.h; sourceTree = "<group>"; };
		32CE6EDF1AA737F300C71389 /* MXKQueuedEvent.m */ = {isa = PBXFileReference; fileEncoding = 4; lastKnownFileType = sourcecode.c.objc; path = MXKQueuedEvent.m; sourceTree = "<group>"; };
		32CE6EE11AA744AE00C71389 /* MXKRoomBubble.h */ = {isa = PBXFileReference; fileEncoding = 4; lastKnownFileType = sourcecode.c.h; path = MXKRoomBubble.h; sourceTree = "<group>"; };
		32CE6EE21AA744AE00C71389 /* MXKRoomBubble.m */ = {isa = PBXFileReference; fileEncoding = 4; lastKnownFileType = sourcecode.c.objc; path = MXKRoomBubble.m; sourceTree = "<group>"; };
		36209DA7732B7B4511C8821C /* libPods-MatrixKit.a */ = {isa = PBXFileReference; explicitFileType = archive.ar; includeInIndex = 0; path = "libPods-MatrixKit.a"; sourceTree = BUILT_PRODUCTS_DIR; };
/* End PBXFileReference section */

/* Begin PBXFrameworksBuildPhase section */
		3219CB651AA6F2780027D7E2 /* Frameworks */ = {
			isa = PBXFrameworksBuildPhase;
			buildActionMask = 2147483647;
			files = (
				DCA1844D18A75FDEAC153B9E /* libPods-MatrixKit.a in Frameworks */,
			);
			runOnlyForDeploymentPostprocessing = 0;
		};
		3219CB811AA6F2780027D7E2 /* Frameworks */ = {
			isa = PBXFrameworksBuildPhase;
			buildActionMask = 2147483647;
			files = (
			);
			runOnlyForDeploymentPostprocessing = 0;
		};
/* End PBXFrameworksBuildPhase section */

/* Begin PBXGroup section */
		11C5A0DD1620380E7E5D006B /* Pods */ = {
			isa = PBXGroup;
			children = (
				250379BB09138CD37E02157B /* Pods-MatrixKit.debug.xcconfig */,
				2CBF0F2A1E68D6AE74D84C27 /* Pods-MatrixKit.release.xcconfig */,
			);
			name = Pods;
			sourceTree = "<group>";
		};
		3219CB5F1AA6F2780027D7E2 = {
			isa = PBXGroup;
			children = (
				3219CB941AA6F5ED0027D7E2 /* Samples */,
				3219CB6A1AA6F2780027D7E2 /* MatrixKit */,
				3219CB871AA6F2780027D7E2 /* MatrixKitTests */,
				3219CB691AA6F2780027D7E2 /* Products */,
				11C5A0DD1620380E7E5D006B /* Pods */,
				45351816FD4F6B1C17BD2541 /* Frameworks */,
			);
			sourceTree = "<group>";
		};
		3219CB691AA6F2780027D7E2 /* Products */ = {
			isa = PBXGroup;
			children = (
				3219CB681AA6F2780027D7E2 /* MatrixKit.app */,
				3219CB841AA6F2780027D7E2 /* MatrixKitTests.xctest */,
			);
			name = Products;
			sourceTree = "<group>";
		};
		3219CB6A1AA6F2780027D7E2 /* MatrixKit */ = {
			isa = PBXGroup;
			children = (
				3219CBBB1AA6FB1C0027D7E2 /* Controllers */,
				3219CBBC1AA6FB1C0027D7E2 /* Models */,
				3219CBBD1AA6FB1C0027D7E2 /* Views */,
				3219CBC11AA6FB6B0027D7E2 /* MatrixKit.h */,
			);
			path = MatrixKit;
			sourceTree = "<group>";
		};
		3219CB871AA6F2780027D7E2 /* MatrixKitTests */ = {
			isa = PBXGroup;
			children = (
				3219CB8A1AA6F2780027D7E2 /* MatrixKitTests.m */,
				3219CB881AA6F2780027D7E2 /* Supporting Files */,
			);
			path = MatrixKitTests;
			sourceTree = "<group>";
		};
		3219CB881AA6F2780027D7E2 /* Supporting Files */ = {
			isa = PBXGroup;
			children = (
				3219CB891AA6F2780027D7E2 /* Info.plist */,
			);
			name = "Supporting Files";
			sourceTree = "<group>";
		};
		3219CB941AA6F5ED0027D7E2 /* Samples */ = {
			isa = PBXGroup;
			children = (
				3219CBA81AA6FA7A0027D7E2 /* MatrixKit */,
			);
			path = Samples;
			sourceTree = "<group>";
		};
		3219CBA81AA6FA7A0027D7E2 /* MatrixKit */ = {
			isa = PBXGroup;
			children = (
				3219CBA91AA6FA7A0027D7E2 /* AppDelegate.h */,
				3219CBAA1AA6FA7A0027D7E2 /* AppDelegate.m */,
				3219CBAB1AA6FA7A0027D7E2 /* LaunchScreen.xib */,
				3219CBAD1AA6FA7A0027D7E2 /* Main.storyboard */,
				3219CBAF1AA6FA7A0027D7E2 /* Images.xcassets */,
				3219CBB01AA6FA7A0027D7E2 /* Info.plist */,
				3219CBB11AA6FA7A0027D7E2 /* main.m */,
				3219CBB21AA6FA7A0027D7E2 /* MXKSampleRoomViewController.h */,
				3219CBB31AA6FA7A0027D7E2 /* MXKSampleRoomViewController.m */,
			);
			path = MatrixKit;
			sourceTree = "<group>";
		};
		3219CBBB1AA6FB1C0027D7E2 /* Controllers */ = {
			isa = PBXGroup;
			children = (
				3219CBBE1AA6FB470027D7E2 /* MXKRoomViewController.h */,
				3219CBBF1AA6FB470027D7E2 /* MXKRoomViewController.m */,
			);
			path = Controllers;
			sourceTree = "<group>";
		};
		3219CBBC1AA6FB1C0027D7E2 /* Models */ = {
			isa = PBXGroup;
			children = (
				3219CBC21AA6FF490027D7E2 /* MXKRoomDataSource.h */,
				3219CBC31AA6FF490027D7E2 /* MXKRoomDataSource.m */,
				32CE6EDE1AA737F300C71389 /* MXKQueuedEvent.h */,
				32CE6EDF1AA737F300C71389 /* MXKQueuedEvent.m */,
				32CE6EE11AA744AE00C71389 /* MXKRoomBubble.h */,
				32CE6EE21AA744AE00C71389 /* MXKRoomBubble.m */,
			);
			path = Models;
			sourceTree = "<group>";
		};
		3219CBBD1AA6FB1C0027D7E2 /* Views */ = {
			isa = PBXGroup;
			children = (
				328AC47A1AA75D140044A6FB /* RoomBubbleList */,
			);
			path = Views;
			sourceTree = "<group>";
		};
		328AC47A1AA75D140044A6FB /* RoomBubbleList */ = {
			isa = PBXGroup;
			children = (
				328AC4841AA75E000044A6FB /* MXKRoomBubbleTableViewCell.h */,
				328AC4851AA75E000044A6FB /* MXKRoomBubbleTableViewCell.m */,
				328AC4871AA75EDD0044A6FB /* MXKRoomIncomingBubbleTableViewCell.h */,
				328AC4881AA75EDD0044A6FB /* MXKRoomIncomingBubbleTableViewCell.m */,
				328AC48A1AA760520044A6FB /* MXKRoomOutgoingBubbleTableViewCell.h */,
				328AC48B1AA760520044A6FB /* MXKRoomOutgoingBubbleTableViewCell.m */,
			);
			path = RoomBubbleList;
			sourceTree = "<group>";
		};
		45351816FD4F6B1C17BD2541 /* Frameworks */ = {
			isa = PBXGroup;
			children = (
				36209DA7732B7B4511C8821C /* libPods-MatrixKit.a */,
			);
			name = Frameworks;
			sourceTree = "<group>";
		};
/* End PBXGroup section */

/* Begin PBXNativeTarget section */
		3219CB671AA6F2780027D7E2 /* MatrixKit */ = {
			isa = PBXNativeTarget;
			buildConfigurationList = 3219CB8E1AA6F2790027D7E2 /* Build configuration list for PBXNativeTarget "MatrixKit" */;
			buildPhases = (
				C4EF25314B5653164693070B /* Check Pods Manifest.lock */,
				3219CB641AA6F2780027D7E2 /* Sources */,
				3219CB651AA6F2780027D7E2 /* Frameworks */,
				3219CB661AA6F2780027D7E2 /* Resources */,
				823C4FED456AD37C7A8B72D0 /* Copy Pods Resources */,
			);
			buildRules = (
			);
			dependencies = (
			);
			name = MatrixKit;
			productName = MatrixKit;
			productReference = 3219CB681AA6F2780027D7E2 /* MatrixKit.app */;
			productType = "com.apple.product-type.application";
		};
		3219CB831AA6F2780027D7E2 /* MatrixKitTests */ = {
			isa = PBXNativeTarget;
			buildConfigurationList = 3219CB911AA6F2790027D7E2 /* Build configuration list for PBXNativeTarget "MatrixKitTests" */;
			buildPhases = (
				3219CB801AA6F2780027D7E2 /* Sources */,
				3219CB811AA6F2780027D7E2 /* Frameworks */,
				3219CB821AA6F2780027D7E2 /* Resources */,
			);
			buildRules = (
			);
			dependencies = (
				3219CB861AA6F2780027D7E2 /* PBXTargetDependency */,
			);
			name = MatrixKitTests;
			productName = MatrixKitTests;
			productReference = 3219CB841AA6F2780027D7E2 /* MatrixKitTests.xctest */;
			productType = "com.apple.product-type.bundle.unit-test";
		};
/* End PBXNativeTarget section */

/* Begin PBXProject section */
		3219CB601AA6F2780027D7E2 /* Project object */ = {
			isa = PBXProject;
			attributes = {
				LastUpgradeCheck = 0610;
				ORGANIZATIONNAME = matrix.org;
				TargetAttributes = {
					3219CB671AA6F2780027D7E2 = {
						CreatedOnToolsVersion = 6.1.1;
					};
					3219CB831AA6F2780027D7E2 = {
						CreatedOnToolsVersion = 6.1.1;
						TestTargetID = 3219CB671AA6F2780027D7E2;
					};
				};
			};
			buildConfigurationList = 3219CB631AA6F2780027D7E2 /* Build configuration list for PBXProject "MatrixKit" */;
			compatibilityVersion = "Xcode 3.2";
			developmentRegion = English;
			hasScannedForEncodings = 0;
			knownRegions = (
				en,
				Base,
			);
			mainGroup = 3219CB5F1AA6F2780027D7E2;
			productRefGroup = 3219CB691AA6F2780027D7E2 /* Products */;
			projectDirPath = "";
			projectRoot = "";
			targets = (
				3219CB671AA6F2780027D7E2 /* MatrixKit */,
				3219CB831AA6F2780027D7E2 /* MatrixKitTests */,
			);
		};
/* End PBXProject section */

/* Begin PBXResourcesBuildPhase section */
		3219CB661AA6F2780027D7E2 /* Resources */ = {
			isa = PBXResourcesBuildPhase;
			buildActionMask = 2147483647;
			files = (
				3219CBB71AA6FA7A0027D7E2 /* Images.xcassets in Resources */,
				3219CBB51AA6FA7A0027D7E2 /* LaunchScreen.xib in Resources */,
				3219CBB61AA6FA7A0027D7E2 /* Main.storyboard in Resources */,
			);
			runOnlyForDeploymentPostprocessing = 0;
		};
		3219CB821AA6F2780027D7E2 /* Resources */ = {
			isa = PBXResourcesBuildPhase;
			buildActionMask = 2147483647;
			files = (
			);
			runOnlyForDeploymentPostprocessing = 0;
		};
/* End PBXResourcesBuildPhase section */

/* Begin PBXShellScriptBuildPhase section */
		823C4FED456AD37C7A8B72D0 /* Copy Pods Resources */ = {
			isa = PBXShellScriptBuildPhase;
			buildActionMask = 2147483647;
			files = (
			);
			inputPaths = (
			);
			name = "Copy Pods Resources";
			outputPaths = (
			);
			runOnlyForDeploymentPostprocessing = 0;
			shellPath = /bin/sh;
			shellScript = "\"${SRCROOT}/Pods/Target Support Files/Pods-MatrixKit/Pods-MatrixKit-resources.sh\"\n";
			showEnvVarsInLog = 0;
		};
		C4EF25314B5653164693070B /* Check Pods Manifest.lock */ = {
			isa = PBXShellScriptBuildPhase;
			buildActionMask = 2147483647;
			files = (
			);
			inputPaths = (
			);
			name = "Check Pods Manifest.lock";
			outputPaths = (
			);
			runOnlyForDeploymentPostprocessing = 0;
			shellPath = /bin/sh;
			shellScript = "diff \"${PODS_ROOT}/../Podfile.lock\" \"${PODS_ROOT}/Manifest.lock\" > /dev/null\nif [[ $? != 0 ]] ; then\n    cat << EOM\nerror: The sandbox is not in sync with the Podfile.lock. Run 'pod install' or update your CocoaPods installation.\nEOM\n    exit 1\nfi\n";
			showEnvVarsInLog = 0;
		};
/* End PBXShellScriptBuildPhase section */

/* Begin PBXSourcesBuildPhase section */
		3219CB641AA6F2780027D7E2 /* Sources */ = {
			isa = PBXSourcesBuildPhase;
			buildActionMask = 2147483647;
			files = (
				3219CBC41AA6FF490027D7E2 /* MXKRoomDataSource.m in Sources */,
				3219CBBA1AA6FA7A0027D7E2 /* MXKSampleRoomViewController.m in Sources */,
				328AC4891AA75EDD0044A6FB /* MXKRoomIncomingBubbleTableViewCell.m in Sources */,
				32CE6EE01AA737F300C71389 /* MXKQueuedEvent.m in Sources */,
				328AC4861AA75E000044A6FB /* MXKRoomBubbleTableViewCell.m in Sources */,
				328AC48C1AA760520044A6FB /* MXKRoomOutgoingBubbleTableViewCell.m in Sources */,
				3219CBB91AA6FA7A0027D7E2 /* main.m in Sources */,
				3219CBC01AA6FB470027D7E2 /* MXKRoomViewController.m in Sources */,
				3219CBB41AA6FA7A0027D7E2 /* AppDelegate.m in Sources */,
				32CE6EE31AA744AE00C71389 /* MXKRoomBubble.m in Sources */,
			);
			runOnlyForDeploymentPostprocessing = 0;
		};
		3219CB801AA6F2780027D7E2 /* Sources */ = {
			isa = PBXSourcesBuildPhase;
			buildActionMask = 2147483647;
			files = (
				3219CB8B1AA6F2780027D7E2 /* MatrixKitTests.m in Sources */,
			);
			runOnlyForDeploymentPostprocessing = 0;
		};
/* End PBXSourcesBuildPhase section */

/* Begin PBXTargetDependency section */
		3219CB861AA6F2780027D7E2 /* PBXTargetDependency */ = {
			isa = PBXTargetDependency;
			target = 3219CB671AA6F2780027D7E2 /* MatrixKit */;
			targetProxy = 3219CB851AA6F2780027D7E2 /* PBXContainerItemProxy */;
		};
/* End PBXTargetDependency section */

/* Begin PBXVariantGroup section */
		3219CBAB1AA6FA7A0027D7E2 /* LaunchScreen.xib */ = {
			isa = PBXVariantGroup;
			children = (
				3219CBAC1AA6FA7A0027D7E2 /* Base */,
			);
			name = LaunchScreen.xib;
			sourceTree = "<group>";
		};
		3219CBAD1AA6FA7A0027D7E2 /* Main.storyboard */ = {
			isa = PBXVariantGroup;
			children = (
				3219CBAE1AA6FA7A0027D7E2 /* Base */,
			);
			name = Main.storyboard;
			sourceTree = "<group>";
		};
/* End PBXVariantGroup section */

/* Begin XCBuildConfiguration section */
		3219CB8C1AA6F2790027D7E2 /* Debug */ = {
			isa = XCBuildConfiguration;
			buildSettings = {
				ALWAYS_SEARCH_USER_PATHS = NO;
				CLANG_CXX_LANGUAGE_STANDARD = "gnu++0x";
				CLANG_CXX_LIBRARY = "libc++";
				CLANG_ENABLE_MODULES = YES;
				CLANG_ENABLE_OBJC_ARC = YES;
				CLANG_WARN_BOOL_CONVERSION = YES;
				CLANG_WARN_CONSTANT_CONVERSION = YES;
				CLANG_WARN_DIRECT_OBJC_ISA_USAGE = YES_ERROR;
				CLANG_WARN_EMPTY_BODY = YES;
				CLANG_WARN_ENUM_CONVERSION = YES;
				CLANG_WARN_INT_CONVERSION = YES;
				CLANG_WARN_OBJC_ROOT_CLASS = YES_ERROR;
				CLANG_WARN_UNREACHABLE_CODE = YES;
				CLANG_WARN__DUPLICATE_METHOD_MATCH = YES;
				"CODE_SIGN_IDENTITY[sdk=iphoneos*]" = "iPhone Developer";
				COPY_PHASE_STRIP = NO;
				ENABLE_STRICT_OBJC_MSGSEND = YES;
				GCC_C_LANGUAGE_STANDARD = gnu99;
				GCC_DYNAMIC_NO_PIC = NO;
				GCC_OPTIMIZATION_LEVEL = 0;
				GCC_PREPROCESSOR_DEFINITIONS = (
					"DEBUG=1",
					"$(inherited)",
				);
				GCC_SYMBOLS_PRIVATE_EXTERN = NO;
				GCC_WARN_64_TO_32_BIT_CONVERSION = YES;
				GCC_WARN_ABOUT_RETURN_TYPE = YES_ERROR;
				GCC_WARN_UNDECLARED_SELECTOR = YES;
				GCC_WARN_UNINITIALIZED_AUTOS = YES_AGGRESSIVE;
				GCC_WARN_UNUSED_FUNCTION = YES;
				GCC_WARN_UNUSED_VARIABLE = YES;
				IPHONEOS_DEPLOYMENT_TARGET = 8.1;
				MTL_ENABLE_DEBUG_INFO = YES;
				ONLY_ACTIVE_ARCH = YES;
				SDKROOT = iphoneos;
				TARGETED_DEVICE_FAMILY = "1,2";
			};
			name = Debug;
		};
		3219CB8D1AA6F2790027D7E2 /* Release */ = {
			isa = XCBuildConfiguration;
			buildSettings = {
				ALWAYS_SEARCH_USER_PATHS = NO;
				CLANG_CXX_LANGUAGE_STANDARD = "gnu++0x";
				CLANG_CXX_LIBRARY = "libc++";
				CLANG_ENABLE_MODULES = YES;
				CLANG_ENABLE_OBJC_ARC = YES;
				CLANG_WARN_BOOL_CONVERSION = YES;
				CLANG_WARN_CONSTANT_CONVERSION = YES;
				CLANG_WARN_DIRECT_OBJC_ISA_USAGE = YES_ERROR;
				CLANG_WARN_EMPTY_BODY = YES;
				CLANG_WARN_ENUM_CONVERSION = YES;
				CLANG_WARN_INT_CONVERSION = YES;
				CLANG_WARN_OBJC_ROOT_CLASS = YES_ERROR;
				CLANG_WARN_UNREACHABLE_CODE = YES;
				CLANG_WARN__DUPLICATE_METHOD_MATCH = YES;
				"CODE_SIGN_IDENTITY[sdk=iphoneos*]" = "iPhone Developer";
				COPY_PHASE_STRIP = YES;
				ENABLE_NS_ASSERTIONS = NO;
				ENABLE_STRICT_OBJC_MSGSEND = YES;
				GCC_C_LANGUAGE_STANDARD = gnu99;
				GCC_WARN_64_TO_32_BIT_CONVERSION = YES;
				GCC_WARN_ABOUT_RETURN_TYPE = YES_ERROR;
				GCC_WARN_UNDECLARED_SELECTOR = YES;
				GCC_WARN_UNINITIALIZED_AUTOS = YES_AGGRESSIVE;
				GCC_WARN_UNUSED_FUNCTION = YES;
				GCC_WARN_UNUSED_VARIABLE = YES;
				IPHONEOS_DEPLOYMENT_TARGET = 8.1;
				MTL_ENABLE_DEBUG_INFO = NO;
				SDKROOT = iphoneos;
				TARGETED_DEVICE_FAMILY = "1,2";
				VALIDATE_PRODUCT = YES;
			};
			name = Release;
		};
		3219CB8F1AA6F2790027D7E2 /* Debug */ = {
			isa = XCBuildConfiguration;
			baseConfigurationReference = 250379BB09138CD37E02157B /* Pods-MatrixKit.debug.xcconfig */;
			buildSettings = {
				ASSETCATALOG_COMPILER_APPICON_NAME = AppIcon;
				INFOPLIST_FILE = "$(SRCROOT)/Samples/MatrixKit/Info.plist";
				IPHONEOS_DEPLOYMENT_TARGET = 7.0;
				LD_RUNPATH_SEARCH_PATHS = "$(inherited) @executable_path/Frameworks";
				PRODUCT_NAME = "$(TARGET_NAME)";
			};
			name = Debug;
		};
		3219CB901AA6F2790027D7E2 /* Release */ = {
			isa = XCBuildConfiguration;
			baseConfigurationReference = 2CBF0F2A1E68D6AE74D84C27 /* Pods-MatrixKit.release.xcconfig */;
			buildSettings = {
				ASSETCATALOG_COMPILER_APPICON_NAME = AppIcon;
				INFOPLIST_FILE = "$(SRCROOT)/Samples/MatrixKit/Info.plist";
				IPHONEOS_DEPLOYMENT_TARGET = 7.0;
				LD_RUNPATH_SEARCH_PATHS = "$(inherited) @executable_path/Frameworks";
				PRODUCT_NAME = "$(TARGET_NAME)";
			};
			name = Release;
		};
		3219CB921AA6F2790027D7E2 /* Debug */ = {
			isa = XCBuildConfiguration;
			buildSettings = {
				BUNDLE_LOADER = "$(TEST_HOST)";
				FRAMEWORK_SEARCH_PATHS = (
					"$(SDKROOT)/Developer/Library/Frameworks",
					"$(inherited)",
				);
				GCC_PREPROCESSOR_DEFINITIONS = (
					"DEBUG=1",
					"$(inherited)",
				);
				INFOPLIST_FILE = MatrixKitTests/Info.plist;
				LD_RUNPATH_SEARCH_PATHS = "$(inherited) @executable_path/Frameworks @loader_path/Frameworks";
				PRODUCT_NAME = "$(TARGET_NAME)";
				TEST_HOST = "$(BUILT_PRODUCTS_DIR)/MatrixKit.app/MatrixKit";
			};
			name = Debug;
		};
		3219CB931AA6F2790027D7E2 /* Release */ = {
			isa = XCBuildConfiguration;
			buildSettings = {
				BUNDLE_LOADER = "$(TEST_HOST)";
				FRAMEWORK_SEARCH_PATHS = (
					"$(SDKROOT)/Developer/Library/Frameworks",
					"$(inherited)",
				);
				INFOPLIST_FILE = MatrixKitTests/Info.plist;
				LD_RUNPATH_SEARCH_PATHS = "$(inherited) @executable_path/Frameworks @loader_path/Frameworks";
				PRODUCT_NAME = "$(TARGET_NAME)";
				TEST_HOST = "$(BUILT_PRODUCTS_DIR)/MatrixKit.app/MatrixKit";
			};
			name = Release;
		};
/* End XCBuildConfiguration section */

/* Begin XCConfigurationList section */
		3219CB631AA6F2780027D7E2 /* Build configuration list for PBXProject "MatrixKit" */ = {
			isa = XCConfigurationList;
			buildConfigurations = (
				3219CB8C1AA6F2790027D7E2 /* Debug */,
				3219CB8D1AA6F2790027D7E2 /* Release */,
			);
			defaultConfigurationIsVisible = 0;
			defaultConfigurationName = Release;
		};
		3219CB8E1AA6F2790027D7E2 /* Build configuration list for PBXNativeTarget "MatrixKit" */ = {
			isa = XCConfigurationList;
			buildConfigurations = (
				3219CB8F1AA6F2790027D7E2 /* Debug */,
				3219CB901AA6F2790027D7E2 /* Release */,
			);
			defaultConfigurationIsVisible = 0;
			defaultConfigurationName = Release;
		};
		3219CB911AA6F2790027D7E2 /* Build configuration list for PBXNativeTarget "MatrixKitTests" */ = {
			isa = XCConfigurationList;
			buildConfigurations = (
				3219CB921AA6F2790027D7E2 /* Debug */,
				3219CB931AA6F2790027D7E2 /* Release */,
			);
			defaultConfigurationIsVisible = 0;
			defaultConfigurationName = Release;
		};
/* End XCConfigurationList section */
	};
	rootObject = 3219CB601AA6F2780027D7E2 /* Project object */;
}
