// !$*UTF8*$!
{
	archiveVersion = 1;
	classes = {
	};
	objectVersion = 46;
	objects = {

/* Begin PBXBuildFile section */
		3219CB8B1AA6F2780027D7E2 /* MatrixKitTests.m in Sources */ = {isa = PBXBuildFile; fileRef = 3219CB8A1AA6F2780027D7E2 /* MatrixKitTests.m */; };
		3219CBC01AA6FB470027D7E2 /* MXKRoomViewController.m in Sources */ = {isa = PBXBuildFile; fileRef = 3219CBBF1AA6FB470027D7E2 /* MXKRoomViewController.m */; };
		3219CBC41AA6FF490027D7E2 /* MXKRoomDataSource.m in Sources */ = {isa = PBXBuildFile; fileRef = 3219CBC31AA6FF490027D7E2 /* MXKRoomDataSource.m */; };
		328AC4861AA75E000044A6FB /* MXKRoomBubbleTableViewCell.m in Sources */ = {isa = PBXBuildFile; fileRef = 328AC4851AA75E000044A6FB /* MXKRoomBubbleTableViewCell.m */; };
		328AC4891AA75EDD0044A6FB /* MXKRoomIncomingBubbleTableViewCell.m in Sources */ = {isa = PBXBuildFile; fileRef = 328AC4881AA75EDD0044A6FB /* MXKRoomIncomingBubbleTableViewCell.m */; };
		328AC48C1AA760520044A6FB /* MXKRoomOutgoingBubbleTableViewCell.m in Sources */ = {isa = PBXBuildFile; fileRef = 328AC48B1AA760520044A6FB /* MXKRoomOutgoingBubbleTableViewCell.m */; };
		328AC48F1AA86E110044A6FB /* MXKDataSource.m in Sources */ = {isa = PBXBuildFile; fileRef = 328AC48E1AA86E110044A6FB /* MXKDataSource.m */; };
		328AC4931AA8B05C0044A6FB /* MXKCellData.m in Sources */ = {isa = PBXBuildFile; fileRef = 328AC4921AA8B05C0044A6FB /* MXKCellData.m */; };
		329CF77B1AA9FDE000A4753F /* MXKRoomIOSBubbleTableViewCell.m in Sources */ = {isa = PBXBuildFile; fileRef = 329CF77A1AA9FDE000A4753F /* MXKRoomIOSBubbleTableViewCell.m */; };
		32CE6EE01AA737F300C71389 /* MXKQueuedEvent.m in Sources */ = {isa = PBXBuildFile; fileRef = 32CE6EDF1AA737F300C71389 /* MXKQueuedEvent.m */; };
		32CE6EE31AA744AE00C71389 /* MXKRoomBubbleCellData.m in Sources */ = {isa = PBXBuildFile; fileRef = 32CE6EE21AA744AE00C71389 /* MXKRoomBubbleCellData.m */; };
		32CEE21F1AB1A57E00F7C74D /* MXKEventFormatter.m in Sources */ = {isa = PBXBuildFile; fileRef = 32CEE21E1AB1A57E00F7C74D /* MXKEventFormatter.m */; };
		32CEE2231AB1E37600F7C74D /* MXKRecentListViewController.m in Sources */ = {isa = PBXBuildFile; fileRef = 32CEE2211AB1E37600F7C74D /* MXKRecentListViewController.m */; };
		32CEE2241AB1E37600F7C74D /* MXKRecentListViewController.xib in Resources */ = {isa = PBXBuildFile; fileRef = 32CEE2221AB1E37600F7C74D /* MXKRecentListViewController.xib */; };
		32CEE22B1AB1EC9B00F7C74D /* MXKRecentListDataSource.m in Sources */ = {isa = PBXBuildFile; fileRef = 32CEE2271AB1EC9B00F7C74D /* MXKRecentListDataSource.m */; };
		32CEE22C1AB1EC9B00F7C74D /* MXKRecentCellData.m in Sources */ = {isa = PBXBuildFile; fileRef = 32CEE2291AB1EC9B00F7C74D /* MXKRecentCellData.m */; };
		32CEE2301AB1EE0900F7C74D /* MXKRecentTableViewCell.m in Sources */ = {isa = PBXBuildFile; fileRef = 32CEE22F1AB1EE0900F7C74D /* MXKRecentTableViewCell.m */; };
		32CEE2331AB1F5CB00F7C74D /* MXKSampleRecentsViewController.m in Sources */ = {isa = PBXBuildFile; fileRef = 32CEE2321AB1F5CB00F7C74D /* MXKSampleRecentsViewController.m */; };
		8B9E9737BF25A512725372BE /* libPods-MatrixKitSample.a in Frameworks */ = {isa = PBXBuildFile; fileRef = C994EE81FBAC79EE746DF4E5 /* libPods-MatrixKitSample.a */; };
		F03A00241AAA19F30070A7D8 /* MXKRoomViewController.xib in Resources */ = {isa = PBXBuildFile; fileRef = F03A00231AAA19F30070A7D8 /* MXKRoomViewController.xib */; };
		F0CD668B1AB715A6006B92D6 /* MXKRoomInputToolbarView.m in Sources */ = {isa = PBXBuildFile; fileRef = F0CD668A1AB715A6006B92D6 /* MXKRoomInputToolbarView.m */; };
		F0CD668D1AB715B4006B92D6 /* MXKRoomInputToolbarView.xib in Resources */ = {isa = PBXBuildFile; fileRef = F0CD668C1AB715B4006B92D6 /* MXKRoomInputToolbarView.xib */; };
		F0CE56E51AA8BB5E003BE77A /* AppDelegate.m in Sources */ = {isa = PBXBuildFile; fileRef = F0CE56D91AA8BB5E003BE77A /* AppDelegate.m */; };
		F0CE56E61AA8BB5E003BE77A /* LaunchScreen.xib in Resources */ = {isa = PBXBuildFile; fileRef = F0CE56DA1AA8BB5E003BE77A /* LaunchScreen.xib */; };
		F0CE56E71AA8BB5E003BE77A /* Main.storyboard in Resources */ = {isa = PBXBuildFile; fileRef = F0CE56DC1AA8BB5E003BE77A /* Main.storyboard */; };
		F0CE56E81AA8BB5E003BE77A /* Images.xcassets in Resources */ = {isa = PBXBuildFile; fileRef = F0CE56DE1AA8BB5E003BE77A /* Images.xcassets */; };
		F0CE56E91AA8BB5E003BE77A /* Info.plist in Resources */ = {isa = PBXBuildFile; fileRef = F0CE56DF1AA8BB5E003BE77A /* Info.plist */; };
		F0CE56EA1AA8BB5E003BE77A /* main.m in Sources */ = {isa = PBXBuildFile; fileRef = F0CE56E01AA8BB5E003BE77A /* main.m */; };
		F0CE56EB1AA8BB5E003BE77A /* MXKSampleMainTableViewController.m in Sources */ = {isa = PBXBuildFile; fileRef = F0CE56E21AA8BB5E003BE77A /* MXKSampleMainTableViewController.m */; };
		F0CE56EC1AA8BB5E003BE77A /* MXKSampleRoomViewController.m in Sources */ = {isa = PBXBuildFile; fileRef = F0CE56E41AA8BB5E003BE77A /* MXKSampleRoomViewController.m */; };
		F0F1489B1AB059AC005F5D4A /* MXKSampleJSQMessagesViewController.m in Sources */ = {isa = PBXBuildFile; fileRef = F0F1489A1AB059AC005F5D4A /* MXKSampleJSQMessagesViewController.m */; };
		F0F148A51AB08F48005F5D4A /* MXKSampleJSQRoomBubbleCellData.m in Sources */ = {isa = PBXBuildFile; fileRef = F0F148A21AB08F48005F5D4A /* MXKSampleJSQRoomBubbleCellData.m */; };
		F0F148A61AB08F48005F5D4A /* MXKSampleJSQRoomDataSource.m in Sources */ = {isa = PBXBuildFile; fileRef = F0F148A41AB08F48005F5D4A /* MXKSampleJSQRoomDataSource.m */; };
		F0F148C21AB31237005F5D4A /* MXKMediaLoader.m in Sources */ = {isa = PBXBuildFile; fileRef = F0F148BF1AB31237005F5D4A /* MXKMediaLoader.m */; };
		F0F148C31AB31237005F5D4A /* MXKMediaManager.m in Sources */ = {isa = PBXBuildFile; fileRef = F0F148C11AB31237005F5D4A /* MXKMediaManager.m */; };
		F0F148C61AB31240005F5D4A /* MXKTools.m in Sources */ = {isa = PBXBuildFile; fileRef = F0F148C51AB31240005F5D4A /* MXKTools.m */; };
/* End PBXBuildFile section */

/* Begin PBXContainerItemProxy section */
		3219CB851AA6F2780027D7E2 /* PBXContainerItemProxy */ = {
			isa = PBXContainerItemProxy;
			containerPortal = 3219CB601AA6F2780027D7E2 /* Project object */;
			proxyType = 1;
			remoteGlobalIDString = 3219CB671AA6F2780027D7E2;
			remoteInfo = MatrixKit;
		};
/* End PBXContainerItemProxy section */

/* Begin PBXFileReference section */
		0606B0702D98FE702AAED75B /* Pods-MatrixKitSample.release.xcconfig */ = {isa = PBXFileReference; includeInIndex = 1; lastKnownFileType = text.xcconfig; name = "Pods-MatrixKitSample.release.xcconfig"; path = "Pods/Target Support Files/Pods-MatrixKitSample/Pods-MatrixKitSample.release.xcconfig"; sourceTree = "<group>"; };
		3219CB681AA6F2780027D7E2 /* MatrixKitSample.app */ = {isa = PBXFileReference; explicitFileType = wrapper.application; includeInIndex = 0; path = MatrixKitSample.app; sourceTree = BUILT_PRODUCTS_DIR; };
		3219CB841AA6F2780027D7E2 /* MatrixKitTests.xctest */ = {isa = PBXFileReference; explicitFileType = wrapper.cfbundle; includeInIndex = 0; path = MatrixKitTests.xctest; sourceTree = BUILT_PRODUCTS_DIR; };
		3219CB891AA6F2780027D7E2 /* Info.plist */ = {isa = PBXFileReference; lastKnownFileType = text.plist.xml; path = Info.plist; sourceTree = "<group>"; };
		3219CB8A1AA6F2780027D7E2 /* MatrixKitTests.m */ = {isa = PBXFileReference; lastKnownFileType = sourcecode.c.objc; path = MatrixKitTests.m; sourceTree = "<group>"; };
		3219CBBE1AA6FB470027D7E2 /* MXKRoomViewController.h */ = {isa = PBXFileReference; fileEncoding = 4; lastKnownFileType = sourcecode.c.h; path = MXKRoomViewController.h; sourceTree = "<group>"; };
		3219CBBF1AA6FB470027D7E2 /* MXKRoomViewController.m */ = {isa = PBXFileReference; fileEncoding = 4; lastKnownFileType = sourcecode.c.objc; path = MXKRoomViewController.m; sourceTree = "<group>"; };
		3219CBC11AA6FB6B0027D7E2 /* MatrixKit.h */ = {isa = PBXFileReference; fileEncoding = 4; lastKnownFileType = sourcecode.c.h; path = MatrixKit.h; sourceTree = "<group>"; };
		3219CBC21AA6FF490027D7E2 /* MXKRoomDataSource.h */ = {isa = PBXFileReference; fileEncoding = 4; lastKnownFileType = sourcecode.c.h; path = MXKRoomDataSource.h; sourceTree = "<group>"; };
		3219CBC31AA6FF490027D7E2 /* MXKRoomDataSource.m */ = {isa = PBXFileReference; fileEncoding = 4; lastKnownFileType = sourcecode.c.objc; path = MXKRoomDataSource.m; sourceTree = "<group>"; };
		328AC4841AA75E000044A6FB /* MXKRoomBubbleTableViewCell.h */ = {isa = PBXFileReference; fileEncoding = 4; lastKnownFileType = sourcecode.c.h; path = MXKRoomBubbleTableViewCell.h; sourceTree = "<group>"; };
		328AC4851AA75E000044A6FB /* MXKRoomBubbleTableViewCell.m */ = {isa = PBXFileReference; fileEncoding = 4; lastKnownFileType = sourcecode.c.objc; path = MXKRoomBubbleTableViewCell.m; sourceTree = "<group>"; };
		328AC4871AA75EDD0044A6FB /* MXKRoomIncomingBubbleTableViewCell.h */ = {isa = PBXFileReference; fileEncoding = 4; lastKnownFileType = sourcecode.c.h; path = MXKRoomIncomingBubbleTableViewCell.h; sourceTree = "<group>"; };
		328AC4881AA75EDD0044A6FB /* MXKRoomIncomingBubbleTableViewCell.m */ = {isa = PBXFileReference; fileEncoding = 4; lastKnownFileType = sourcecode.c.objc; path = MXKRoomIncomingBubbleTableViewCell.m; sourceTree = "<group>"; };
		328AC48A1AA760520044A6FB /* MXKRoomOutgoingBubbleTableViewCell.h */ = {isa = PBXFileReference; fileEncoding = 4; lastKnownFileType = sourcecode.c.h; path = MXKRoomOutgoingBubbleTableViewCell.h; sourceTree = "<group>"; };
		328AC48B1AA760520044A6FB /* MXKRoomOutgoingBubbleTableViewCell.m */ = {isa = PBXFileReference; fileEncoding = 4; lastKnownFileType = sourcecode.c.objc; path = MXKRoomOutgoingBubbleTableViewCell.m; sourceTree = "<group>"; };
		328AC48D1AA86E110044A6FB /* MXKDataSource.h */ = {isa = PBXFileReference; fileEncoding = 4; lastKnownFileType = sourcecode.c.h; path = MXKDataSource.h; sourceTree = "<group>"; };
		328AC48E1AA86E110044A6FB /* MXKDataSource.m */ = {isa = PBXFileReference; fileEncoding = 4; lastKnownFileType = sourcecode.c.objc; path = MXKDataSource.m; sourceTree = "<group>"; };
		328AC4901AA8AF5B0044A6FB /* MXKCellRendering.h */ = {isa = PBXFileReference; fileEncoding = 4; lastKnownFileType = sourcecode.c.h; path = MXKCellRendering.h; sourceTree = "<group>"; };
		328AC4911AA8B05C0044A6FB /* MXKCellData.h */ = {isa = PBXFileReference; fileEncoding = 4; lastKnownFileType = sourcecode.c.h; path = MXKCellData.h; sourceTree = "<group>"; };
		328AC4921AA8B05C0044A6FB /* MXKCellData.m */ = {isa = PBXFileReference; fileEncoding = 4; lastKnownFileType = sourcecode.c.objc; path = MXKCellData.m; sourceTree = "<group>"; };
		328AC4941AA9B8390044A6FB /* MXKRoomBubbleCellDataStoring.h */ = {isa = PBXFileReference; fileEncoding = 4; lastKnownFileType = sourcecode.c.h; path = MXKRoomBubbleCellDataStoring.h; sourceTree = "<group>"; };
		329CF7791AA9FDE000A4753F /* MXKRoomIOSBubbleTableViewCell.h */ = {isa = PBXFileReference; fileEncoding = 4; lastKnownFileType = sourcecode.c.h; path = MXKRoomIOSBubbleTableViewCell.h; sourceTree = "<group>"; };
		329CF77A1AA9FDE000A4753F /* MXKRoomIOSBubbleTableViewCell.m */ = {isa = PBXFileReference; fileEncoding = 4; lastKnownFileType = sourcecode.c.objc; path = MXKRoomIOSBubbleTableViewCell.m; sourceTree = "<group>"; };
		32CE6EDE1AA737F300C71389 /* MXKQueuedEvent.h */ = {isa = PBXFileReference; fileEncoding = 4; lastKnownFileType = sourcecode.c.h; path = MXKQueuedEvent.h; sourceTree = "<group>"; };
		32CE6EDF1AA737F300C71389 /* MXKQueuedEvent.m */ = {isa = PBXFileReference; fileEncoding = 4; lastKnownFileType = sourcecode.c.objc; path = MXKQueuedEvent.m; sourceTree = "<group>"; };
		32CE6EE11AA744AE00C71389 /* MXKRoomBubbleCellData.h */ = {isa = PBXFileReference; fileEncoding = 4; lastKnownFileType = sourcecode.c.h; path = MXKRoomBubbleCellData.h; sourceTree = "<group>"; };
		32CE6EE21AA744AE00C71389 /* MXKRoomBubbleCellData.m */ = {isa = PBXFileReference; fileEncoding = 4; lastKnownFileType = sourcecode.c.objc; path = MXKRoomBubbleCellData.m; sourceTree = "<group>"; };
		32CEE21D1AB1A57E00F7C74D /* MXKEventFormatter.h */ = {isa = PBXFileReference; fileEncoding = 4; lastKnownFileType = sourcecode.c.h; path = MXKEventFormatter.h; sourceTree = "<group>"; };
		32CEE21E1AB1A57E00F7C74D /* MXKEventFormatter.m */ = {isa = PBXFileReference; fileEncoding = 4; lastKnownFileType = sourcecode.c.objc; path = MXKEventFormatter.m; sourceTree = "<group>"; };
		32CEE2201AB1E37600F7C74D /* MXKRecentListViewController.h */ = {isa = PBXFileReference; fileEncoding = 4; lastKnownFileType = sourcecode.c.h; path = MXKRecentListViewController.h; sourceTree = "<group>"; };
		32CEE2211AB1E37600F7C74D /* MXKRecentListViewController.m */ = {isa = PBXFileReference; fileEncoding = 4; lastKnownFileType = sourcecode.c.objc; path = MXKRecentListViewController.m; sourceTree = "<group>"; };
		32CEE2221AB1E37600F7C74D /* MXKRecentListViewController.xib */ = {isa = PBXFileReference; fileEncoding = 4; lastKnownFileType = file.xib; path = MXKRecentListViewController.xib; sourceTree = "<group>"; };
		32CEE2261AB1EC9B00F7C74D /* MXKRecentListDataSource.h */ = {isa = PBXFileReference; fileEncoding = 4; lastKnownFileType = sourcecode.c.h; path = MXKRecentListDataSource.h; sourceTree = "<group>"; };
		32CEE2271AB1EC9B00F7C74D /* MXKRecentListDataSource.m */ = {isa = PBXFileReference; fileEncoding = 4; lastKnownFileType = sourcecode.c.objc; path = MXKRecentListDataSource.m; sourceTree = "<group>"; };
		32CEE2281AB1EC9B00F7C74D /* MXKRecentCellData.h */ = {isa = PBXFileReference; fileEncoding = 4; lastKnownFileType = sourcecode.c.h; path = MXKRecentCellData.h; sourceTree = "<group>"; };
		32CEE2291AB1EC9B00F7C74D /* MXKRecentCellData.m */ = {isa = PBXFileReference; fileEncoding = 4; lastKnownFileType = sourcecode.c.objc; path = MXKRecentCellData.m; sourceTree = "<group>"; };
		32CEE22A1AB1EC9B00F7C74D /* MXKRecentCellDataStoring.h */ = {isa = PBXFileReference; fileEncoding = 4; lastKnownFileType = sourcecode.c.h; path = MXKRecentCellDataStoring.h; sourceTree = "<group>"; };
		32CEE22E1AB1EE0900F7C74D /* MXKRecentTableViewCell.h */ = {isa = PBXFileReference; fileEncoding = 4; lastKnownFileType = sourcecode.c.h; path = MXKRecentTableViewCell.h; sourceTree = "<group>"; };
		32CEE22F1AB1EE0900F7C74D /* MXKRecentTableViewCell.m */ = {isa = PBXFileReference; fileEncoding = 4; lastKnownFileType = sourcecode.c.objc; path = MXKRecentTableViewCell.m; sourceTree = "<group>"; };
		32CEE2311AB1F5CB00F7C74D /* MXKSampleRecentsViewController.h */ = {isa = PBXFileReference; fileEncoding = 4; lastKnownFileType = sourcecode.c.h; path = MXKSampleRecentsViewController.h; sourceTree = "<group>"; };
		32CEE2321AB1F5CB00F7C74D /* MXKSampleRecentsViewController.m */ = {isa = PBXFileReference; fileEncoding = 4; lastKnownFileType = sourcecode.c.objc; path = MXKSampleRecentsViewController.m; sourceTree = "<group>"; };
		C994EE81FBAC79EE746DF4E5 /* libPods-MatrixKitSample.a */ = {isa = PBXFileReference; explicitFileType = archive.ar; includeInIndex = 0; path = "libPods-MatrixKitSample.a"; sourceTree = BUILT_PRODUCTS_DIR; };
		D473CAF02D2D0996B98A23E8 /* Pods-MatrixKitSample.debug.xcconfig */ = {isa = PBXFileReference; includeInIndex = 1; lastKnownFileType = text.xcconfig; name = "Pods-MatrixKitSample.debug.xcconfig"; path = "Pods/Target Support Files/Pods-MatrixKitSample/Pods-MatrixKitSample.debug.xcconfig"; sourceTree = "<group>"; };
		F03A00231AAA19F30070A7D8 /* MXKRoomViewController.xib */ = {isa = PBXFileReference; fileEncoding = 4; lastKnownFileType = file.xib; path = MXKRoomViewController.xib; sourceTree = "<group>"; };
		F0CD66891AB715A6006B92D6 /* MXKRoomInputToolbarView.h */ = {isa = PBXFileReference; fileEncoding = 4; lastKnownFileType = sourcecode.c.h; path = MXKRoomInputToolbarView.h; sourceTree = "<group>"; };
		F0CD668A1AB715A6006B92D6 /* MXKRoomInputToolbarView.m */ = {isa = PBXFileReference; fileEncoding = 4; lastKnownFileType = sourcecode.c.objc; path = MXKRoomInputToolbarView.m; sourceTree = "<group>"; };
		F0CD668C1AB715B4006B92D6 /* MXKRoomInputToolbarView.xib */ = {isa = PBXFileReference; fileEncoding = 4; lastKnownFileType = file.xib; path = MXKRoomInputToolbarView.xib; sourceTree = "<group>"; };
		F0CE56D81AA8BB5E003BE77A /* AppDelegate.h */ = {isa = PBXFileReference; fileEncoding = 4; lastKnownFileType = sourcecode.c.h; path = AppDelegate.h; sourceTree = "<group>"; };
		F0CE56D91AA8BB5E003BE77A /* AppDelegate.m */ = {isa = PBXFileReference; fileEncoding = 4; lastKnownFileType = sourcecode.c.objc; path = AppDelegate.m; sourceTree = "<group>"; };
		F0CE56DB1AA8BB5E003BE77A /* Base */ = {isa = PBXFileReference; lastKnownFileType = file.xib; name = Base; path = Base.lproj/LaunchScreen.xib; sourceTree = "<group>"; };
		F0CE56DD1AA8BB5E003BE77A /* Base */ = {isa = PBXFileReference; lastKnownFileType = file.storyboard; name = Base; path = Base.lproj/Main.storyboard; sourceTree = "<group>"; };
		F0CE56DE1AA8BB5E003BE77A /* Images.xcassets */ = {isa = PBXFileReference; lastKnownFileType = folder.assetcatalog; path = Images.xcassets; sourceTree = "<group>"; };
		F0CE56DF1AA8BB5E003BE77A /* Info.plist */ = {isa = PBXFileReference; fileEncoding = 4; lastKnownFileType = text.plist.xml; path = Info.plist; sourceTree = "<group>"; };
		F0CE56E01AA8BB5E003BE77A /* main.m */ = {isa = PBXFileReference; fileEncoding = 4; lastKnownFileType = sourcecode.c.objc; path = main.m; sourceTree = "<group>"; };
		F0CE56E11AA8BB5E003BE77A /* MXKSampleMainTableViewController.h */ = {isa = PBXFileReference; fileEncoding = 4; lastKnownFileType = sourcecode.c.h; path = MXKSampleMainTableViewController.h; sourceTree = "<group>"; };
		F0CE56E21AA8BB5E003BE77A /* MXKSampleMainTableViewController.m */ = {isa = PBXFileReference; fileEncoding = 4; lastKnownFileType = sourcecode.c.objc; path = MXKSampleMainTableViewController.m; sourceTree = "<group>"; };
		F0CE56E31AA8BB5E003BE77A /* MXKSampleRoomViewController.h */ = {isa = PBXFileReference; fileEncoding = 4; lastKnownFileType = sourcecode.c.h; path = MXKSampleRoomViewController.h; sourceTree = "<group>"; };
		F0CE56E41AA8BB5E003BE77A /* MXKSampleRoomViewController.m */ = {isa = PBXFileReference; fileEncoding = 4; lastKnownFileType = sourcecode.c.objc; path = MXKSampleRoomViewController.m; sourceTree = "<group>"; };
		F0F148991AB059AC005F5D4A /* MXKSampleJSQMessagesViewController.h */ = {isa = PBXFileReference; fileEncoding = 4; lastKnownFileType = sourcecode.c.h; path = MXKSampleJSQMessagesViewController.h; sourceTree = "<group>"; };
		F0F1489A1AB059AC005F5D4A /* MXKSampleJSQMessagesViewController.m */ = {isa = PBXFileReference; fileEncoding = 4; lastKnownFileType = sourcecode.c.objc; path = MXKSampleJSQMessagesViewController.m; sourceTree = "<group>"; };
		F0F148A11AB08F48005F5D4A /* MXKSampleJSQRoomBubbleCellData.h */ = {isa = PBXFileReference; fileEncoding = 4; lastKnownFileType = sourcecode.c.h; path = MXKSampleJSQRoomBubbleCellData.h; sourceTree = "<group>"; };
		F0F148A21AB08F48005F5D4A /* MXKSampleJSQRoomBubbleCellData.m */ = {isa = PBXFileReference; fileEncoding = 4; lastKnownFileType = sourcecode.c.objc; path = MXKSampleJSQRoomBubbleCellData.m; sourceTree = "<group>"; };
		F0F148A31AB08F48005F5D4A /* MXKSampleJSQRoomDataSource.h */ = {isa = PBXFileReference; fileEncoding = 4; lastKnownFileType = sourcecode.c.h; path = MXKSampleJSQRoomDataSource.h; sourceTree = "<group>"; };
		F0F148A41AB08F48005F5D4A /* MXKSampleJSQRoomDataSource.m */ = {isa = PBXFileReference; fileEncoding = 4; lastKnownFileType = sourcecode.c.objc; path = MXKSampleJSQRoomDataSource.m; sourceTree = "<group>"; };
		F0F148BE1AB31237005F5D4A /* MXKMediaLoader.h */ = {isa = PBXFileReference; fileEncoding = 4; lastKnownFileType = sourcecode.c.h; path = MXKMediaLoader.h; sourceTree = "<group>"; };
		F0F148BF1AB31237005F5D4A /* MXKMediaLoader.m */ = {isa = PBXFileReference; fileEncoding = 4; lastKnownFileType = sourcecode.c.objc; path = MXKMediaLoader.m; sourceTree = "<group>"; };
		F0F148C01AB31237005F5D4A /* MXKMediaManager.h */ = {isa = PBXFileReference; fileEncoding = 4; lastKnownFileType = sourcecode.c.h; path = MXKMediaManager.h; sourceTree = "<group>"; };
		F0F148C11AB31237005F5D4A /* MXKMediaManager.m */ = {isa = PBXFileReference; fileEncoding = 4; lastKnownFileType = sourcecode.c.objc; path = MXKMediaManager.m; sourceTree = "<group>"; };
		F0F148C41AB31240005F5D4A /* MXKTools.h */ = {isa = PBXFileReference; fileEncoding = 4; lastKnownFileType = sourcecode.c.h; path = MXKTools.h; sourceTree = "<group>"; };
		F0F148C51AB31240005F5D4A /* MXKTools.m */ = {isa = PBXFileReference; fileEncoding = 4; lastKnownFileType = sourcecode.c.objc; path = MXKTools.m; sourceTree = "<group>"; };
/* End PBXFileReference section */

/* Begin PBXFrameworksBuildPhase section */
		3219CB651AA6F2780027D7E2 /* Frameworks */ = {
			isa = PBXFrameworksBuildPhase;
			buildActionMask = 2147483647;
			files = (
				8B9E9737BF25A512725372BE /* libPods-MatrixKitSample.a in Frameworks */,
			);
			runOnlyForDeploymentPostprocessing = 0;
		};
		3219CB811AA6F2780027D7E2 /* Frameworks */ = {
			isa = PBXFrameworksBuildPhase;
			buildActionMask = 2147483647;
			files = (
			);
			runOnlyForDeploymentPostprocessing = 0;
		};
/* End PBXFrameworksBuildPhase section */

/* Begin PBXGroup section */
		1DD79E62F9F3BB9FC50C503F /* Frameworks */ = {
			isa = PBXGroup;
			children = (
				C994EE81FBAC79EE746DF4E5 /* libPods-MatrixKitSample.a */,
			);
			name = Frameworks;
			sourceTree = "<group>";
		};
		3219CB5F1AA6F2780027D7E2 = {
			isa = PBXGroup;
			children = (
				3219CB941AA6F5ED0027D7E2 /* Samples */,
				3219CB6A1AA6F2780027D7E2 /* MatrixKit */,
				3219CB871AA6F2780027D7E2 /* MatrixKitTests */,
				3219CB691AA6F2780027D7E2 /* Products */,
				8140E85B615322EF09C3A764 /* Pods */,
				1DD79E62F9F3BB9FC50C503F /* Frameworks */,
			);
			sourceTree = "<group>";
		};
		3219CB691AA6F2780027D7E2 /* Products */ = {
			isa = PBXGroup;
			children = (
				3219CB681AA6F2780027D7E2 /* MatrixKitSample.app */,
				3219CB841AA6F2780027D7E2 /* MatrixKitTests.xctest */,
			);
			name = Products;
			sourceTree = "<group>";
		};
		3219CB6A1AA6F2780027D7E2 /* MatrixKit */ = {
			isa = PBXGroup;
			children = (
				3219CBBB1AA6FB1C0027D7E2 /* Controllers */,
				3219CBBC1AA6FB1C0027D7E2 /* Models */,
				32CEE21C1AB1A57E00F7C74D /* Utils */,
				3219CBBD1AA6FB1C0027D7E2 /* Views */,
				3219CBC11AA6FB6B0027D7E2 /* MatrixKit.h */,
			);
			path = MatrixKit;
			sourceTree = "<group>";
		};
		3219CB871AA6F2780027D7E2 /* MatrixKitTests */ = {
			isa = PBXGroup;
			children = (
				3219CB8A1AA6F2780027D7E2 /* MatrixKitTests.m */,
				3219CB881AA6F2780027D7E2 /* Supporting Files */,
			);
			path = MatrixKitTests;
			sourceTree = "<group>";
		};
		3219CB881AA6F2780027D7E2 /* Supporting Files */ = {
			isa = PBXGroup;
			children = (
				3219CB891AA6F2780027D7E2 /* Info.plist */,
			);
			name = "Supporting Files";
			sourceTree = "<group>";
		};
		3219CB941AA6F5ED0027D7E2 /* Samples */ = {
			isa = PBXGroup;
			children = (
				F0CE56D71AA8BB5E003BE77A /* MatrixKitSample */,
			);
			path = Samples;
			sourceTree = "<group>";
		};
		3219CBBB1AA6FB1C0027D7E2 /* Controllers */ = {
			isa = PBXGroup;
			children = (
				32CEE2201AB1E37600F7C74D /* MXKRecentListViewController.h */,
				32CEE2211AB1E37600F7C74D /* MXKRecentListViewController.m */,
				32CEE2221AB1E37600F7C74D /* MXKRecentListViewController.xib */,
				3219CBBE1AA6FB470027D7E2 /* MXKRoomViewController.h */,
				3219CBBF1AA6FB470027D7E2 /* MXKRoomViewController.m */,
				F03A00231AAA19F30070A7D8 /* MXKRoomViewController.xib */,
			);
			path = Controllers;
			sourceTree = "<group>";
		};
		3219CBBC1AA6FB1C0027D7E2 /* Models */ = {
			isa = PBXGroup;
			children = (
				32CEE2251AB1EC9B00F7C74D /* RoomList */,
				328AC48D1AA86E110044A6FB /* MXKDataSource.h */,
				328AC48E1AA86E110044A6FB /* MXKDataSource.m */,
				3219CBC21AA6FF490027D7E2 /* MXKRoomDataSource.h */,
				3219CBC31AA6FF490027D7E2 /* MXKRoomDataSource.m */,
				328AC4911AA8B05C0044A6FB /* MXKCellData.h */,
				328AC4921AA8B05C0044A6FB /* MXKCellData.m */,
				328AC4941AA9B8390044A6FB /* MXKRoomBubbleCellDataStoring.h */,
				32CE6EE11AA744AE00C71389 /* MXKRoomBubbleCellData.h */,
				32CE6EE21AA744AE00C71389 /* MXKRoomBubbleCellData.m */,
				32CE6EDE1AA737F300C71389 /* MXKQueuedEvent.h */,
				32CE6EDF1AA737F300C71389 /* MXKQueuedEvent.m */,
			);
			path = Models;
			sourceTree = "<group>";
		};
		3219CBBD1AA6FB1C0027D7E2 /* Views */ = {
			isa = PBXGroup;
			children = (
				32CEE22D1AB1EE0900F7C74D /* RoomList */,
				328AC47A1AA75D140044A6FB /* RoomBubbleList */,
				328AC4901AA8AF5B0044A6FB /* MXKCellRendering.h */,
				F0CD66891AB715A6006B92D6 /* MXKRoomInputToolbarView.h */,
				F0CD668A1AB715A6006B92D6 /* MXKRoomInputToolbarView.m */,
				F0CD668C1AB715B4006B92D6 /* MXKRoomInputToolbarView.xib */,
			);
			path = Views;
			sourceTree = "<group>";
		};
		328AC47A1AA75D140044A6FB /* RoomBubbleList */ = {
			isa = PBXGroup;
			children = (
				328AC4841AA75E000044A6FB /* MXKRoomBubbleTableViewCell.h */,
				328AC4851AA75E000044A6FB /* MXKRoomBubbleTableViewCell.m */,
				328AC4871AA75EDD0044A6FB /* MXKRoomIncomingBubbleTableViewCell.h */,
				328AC4881AA75EDD0044A6FB /* MXKRoomIncomingBubbleTableViewCell.m */,
				328AC48A1AA760520044A6FB /* MXKRoomOutgoingBubbleTableViewCell.h */,
				328AC48B1AA760520044A6FB /* MXKRoomOutgoingBubbleTableViewCell.m */,
				329CF7791AA9FDE000A4753F /* MXKRoomIOSBubbleTableViewCell.h */,
				329CF77A1AA9FDE000A4753F /* MXKRoomIOSBubbleTableViewCell.m */,
			);
			path = RoomBubbleList;
			sourceTree = "<group>";
		};
		32CEE21C1AB1A57E00F7C74D /* Utils */ = {
			isa = PBXGroup;
			children = (
				F0F148BD1AB31237005F5D4A /* Media */,
				32CEE21D1AB1A57E00F7C74D /* MXKEventFormatter.h */,
				32CEE21E1AB1A57E00F7C74D /* MXKEventFormatter.m */,
				F0F148C41AB31240005F5D4A /* MXKTools.h */,
				F0F148C51AB31240005F5D4A /* MXKTools.m */,
			);
			path = Utils;
			sourceTree = "<group>";
		};
		32CEE2251AB1EC9B00F7C74D /* RoomList */ = {
			isa = PBXGroup;
			children = (
				32CEE2261AB1EC9B00F7C74D /* MXKRecentListDataSource.h */,
				32CEE2271AB1EC9B00F7C74D /* MXKRecentListDataSource.m */,
				32CEE2281AB1EC9B00F7C74D /* MXKRecentCellData.h */,
				32CEE2291AB1EC9B00F7C74D /* MXKRecentCellData.m */,
				32CEE22A1AB1EC9B00F7C74D /* MXKRecentCellDataStoring.h */,
			);
			path = RoomList;
			sourceTree = "<group>";
		};
		32CEE22D1AB1EE0900F7C74D /* RoomList */ = {
			isa = PBXGroup;
			children = (
				32CEE22E1AB1EE0900F7C74D /* MXKRecentTableViewCell.h */,
				32CEE22F1AB1EE0900F7C74D /* MXKRecentTableViewCell.m */,
			);
			path = RoomList;
			sourceTree = "<group>";
		};
		8140E85B615322EF09C3A764 /* Pods */ = {
			isa = PBXGroup;
			children = (
				D473CAF02D2D0996B98A23E8 /* Pods-MatrixKitSample.debug.xcconfig */,
				0606B0702D98FE702AAED75B /* Pods-MatrixKitSample.release.xcconfig */,
			);
			name = Pods;
			sourceTree = "<group>";
		};
		F0CE56D71AA8BB5E003BE77A /* MatrixKitSample */ = {
			isa = PBXGroup;
			children = (
				F0F148A01AB08F48005F5D4A /* Models */,
				F0CE56D81AA8BB5E003BE77A /* AppDelegate.h */,
				F0CE56D91AA8BB5E003BE77A /* AppDelegate.m */,
				F0CE56DA1AA8BB5E003BE77A /* LaunchScreen.xib */,
				F0CE56DC1AA8BB5E003BE77A /* Main.storyboard */,
				F0CE56DE1AA8BB5E003BE77A /* Images.xcassets */,
				F0CE56DF1AA8BB5E003BE77A /* Info.plist */,
				F0CE56E01AA8BB5E003BE77A /* main.m */,
				F0F148991AB059AC005F5D4A /* MXKSampleJSQMessagesViewController.h */,
				F0F1489A1AB059AC005F5D4A /* MXKSampleJSQMessagesViewController.m */,
				F0CE56E11AA8BB5E003BE77A /* MXKSampleMainTableViewController.h */,
				F0CE56E21AA8BB5E003BE77A /* MXKSampleMainTableViewController.m */,
				32CEE2311AB1F5CB00F7C74D /* MXKSampleRecentsViewController.h */,
				32CEE2321AB1F5CB00F7C74D /* MXKSampleRecentsViewController.m */,
				F0CE56E31AA8BB5E003BE77A /* MXKSampleRoomViewController.h */,
				F0CE56E41AA8BB5E003BE77A /* MXKSampleRoomViewController.m */,
			);
			path = MatrixKitSample;
			sourceTree = "<group>";
		};
		F0F148A01AB08F48005F5D4A /* Models */ = {
			isa = PBXGroup;
			children = (
				F0F148A11AB08F48005F5D4A /* MXKSampleJSQRoomBubbleCellData.h */,
				F0F148A21AB08F48005F5D4A /* MXKSampleJSQRoomBubbleCellData.m */,
				F0F148A31AB08F48005F5D4A /* MXKSampleJSQRoomDataSource.h */,
				F0F148A41AB08F48005F5D4A /* MXKSampleJSQRoomDataSource.m */,
			);
			path = Models;
			sourceTree = "<group>";
		};
		F0F148BD1AB31237005F5D4A /* Media */ = {
			isa = PBXGroup;
			children = (
				F0F148BE1AB31237005F5D4A /* MXKMediaLoader.h */,
				F0F148BF1AB31237005F5D4A /* MXKMediaLoader.m */,
				F0F148C01AB31237005F5D4A /* MXKMediaManager.h */,
				F0F148C11AB31237005F5D4A /* MXKMediaManager.m */,
			);
			path = Media;
			sourceTree = "<group>";
		};
/* End PBXGroup section */

/* Begin PBXNativeTarget section */
		3219CB671AA6F2780027D7E2 /* MatrixKitSample */ = {
			isa = PBXNativeTarget;
			buildConfigurationList = 3219CB8E1AA6F2790027D7E2 /* Build configuration list for PBXNativeTarget "MatrixKitSample" */;
			buildPhases = (
				C4EF25314B5653164693070B /* Check Pods Manifest.lock */,
				3219CB641AA6F2780027D7E2 /* Sources */,
				3219CB651AA6F2780027D7E2 /* Frameworks */,
				3219CB661AA6F2780027D7E2 /* Resources */,
				823C4FED456AD37C7A8B72D0 /* Copy Pods Resources */,
			);
			buildRules = (
			);
			dependencies = (
			);
			name = MatrixKitSample;
			productName = MatrixKit;
			productReference = 3219CB681AA6F2780027D7E2 /* MatrixKitSample.app */;
			productType = "com.apple.product-type.application";
		};
		3219CB831AA6F2780027D7E2 /* MatrixKitTests */ = {
			isa = PBXNativeTarget;
			buildConfigurationList = 3219CB911AA6F2790027D7E2 /* Build configuration list for PBXNativeTarget "MatrixKitTests" */;
			buildPhases = (
				3219CB801AA6F2780027D7E2 /* Sources */,
				3219CB811AA6F2780027D7E2 /* Frameworks */,
				3219CB821AA6F2780027D7E2 /* Resources */,
			);
			buildRules = (
			);
			dependencies = (
				3219CB861AA6F2780027D7E2 /* PBXTargetDependency */,
			);
			name = MatrixKitTests;
			productName = MatrixKitTests;
			productReference = 3219CB841AA6F2780027D7E2 /* MatrixKitTests.xctest */;
			productType = "com.apple.product-type.bundle.unit-test";
		};
/* End PBXNativeTarget section */

/* Begin PBXProject section */
		3219CB601AA6F2780027D7E2 /* Project object */ = {
			isa = PBXProject;
			attributes = {
				LastUpgradeCheck = 0610;
				ORGANIZATIONNAME = matrix.org;
				TargetAttributes = {
					3219CB671AA6F2780027D7E2 = {
						CreatedOnToolsVersion = 6.1.1;
					};
					3219CB831AA6F2780027D7E2 = {
						CreatedOnToolsVersion = 6.1.1;
						TestTargetID = 3219CB671AA6F2780027D7E2;
					};
				};
			};
			buildConfigurationList = 3219CB631AA6F2780027D7E2 /* Build configuration list for PBXProject "MatrixKit" */;
			compatibilityVersion = "Xcode 3.2";
			developmentRegion = English;
			hasScannedForEncodings = 0;
			knownRegions = (
				en,
				Base,
			);
			mainGroup = 3219CB5F1AA6F2780027D7E2;
			productRefGroup = 3219CB691AA6F2780027D7E2 /* Products */;
			projectDirPath = "";
			projectRoot = "";
			targets = (
				3219CB671AA6F2780027D7E2 /* MatrixKitSample */,
				3219CB831AA6F2780027D7E2 /* MatrixKitTests */,
			);
		};
/* End PBXProject section */

/* Begin PBXResourcesBuildPhase section */
		3219CB661AA6F2780027D7E2 /* Resources */ = {
			isa = PBXResourcesBuildPhase;
			buildActionMask = 2147483647;
			files = (
				32CEE2241AB1E37600F7C74D /* MXKRecentListViewController.xib in Resources */,
				F0CD668D1AB715B4006B92D6 /* MXKRoomInputToolbarView.xib in Resources */,
				F0CE56E91AA8BB5E003BE77A /* Info.plist in Resources */,
				F03A00241AAA19F30070A7D8 /* MXKRoomViewController.xib in Resources */,
				F0CE56E81AA8BB5E003BE77A /* Images.xcassets in Resources */,
				F0CE56E61AA8BB5E003BE77A /* LaunchScreen.xib in Resources */,
				F0CE56E71AA8BB5E003BE77A /* Main.storyboard in Resources */,
			);
			runOnlyForDeploymentPostprocessing = 0;
		};
		3219CB821AA6F2780027D7E2 /* Resources */ = {
			isa = PBXResourcesBuildPhase;
			buildActionMask = 2147483647;
			files = (
			);
			runOnlyForDeploymentPostprocessing = 0;
		};
/* End PBXResourcesBuildPhase section */

/* Begin PBXShellScriptBuildPhase section */
		823C4FED456AD37C7A8B72D0 /* Copy Pods Resources */ = {
			isa = PBXShellScriptBuildPhase;
			buildActionMask = 2147483647;
			files = (
			);
			inputPaths = (
			);
			name = "Copy Pods Resources";
			outputPaths = (
			);
			runOnlyForDeploymentPostprocessing = 0;
			shellPath = /bin/sh;
			shellScript = "\"${SRCROOT}/Pods/Target Support Files/Pods-MatrixKitSample/Pods-MatrixKitSample-resources.sh\"\n";
			showEnvVarsInLog = 0;
		};
		C4EF25314B5653164693070B /* Check Pods Manifest.lock */ = {
			isa = PBXShellScriptBuildPhase;
			buildActionMask = 2147483647;
			files = (
			);
			inputPaths = (
			);
			name = "Check Pods Manifest.lock";
			outputPaths = (
			);
			runOnlyForDeploymentPostprocessing = 0;
			shellPath = /bin/sh;
			shellScript = "diff \"${PODS_ROOT}/../Podfile.lock\" \"${PODS_ROOT}/Manifest.lock\" > /dev/null\nif [[ $? != 0 ]] ; then\n    cat << EOM\nerror: The sandbox is not in sync with the Podfile.lock. Run 'pod install' or update your CocoaPods installation.\nEOM\n    exit 1\nfi\n";
			showEnvVarsInLog = 0;
		};
/* End PBXShellScriptBuildPhase section */

/* Begin PBXSourcesBuildPhase section */
		3219CB641AA6F2780027D7E2 /* Sources */ = {
			isa = PBXSourcesBuildPhase;
			buildActionMask = 2147483647;
			files = (
				F0F148C61AB31240005F5D4A /* MXKTools.m in Sources */,
				32CEE2331AB1F5CB00F7C74D /* MXKSampleRecentsViewController.m in Sources */,
				3219CBC41AA6FF490027D7E2 /* MXKRoomDataSource.m in Sources */,
				F0F1489B1AB059AC005F5D4A /* MXKSampleJSQMessagesViewController.m in Sources */,
				328AC4891AA75EDD0044A6FB /* MXKRoomIncomingBubbleTableViewCell.m in Sources */,
				F0CE56EC1AA8BB5E003BE77A /* MXKSampleRoomViewController.m in Sources */,
				F0F148C31AB31237005F5D4A /* MXKMediaManager.m in Sources */,
				329CF77B1AA9FDE000A4753F /* MXKRoomIOSBubbleTableViewCell.m in Sources */,
				32CEE2301AB1EE0900F7C74D /* MXKRecentTableViewCell.m in Sources */,
				32CEE2231AB1E37600F7C74D /* MXKRecentListViewController.m in Sources */,
				32CEE22C1AB1EC9B00F7C74D /* MXKRecentCellData.m in Sources */,
				32CE6EE01AA737F300C71389 /* MXKQueuedEvent.m in Sources */,
				F0F148C21AB31237005F5D4A /* MXKMediaLoader.m in Sources */,
				F0CE56EB1AA8BB5E003BE77A /* MXKSampleMainTableViewController.m in Sources */,
				328AC48F1AA86E110044A6FB /* MXKDataSource.m in Sources */,
				F0CE56E51AA8BB5E003BE77A /* AppDelegate.m in Sources */,
				328AC4861AA75E000044A6FB /* MXKRoomBubbleTableViewCell.m in Sources */,
				328AC4931AA8B05C0044A6FB /* MXKCellData.m in Sources */,
				32CEE22B1AB1EC9B00F7C74D /* MXKRecentListDataSource.m in Sources */,
				328AC48C1AA760520044A6FB /* MXKRoomOutgoingBubbleTableViewCell.m in Sources */,
				32CEE21F1AB1A57E00F7C74D /* MXKEventFormatter.m in Sources */,
				F0CD668B1AB715A6006B92D6 /* MXKRoomInputToolbarView.m in Sources */,
				F0F148A61AB08F48005F5D4A /* MXKSampleJSQRoomDataSource.m in Sources */,
				F0F148A51AB08F48005F5D4A /* MXKSampleJSQRoomBubbleCellData.m in Sources */,
				3219CBC01AA6FB470027D7E2 /* MXKRoomViewController.m in Sources */,
				F0CE56EA1AA8BB5E003BE77A /* main.m in Sources */,
				32CE6EE31AA744AE00C71389 /* MXKRoomBubbleCellData.m in Sources */,
			);
			runOnlyForDeploymentPostprocessing = 0;
		};
		3219CB801AA6F2780027D7E2 /* Sources */ = {
			isa = PBXSourcesBuildPhase;
			buildActionMask = 2147483647;
			files = (
				3219CB8B1AA6F2780027D7E2 /* MatrixKitTests.m in Sources */,
			);
			runOnlyForDeploymentPostprocessing = 0;
		};
/* End PBXSourcesBuildPhase section */

/* Begin PBXTargetDependency section */
		3219CB861AA6F2780027D7E2 /* PBXTargetDependency */ = {
			isa = PBXTargetDependency;
			target = 3219CB671AA6F2780027D7E2 /* MatrixKitSample */;
			targetProxy = 3219CB851AA6F2780027D7E2 /* PBXContainerItemProxy */;
		};
/* End PBXTargetDependency section */

/* Begin PBXVariantGroup section */
		F0CE56DA1AA8BB5E003BE77A /* LaunchScreen.xib */ = {
			isa = PBXVariantGroup;
			children = (
				F0CE56DB1AA8BB5E003BE77A /* Base */,
			);
			name = LaunchScreen.xib;
			sourceTree = "<group>";
		};
		F0CE56DC1AA8BB5E003BE77A /* Main.storyboard */ = {
			isa = PBXVariantGroup;
			children = (
				F0CE56DD1AA8BB5E003BE77A /* Base */,
			);
			name = Main.storyboard;
			sourceTree = "<group>";
		};
/* End PBXVariantGroup section */

/* Begin XCBuildConfiguration section */
		3219CB8C1AA6F2790027D7E2 /* Debug */ = {
			isa = XCBuildConfiguration;
			buildSettings = {
				ALWAYS_SEARCH_USER_PATHS = NO;
				CLANG_CXX_LANGUAGE_STANDARD = "gnu++0x";
				CLANG_CXX_LIBRARY = "libc++";
				CLANG_ENABLE_MODULES = YES;
				CLANG_ENABLE_OBJC_ARC = YES;
				CLANG_WARN_BOOL_CONVERSION = YES;
				CLANG_WARN_CONSTANT_CONVERSION = YES;
				CLANG_WARN_DIRECT_OBJC_ISA_USAGE = YES_ERROR;
				CLANG_WARN_EMPTY_BODY = YES;
				CLANG_WARN_ENUM_CONVERSION = YES;
				CLANG_WARN_INT_CONVERSION = YES;
				CLANG_WARN_OBJC_ROOT_CLASS = YES_ERROR;
				CLANG_WARN_UNREACHABLE_CODE = YES;
				CLANG_WARN__DUPLICATE_METHOD_MATCH = YES;
				"CODE_SIGN_IDENTITY[sdk=iphoneos*]" = "iPhone Developer";
				COPY_PHASE_STRIP = NO;
				ENABLE_STRICT_OBJC_MSGSEND = YES;
				GCC_C_LANGUAGE_STANDARD = gnu99;
				GCC_DYNAMIC_NO_PIC = NO;
				GCC_OPTIMIZATION_LEVEL = 0;
				GCC_PREPROCESSOR_DEFINITIONS = (
					"DEBUG=1",
					"$(inherited)",
				);
				GCC_SYMBOLS_PRIVATE_EXTERN = NO;
				GCC_WARN_64_TO_32_BIT_CONVERSION = YES;
				GCC_WARN_ABOUT_RETURN_TYPE = YES_ERROR;
				GCC_WARN_UNDECLARED_SELECTOR = YES;
				GCC_WARN_UNINITIALIZED_AUTOS = YES_AGGRESSIVE;
				GCC_WARN_UNUSED_FUNCTION = YES;
				GCC_WARN_UNUSED_VARIABLE = YES;
				IPHONEOS_DEPLOYMENT_TARGET = 8.1;
				MTL_ENABLE_DEBUG_INFO = YES;
				ONLY_ACTIVE_ARCH = YES;
				SDKROOT = iphoneos;
				TARGETED_DEVICE_FAMILY = "1,2";
			};
			name = Debug;
		};
		3219CB8D1AA6F2790027D7E2 /* Release */ = {
			isa = XCBuildConfiguration;
			buildSettings = {
				ALWAYS_SEARCH_USER_PATHS = NO;
				CLANG_CXX_LANGUAGE_STANDARD = "gnu++0x";
				CLANG_CXX_LIBRARY = "libc++";
				CLANG_ENABLE_MODULES = YES;
				CLANG_ENABLE_OBJC_ARC = YES;
				CLANG_WARN_BOOL_CONVERSION = YES;
				CLANG_WARN_CONSTANT_CONVERSION = YES;
				CLANG_WARN_DIRECT_OBJC_ISA_USAGE = YES_ERROR;
				CLANG_WARN_EMPTY_BODY = YES;
				CLANG_WARN_ENUM_CONVERSION = YES;
				CLANG_WARN_INT_CONVERSION = YES;
				CLANG_WARN_OBJC_ROOT_CLASS = YES_ERROR;
				CLANG_WARN_UNREACHABLE_CODE = YES;
				CLANG_WARN__DUPLICATE_METHOD_MATCH = YES;
				"CODE_SIGN_IDENTITY[sdk=iphoneos*]" = "iPhone Developer";
				COPY_PHASE_STRIP = YES;
				ENABLE_NS_ASSERTIONS = NO;
				ENABLE_STRICT_OBJC_MSGSEND = YES;
				GCC_C_LANGUAGE_STANDARD = gnu99;
				GCC_WARN_64_TO_32_BIT_CONVERSION = YES;
				GCC_WARN_ABOUT_RETURN_TYPE = YES_ERROR;
				GCC_WARN_UNDECLARED_SELECTOR = YES;
				GCC_WARN_UNINITIALIZED_AUTOS = YES_AGGRESSIVE;
				GCC_WARN_UNUSED_FUNCTION = YES;
				GCC_WARN_UNUSED_VARIABLE = YES;
				IPHONEOS_DEPLOYMENT_TARGET = 8.1;
				MTL_ENABLE_DEBUG_INFO = NO;
				SDKROOT = iphoneos;
				TARGETED_DEVICE_FAMILY = "1,2";
				VALIDATE_PRODUCT = YES;
			};
			name = Release;
		};
		3219CB8F1AA6F2790027D7E2 /* Debug */ = {
			isa = XCBuildConfiguration;
			baseConfigurationReference = D473CAF02D2D0996B98A23E8 /* Pods-MatrixKitSample.debug.xcconfig */;
			buildSettings = {
				ASSETCATALOG_COMPILER_APPICON_NAME = AppIcon;
				ASSETCATALOG_COMPILER_LAUNCHIMAGE_NAME = LaunchImage;
				INFOPLIST_FILE = "$(SRCROOT)/Samples/MatrixKitSample/Info.plist";
				IPHONEOS_DEPLOYMENT_TARGET = 7.0;
				LD_RUNPATH_SEARCH_PATHS = "$(inherited) @executable_path/Frameworks";
				PRODUCT_NAME = "$(TARGET_NAME)";
			};
			name = Debug;
		};
		3219CB901AA6F2790027D7E2 /* Release */ = {
			isa = XCBuildConfiguration;
			baseConfigurationReference = 0606B0702D98FE702AAED75B /* Pods-MatrixKitSample.release.xcconfig */;
			buildSettings = {
				ASSETCATALOG_COMPILER_APPICON_NAME = AppIcon;
				ASSETCATALOG_COMPILER_LAUNCHIMAGE_NAME = LaunchImage;
				INFOPLIST_FILE = "$(SRCROOT)/Samples/MatrixKitSample/Info.plist";
				IPHONEOS_DEPLOYMENT_TARGET = 7.0;
				LD_RUNPATH_SEARCH_PATHS = "$(inherited) @executable_path/Frameworks";
				PRODUCT_NAME = "$(TARGET_NAME)";
			};
			name = Release;
		};
		3219CB921AA6F2790027D7E2 /* Debug */ = {
			isa = XCBuildConfiguration;
			buildSettings = {
				BUNDLE_LOADER = "$(TEST_HOST)";
				FRAMEWORK_SEARCH_PATHS = (
					"$(SDKROOT)/Developer/Library/Frameworks",
					"$(inherited)",
				);
				GCC_PREPROCESSOR_DEFINITIONS = (
					"DEBUG=1",
					"$(inherited)",
				);
				INFOPLIST_FILE = MatrixKitTests/Info.plist;
				LD_RUNPATH_SEARCH_PATHS = "$(inherited) @executable_path/Frameworks @loader_path/Frameworks";
				PRODUCT_NAME = "$(TARGET_NAME)";
				TEST_HOST = "$(BUILT_PRODUCTS_DIR)/MatrixKitSample.app/MatrixKitSample";
			};
			name = Debug;
		};
		3219CB931AA6F2790027D7E2 /* Release */ = {
			isa = XCBuildConfiguration;
			buildSettings = {
				BUNDLE_LOADER = "$(TEST_HOST)";
				FRAMEWORK_SEARCH_PATHS = (
					"$(SDKROOT)/Developer/Library/Frameworks",
					"$(inherited)",
				);
				INFOPLIST_FILE = MatrixKitTests/Info.plist;
				LD_RUNPATH_SEARCH_PATHS = "$(inherited) @executable_path/Frameworks @loader_path/Frameworks";
				PRODUCT_NAME = "$(TARGET_NAME)";
				TEST_HOST = "$(BUILT_PRODUCTS_DIR)/MatrixKitSample.app/MatrixKitSample";
			};
			name = Release;
		};
/* End XCBuildConfiguration section */

/* Begin XCConfigurationList section */
		3219CB631AA6F2780027D7E2 /* Build configuration list for PBXProject "MatrixKit" */ = {
			isa = XCConfigurationList;
			buildConfigurations = (
				3219CB8C1AA6F2790027D7E2 /* Debug */,
				3219CB8D1AA6F2790027D7E2 /* Release */,
			);
			defaultConfigurationIsVisible = 0;
			defaultConfigurationName = Release;
		};
		3219CB8E1AA6F2790027D7E2 /* Build configuration list for PBXNativeTarget "MatrixKitSample" */ = {
			isa = XCConfigurationList;
			buildConfigurations = (
				3219CB8F1AA6F2790027D7E2 /* Debug */,
				3219CB901AA6F2790027D7E2 /* Release */,
			);
			defaultConfigurationIsVisible = 0;
			defaultConfigurationName = Release;
		};
		3219CB911AA6F2790027D7E2 /* Build configuration list for PBXNativeTarget "MatrixKitTests" */ = {
			isa = XCConfigurationList;
			buildConfigurations = (
				3219CB921AA6F2790027D7E2 /* Debug */,
				3219CB931AA6F2790027D7E2 /* Release */,
			);
			defaultConfigurationIsVisible = 0;
			defaultConfigurationName = Release;
		};
/* End XCConfigurationList section */
	};
	rootObject = 3219CB601AA6F2780027D7E2 /* Project object */;
}
