PODS:
  - AFNetworking (2.4.1):
    - AFNetworking/NSURLConnection (= 2.4.1)
    - AFNetworking/NSURLSession (= 2.4.1)
    - AFNetworking/Reachability (= 2.4.1)
    - AFNetworking/Security (= 2.4.1)
    - AFNetworking/Serialization (= 2.4.1)
    - AFNetworking/UIKit (= 2.4.1)
  - AFNetworking/NSURLConnection (2.4.1):
    - AFNetworking/Reachability
    - AFNetworking/Security
    - AFNetworking/Serialization
  - AFNetworking/NSURLSession (2.4.1):
    - AFNetworking/Reachability
    - AFNetworking/Security
    - AFNetworking/Serialization
  - AFNetworking/Reachability (2.4.1)
  - AFNetworking/Security (2.4.1)
  - AFNetworking/Serialization (2.4.1)
  - AFNetworking/UIKit (2.4.1):
    - AFNetworking/NSURLConnection
    - AFNetworking/NSURLSession
  - GBDeviceInfo (2.2.10)
  - HPGrowingTextView (1.1)
  - libPhoneNumber-iOS (0.7.6)
  - Mantle (1.5.4):
    - Mantle/extobjc (= 1.5.4)
  - Mantle/extobjc (1.5.4)
  - MatrixSDK (0.3.1):
    - AFNetworking (~> 2.4.1)
    - Mantle (~> 1.5)
  - OpenWebRTC (0.1.2)
  - OpenWebRTC-SDK (0.1.1):
    - OpenWebRTC

DEPENDENCIES:
  - GBDeviceInfo (~> 2.2.9)
  - HPGrowingTextView (~> 1.1)
  - libPhoneNumber-iOS (~> 0.7.6)
  - MatrixSDK (from `../../MatrixSDK.podspec`)
  - OpenWebRTC-SDK (from `../../../openwebrtc-ios-sdk/OpenWebRTC-SDK.podspec`)

EXTERNAL SOURCES:
  MatrixSDK:
    :path: ../../MatrixSDK.podspec
  OpenWebRTC-SDK:
    :path: ../../../openwebrtc-ios-sdk/OpenWebRTC-SDK.podspec

SPEC CHECKSUMS:
  AFNetworking: 41d45d2c14219af0fa5addf3cfd433a002c13c9f
  GBDeviceInfo: 5866e2f529547f8a4c3c6917dc40ac53acd75234
  HPGrowingTextView: 88a716d97fb853bcb08a4a08e4727da17efc9b19
  libPhoneNumber-iOS: fb90c5e0d100923b61f0db81de56daefbb67b103
  Mantle: 60acd0cd363e27d945bda0a6b8e90577112d28f3
  MatrixSDK: 93f79be16bdfcdd6e47749d791d1a6064da4e9dc
  OpenWebRTC: 80fb2bd923b6436f37b5419d7bd9db38f9e4d22d
  OpenWebRTC-SDK: fd66e49ab80e88ed1e55231ac875a4976dc3ba74

COCOAPODS: 0.36.1
