<?xml version="1.0" encoding="UTF-8"?>
<Scheme
   LastUpgradeVersion = "1340"
   version = "1.7">
   <BuildAction
      parallelizeBuildables = "YES"
      buildImplicitDependencies = "YES">
      <BuildActionEntries>
         <BuildActionEntry
            buildForTesting = "YES"
            buildForRunning = "YES"
            buildForProfiling = "YES"
            buildForArchiving = "YES"
            buildForAnalyzing = "YES">
            <BuildableReference
               BuildableIdentifier = "primary"
               BlueprintIdentifier = "B14EF1C72397E90400758AF0"
               BuildableName = "MatrixSDK.framework"
               BlueprintName = "MatrixSDK-macOS"
               ReferencedContainer = "container:MatrixSDK.xcodeproj">
            </BuildableReference>
         </BuildActionEntry>
         <BuildActionEntry
            buildForTesting = "YES"
            buildForRunning = "YES"
            buildForProfiling = "NO"
            buildForArchiving = "NO"
            buildForAnalyzing = "YES">
            <BuildableReference
               BuildableIdentifier = "primary"
               BlueprintIdentifier = "B1E09A0D2397FA950057C069"
               BuildableName = "MatrixSDKTests.xctest"
               BlueprintName = "MatrixSDKTests-macOS"
               ReferencedContainer = "container:MatrixSDK.xcodeproj">
            </BuildableReference>
         </BuildActionEntry>
      </BuildActionEntries>
   </BuildAction>
   <TestAction
      buildConfiguration = "Debug"
      selectedDebuggerIdentifier = "Xcode.DebuggerFoundation.Debugger.LLDB"
      selectedLauncherIdentifier = "Xcode.DebuggerFoundation.Launcher.LLDB"
      shouldUseLaunchSchemeArgsEnv = "YES">
      <MacroExpansion>
         <BuildableReference
            BuildableIdentifier = "primary"
            BlueprintIdentifier = "B14EF1C72397E90400758AF0"
            BuildableName = "MatrixSDK.framework"
            BlueprintName = "MatrixSDK-macOS"
            ReferencedContainer = "container:MatrixSDK.xcodeproj">
         </BuildableReference>
      </MacroExpansion>
      <TestPlans>
         <TestPlanReference
            reference = "container:MatrixSDKTests/TestPlans/AllTests.xctestplan"
            default = "YES">
         </TestPlanReference>
         <TestPlanReference
            reference = "container:MatrixSDKTests/TestPlans/UnitTests.xctestplan">
         </TestPlanReference>
         <TestPlanReference
            reference = "container:MatrixSDKTests/TestPlans/AllTestsWithSanitizers.xctestplan">
         </TestPlanReference>
         <TestPlanReference
            reference = "container:MatrixSDKTests/TestPlans/UnitTestsWithSanitizers.xctestplan">
         </TestPlanReference>
         <TestPlanReference
            reference = "container:MatrixSDKTests/TestPlans/AllWorkingTests.xctestplan">
         </TestPlanReference>
      </TestPlans>
      <Testables>
         <TestableReference
            skipped = "NO">
            <BuildableReference
               BuildableIdentifier = "primary"
               BlueprintIdentifier = "B1E09A0D2397FA950057C069"
               BuildableName = "MatrixSDKTests.xctest"
               BlueprintName = "MatrixSDKTests-macOS"
               ReferencedContainer = "container:MatrixSDK.xcodeproj">
            </BuildableReference>
         </TestableReference>
      </Testables>
   </TestAction>
   <LaunchAction
      buildConfiguration = "Debug"
      selectedDebuggerIdentifier = "Xcode.DebuggerFoundation.Debugger.LLDB"
      selectedLauncherIdentifier = "Xcode.DebuggerFoundation.Launcher.LLDB"
      launchStyle = "0"
      useCustomWorkingDirectory = "NO"
      ignoresPersistentStateOnLaunch = "NO"
      debugDocumentVersioning = "YES"
      debugServiceExtension = "internal"
      allowLocationSimulation = "YES">
      <MacroExpansion>
         <BuildableReference
            BuildableIdentifier = "primary"
            BlueprintIdentifier = "B14EF1C72397E90400758AF0"
            BuildableName = "MatrixSDK.framework"
            BlueprintName = "MatrixSDK-macOS"
            ReferencedContainer = "container:MatrixSDK.xcodeproj">
         </BuildableReference>
      </MacroExpansion>
   </LaunchAction>
   <ProfileAction
      buildConfiguration = "Release"
      shouldUseLaunchSchemeArgsEnv = "YES"
      savedToolIdentifier = ""
      useCustomWorkingDirectory = "NO"
      debugDocumentVersioning = "YES">
      <MacroExpansion>
         <BuildableReference
            BuildableIdentifier = "primary"
            BlueprintIdentifier = "B14EF1C72397E90400758AF0"
            BuildableName = "MatrixSDK.framework"
            BlueprintName = "MatrixSDK-macOS"
            ReferencedContainer = "container:MatrixSDK.xcodeproj">
         </BuildableReference>
      </MacroExpansion>
   </ProfileAction>
   <AnalyzeAction
      buildConfiguration = "Debug">
   </AnalyzeAction>
   <ArchiveAction
      buildConfiguration = "Release"
      revealArchiveInOrganizer = "YES">
   </ArchiveAction>
</Scheme>
